// !$*UTF8*$!
{
	archiveVersion = 1;
	classes = {
	};
	objectVersion = 46;
	objects = {

/* Begin PBXBuildFile section */
		0722557C15C80AB3008EFF3F /* blue_peg.png in Resources */ = {isa = PBXBuildFile; fileRef = 0722557415C80AB3008EFF3F /* blue_peg.png */; };
		0722557D15C80AB3008EFF3F /* blue_peg.png in Resources */ = {isa = PBXBuildFile; fileRef = 0722557415C80AB3008EFF3F /* blue_peg.png */; };
		0722557E15C80AB3008EFF3F /* blue_peg.png in Resources */ = {isa = PBXBuildFile; fileRef = 0722557415C80AB3008EFF3F /* blue_peg.png */; };
		0722557F15C80AB3008EFF3F /* blue_peg_active.png in Resources */ = {isa = PBXBuildFile; fileRef = 0722557515C80AB3008EFF3F /* blue_peg_active.png */; };
		0722558015C80AB3008EFF3F /* blue_peg_active.png in Resources */ = {isa = PBXBuildFile; fileRef = 0722557515C80AB3008EFF3F /* blue_peg_active.png */; };
		0722558115C80AB3008EFF3F /* blue_peg_active.png in Resources */ = {isa = PBXBuildFile; fileRef = 0722557515C80AB3008EFF3F /* blue_peg_active.png */; };
		0722558215C80AB3008EFF3F /* orange_peg.png in Resources */ = {isa = PBXBuildFile; fileRef = 0722557615C80AB3008EFF3F /* orange_peg.png */; };
		0722558315C80AB3008EFF3F /* orange_peg.png in Resources */ = {isa = PBXBuildFile; fileRef = 0722557615C80AB3008EFF3F /* orange_peg.png */; };
		0722558415C80AB3008EFF3F /* orange_peg.png in Resources */ = {isa = PBXBuildFile; fileRef = 0722557615C80AB3008EFF3F /* orange_peg.png */; };
		0722558515C80AB3008EFF3F /* orange_peg_active.png in Resources */ = {isa = PBXBuildFile; fileRef = 0722557715C80AB3008EFF3F /* orange_peg_active.png */; };
		0722558615C80AB3008EFF3F /* orange_peg_active.png in Resources */ = {isa = PBXBuildFile; fileRef = 0722557715C80AB3008EFF3F /* orange_peg_active.png */; };
		0722558715C80AB3008EFF3F /* orange_peg_active.png in Resources */ = {isa = PBXBuildFile; fileRef = 0722557715C80AB3008EFF3F /* orange_peg_active.png */; };
		0722558815C80AB3008EFF3F /* red_peg.png in Resources */ = {isa = PBXBuildFile; fileRef = 0722557815C80AB3008EFF3F /* red_peg.png */; };
		0722558915C80AB3008EFF3F /* red_peg.png in Resources */ = {isa = PBXBuildFile; fileRef = 0722557815C80AB3008EFF3F /* red_peg.png */; };
		0722558A15C80AB3008EFF3F /* red_peg.png in Resources */ = {isa = PBXBuildFile; fileRef = 0722557815C80AB3008EFF3F /* red_peg.png */; };
		0722558B15C80AB3008EFF3F /* red_peg_active.png in Resources */ = {isa = PBXBuildFile; fileRef = 0722557915C80AB3008EFF3F /* red_peg_active.png */; };
		0722558C15C80AB3008EFF3F /* red_peg_active.png in Resources */ = {isa = PBXBuildFile; fileRef = 0722557915C80AB3008EFF3F /* red_peg_active.png */; };
		0722558D15C80AB3008EFF3F /* red_peg_active.png in Resources */ = {isa = PBXBuildFile; fileRef = 0722557915C80AB3008EFF3F /* red_peg_active.png */; };
		0722558E15C80AB3008EFF3F /* yellow_peg.png in Resources */ = {isa = PBXBuildFile; fileRef = 0722557A15C80AB3008EFF3F /* yellow_peg.png */; };
		0722558F15C80AB3008EFF3F /* yellow_peg.png in Resources */ = {isa = PBXBuildFile; fileRef = 0722557A15C80AB3008EFF3F /* yellow_peg.png */; };
		0722559015C80AB3008EFF3F /* yellow_peg.png in Resources */ = {isa = PBXBuildFile; fileRef = 0722557A15C80AB3008EFF3F /* yellow_peg.png */; };
		0722559115C80AB3008EFF3F /* yellow_peg_active.png in Resources */ = {isa = PBXBuildFile; fileRef = 0722557B15C80AB3008EFF3F /* yellow_peg_active.png */; };
		0722559215C80AB3008EFF3F /* yellow_peg_active.png in Resources */ = {isa = PBXBuildFile; fileRef = 0722557B15C80AB3008EFF3F /* yellow_peg_active.png */; };
		0722559315C80AB3008EFF3F /* yellow_peg_active.png in Resources */ = {isa = PBXBuildFile; fileRef = 0722557B15C80AB3008EFF3F /* yellow_peg_active.png */; };
		0722559715C80D58008EFF3F /* GameRunner.m in Sources */ = {isa = PBXBuildFile; fileRef = 0722559615C80D58008EFF3F /* GameRunner.m */; };
		0722559A15C80E6E008EFF3F /* MMGame.m in Sources */ = {isa = PBXBuildFile; fileRef = 0722559915C80E6E008EFF3F /* MMGame.m */; };
		0722559B15C80E6E008EFF3F /* MMGame.m in Sources */ = {isa = PBXBuildFile; fileRef = 0722559915C80E6E008EFF3F /* MMGame.m */; };
		0722559C15C80E6E008EFF3F /* MMGame.m in Sources */ = {isa = PBXBuildFile; fileRef = 0722559915C80E6E008EFF3F /* MMGame.m */; };
		0722559E15C80F17008EFF3F /* MMGameSpec.m in Sources */ = {isa = PBXBuildFile; fileRef = 0722559D15C80F17008EFF3F /* MMGameSpec.m */; };
		072255A115C8149A008EFF3F /* MMCodePeg.m in Sources */ = {isa = PBXBuildFile; fileRef = 072255A015C8149A008EFF3F /* MMCodePeg.m */; };
		072255A215C8149A008EFF3F /* MMCodePeg.m in Sources */ = {isa = PBXBuildFile; fileRef = 072255A015C8149A008EFF3F /* MMCodePeg.m */; };
		072255A415C814CF008EFF3F /* MMCodePegSpec.m in Sources */ = {isa = PBXBuildFile; fileRef = 072255A315C814CF008EFF3F /* MMCodePegSpec.m */; };
		074A146915C74A14003B1953 /* MMSecretCodeViewController.m in Sources */ = {isa = PBXBuildFile; fileRef = 074A146715C74A14003B1953 /* MMSecretCodeViewController.m */; };
		074A146B15C74A14003B1953 /* MMSecretCodeViewController.m in Sources */ = {isa = PBXBuildFile; fileRef = 074A146715C74A14003B1953 /* MMSecretCodeViewController.m */; };
		074A146C15C74A14003B1953 /* MMSecretCodeViewController.xib in Resources */ = {isa = PBXBuildFile; fileRef = 074A146815C74A14003B1953 /* MMSecretCodeViewController.xib */; };
		074A146D15C74A14003B1953 /* MMSecretCodeViewController.xib in Resources */ = {isa = PBXBuildFile; fileRef = 074A146815C74A14003B1953 /* MMSecretCodeViewController.xib */; };
		074A146E15C74A14003B1953 /* MMSecretCodeViewController.xib in Resources */ = {isa = PBXBuildFile; fileRef = 074A146815C74A14003B1953 /* MMSecretCodeViewController.xib */; };
		074A147715C77D7C003B1953 /* MMSecretCodeViewControllerSpec.m in Sources */ = {isa = PBXBuildFile; fileRef = 074A147615C77D7C003B1953 /* MMSecretCodeViewControllerSpec.m */; };
		074A147B15C7817F003B1953 /* MMAvailablePegsViewController.m in Sources */ = {isa = PBXBuildFile; fileRef = 074A147915C7817E003B1953 /* MMAvailablePegsViewController.m */; };
		074A147D15C7817F003B1953 /* MMAvailablePegsViewController.m in Sources */ = {isa = PBXBuildFile; fileRef = 074A147915C7817E003B1953 /* MMAvailablePegsViewController.m */; };
		074A147E15C7817F003B1953 /* MMAvailablePegsViewController.xib in Resources */ = {isa = PBXBuildFile; fileRef = 074A147A15C7817F003B1953 /* MMAvailablePegsViewController.xib */; };
		074A147F15C7817F003B1953 /* MMAvailablePegsViewController.xib in Resources */ = {isa = PBXBuildFile; fileRef = 074A147A15C7817F003B1953 /* MMAvailablePegsViewController.xib */; };
		074A148015C7817F003B1953 /* MMAvailablePegsViewController.xib in Resources */ = {isa = PBXBuildFile; fileRef = 074A147A15C7817F003B1953 /* MMAvailablePegsViewController.xib */; };
		074A148215C799DA003B1953 /* MMAvailablePegsViewControllerSpec.m in Sources */ = {isa = PBXBuildFile; fileRef = 074A148115C799DA003B1953 /* MMAvailablePegsViewControllerSpec.m */; };
		075BA90D15C60DD5002E0086 /* MMCode.m in Sources */ = {isa = PBXBuildFile; fileRef = 075BA90C15C60DD5002E0086 /* MMCode.m */; };
		075BA90E15C60DD5002E0086 /* MMCode.m in Sources */ = {isa = PBXBuildFile; fileRef = 075BA90C15C60DD5002E0086 /* MMCode.m */; };
		075BA90F15C60DD5002E0086 /* MMCode.m in Sources */ = {isa = PBXBuildFile; fileRef = 075BA90C15C60DD5002E0086 /* MMCode.m */; };
		075BA91215C60DE5002E0086 /* MMCodeSpec.m in Sources */ = {isa = PBXBuildFile; fileRef = 075BA91015C60DE5002E0086 /* MMCodeSpec.m */; };
		075BA91315C60DE5002E0086 /* ViewControllerSpec.m in Sources */ = {isa = PBXBuildFile; fileRef = 075BA91115C60DE5002E0086 /* ViewControllerSpec.m */; };
		075BA91615C60DF9002E0086 /* GuessChecker.m in Sources */ = {isa = PBXBuildFile; fileRef = 075BA91515C60DF9002E0086 /* GuessChecker.m */; };
		077655A115CB5A0C00666F3F /* empty_peg.png in Resources */ = {isa = PBXBuildFile; fileRef = 077655A015CB5A0C00666F3F /* empty_peg.png */; };
		077655A215CB5A0C00666F3F /* empty_peg.png in Resources */ = {isa = PBXBuildFile; fileRef = 077655A015CB5A0C00666F3F /* empty_peg.png */; };
		0784EF0115C9651600D0A738 /* ConciseKit.m in Sources */ = {isa = PBXBuildFile; fileRef = 0784EEFA15C9651600D0A738 /* ConciseKit.m */; };
		0784EF0215C9651600D0A738 /* ConciseKit.m in Sources */ = {isa = PBXBuildFile; fileRef = 0784EEFA15C9651600D0A738 /* ConciseKit.m */; };
		0784EF0315C9651600D0A738 /* ConciseKit.m in Sources */ = {isa = PBXBuildFile; fileRef = 0784EEFA15C9651600D0A738 /* ConciseKit.m */; };
		0784EF0415C9651600D0A738 /* NSArray+ConciseKit.m in Sources */ = {isa = PBXBuildFile; fileRef = 0784EEFC15C9651600D0A738 /* NSArray+ConciseKit.m */; };
		0784EF0515C9651600D0A738 /* NSArray+ConciseKit.m in Sources */ = {isa = PBXBuildFile; fileRef = 0784EEFC15C9651600D0A738 /* NSArray+ConciseKit.m */; };
		0784EF0615C9651600D0A738 /* NSArray+ConciseKit.m in Sources */ = {isa = PBXBuildFile; fileRef = 0784EEFC15C9651600D0A738 /* NSArray+ConciseKit.m */; };
		0784EF0715C9651600D0A738 /* NSDictionary+ConciseKit.m in Sources */ = {isa = PBXBuildFile; fileRef = 0784EEFE15C9651600D0A738 /* NSDictionary+ConciseKit.m */; };
		0784EF0815C9651600D0A738 /* NSDictionary+ConciseKit.m in Sources */ = {isa = PBXBuildFile; fileRef = 0784EEFE15C9651600D0A738 /* NSDictionary+ConciseKit.m */; };
		0784EF0915C9651600D0A738 /* NSDictionary+ConciseKit.m in Sources */ = {isa = PBXBuildFile; fileRef = 0784EEFE15C9651600D0A738 /* NSDictionary+ConciseKit.m */; };
		0784EF0A15C9651600D0A738 /* NSString+ConciseKit.m in Sources */ = {isa = PBXBuildFile; fileRef = 0784EF0015C9651600D0A738 /* NSString+ConciseKit.m */; };
		0784EF0B15C9651600D0A738 /* NSString+ConciseKit.m in Sources */ = {isa = PBXBuildFile; fileRef = 0784EF0015C9651600D0A738 /* NSString+ConciseKit.m */; };
		0784EF0C15C9651600D0A738 /* NSString+ConciseKit.m in Sources */ = {isa = PBXBuildFile; fileRef = 0784EF0015C9651600D0A738 /* NSString+ConciseKit.m */; };
		F812EF81152BC6E1005E5D13 /* UIKit.framework in Frameworks */ = {isa = PBXBuildFile; fileRef = F83ABA341528A964006FB6EC /* UIKit.framework */; };
		F812EF82152BC6E1005E5D13 /* Foundation.framework in Frameworks */ = {isa = PBXBuildFile; fileRef = F83ABA361528A964006FB6EC /* Foundation.framework */; };
		F812EF83152BC6E1005E5D13 /* CoreGraphics.framework in Frameworks */ = {isa = PBXBuildFile; fileRef = F83ABA381528A964006FB6EC /* CoreGraphics.framework */; };
		F812EF89152BC6E1005E5D13 /* SocketServer.c in Sources */ = {isa = PBXBuildFile; fileRef = F812EF88152BC6E1005E5D13 /* SocketServer.c */; };
		F812EF8B152BC6E1005E5D13 /* TcpComLink.c in Sources */ = {isa = PBXBuildFile; fileRef = F812EF8A152BC6E1005E5D13 /* TcpComLink.c */; };
		F812EF8E152BC6E1005E5D13 /* ListExecutor.c in Sources */ = {isa = PBXBuildFile; fileRef = F812EF8D152BC6E1005E5D13 /* ListExecutor.c */; };
		F812EF90152BC6E1005E5D13 /* Slim.c in Sources */ = {isa = PBXBuildFile; fileRef = F812EF8F152BC6E1005E5D13 /* Slim.c */; };
		F812EF92152BC6E1005E5D13 /* SlimConnectionHandler.c in Sources */ = {isa = PBXBuildFile; fileRef = F812EF91152BC6E1005E5D13 /* SlimConnectionHandler.c */; };
		F812EF94152BC6E1005E5D13 /* SlimList.c in Sources */ = {isa = PBXBuildFile; fileRef = F812EF93152BC6E1005E5D13 /* SlimList.c */; };
		F812EF96152BC6E1005E5D13 /* SlimListDeserializer.c in Sources */ = {isa = PBXBuildFile; fileRef = F812EF95152BC6E1005E5D13 /* SlimListDeserializer.c */; };
		F812EF98152BC6E1005E5D13 /* SlimListSerializer.c in Sources */ = {isa = PBXBuildFile; fileRef = F812EF97152BC6E1005E5D13 /* SlimListSerializer.c */; };
		F812EF9A152BC6E1005E5D13 /* SlimUtil.c in Sources */ = {isa = PBXBuildFile; fileRef = F812EF99152BC6E1005E5D13 /* SlimUtil.c */; };
		F812EF9D152BC6E1005E5D13 /* StatementExecutor.m in Sources */ = {isa = PBXBuildFile; fileRef = F812EF9C152BC6E1005E5D13 /* StatementExecutor.m */; };
		F812EFB1152BC6E1005E5D13 /* Fixtures.m in Sources */ = {isa = PBXBuildFile; fileRef = F812EFB0152BC6E1005E5D13 /* Fixtures.m */; };
		F812EFB3152BC6E1005E5D13 /* InfoPlist.strings in Resources */ = {isa = PBXBuildFile; fileRef = F812EFB2152BC6E1005E5D13 /* InfoPlist.strings */; };
		F812EFB5152BC6E1005E5D13 /* iPhone-Prefix.pch in Resources */ = {isa = PBXBuildFile; fileRef = F812EFB4152BC6E1005E5D13 /* iPhone-Prefix.pch */; };
		F812EFB7152BC6E1005E5D13 /* Main.c in Sources */ = {isa = PBXBuildFile; fileRef = F812EFB6152BC6E1005E5D13 /* Main.c */; };
		F812EFCD152BC795005E5D13 /* UIKit.framework in Frameworks */ = {isa = PBXBuildFile; fileRef = F83ABA341528A964006FB6EC /* UIKit.framework */; };
		F812EFCE152BC795005E5D13 /* Foundation.framework in Frameworks */ = {isa = PBXBuildFile; fileRef = F83ABA361528A964006FB6EC /* Foundation.framework */; };
		F812EFCF152BC795005E5D13 /* CoreGraphics.framework in Frameworks */ = {isa = PBXBuildFile; fileRef = F83ABA381528A964006FB6EC /* CoreGraphics.framework */; };
		F812EFD7152BC795005E5D13 /* OCDSpecDescription.m in Sources */ = {isa = PBXBuildFile; fileRef = F812EFD6152BC795005E5D13 /* OCDSpecDescription.m */; };
		F812EFDA152BC795005E5D13 /* OCDSpecDescriptionRunner.m in Sources */ = {isa = PBXBuildFile; fileRef = F812EFD9152BC795005E5D13 /* OCDSpecDescriptionRunner.m */; };
		F812EFDD152BC795005E5D13 /* OCDSpecExample.m in Sources */ = {isa = PBXBuildFile; fileRef = F812EFDC152BC795005E5D13 /* OCDSpecExample.m */; };
		F812EFE0152BC795005E5D13 /* OCDSpecExpectation.m in Sources */ = {isa = PBXBuildFile; fileRef = F812EFDF152BC795005E5D13 /* OCDSpecExpectation.m */; };
		F812EFE3152BC795005E5D13 /* OCDSpecFail.m in Sources */ = {isa = PBXBuildFile; fileRef = F812EFE2152BC795005E5D13 /* OCDSpecFail.m */; };
		F812EFE6152BC795005E5D13 /* OCDSpecOutputter.m in Sources */ = {isa = PBXBuildFile; fileRef = F812EFE5152BC795005E5D13 /* OCDSpecOutputter.m */; };
		F812EFE9152BC795005E5D13 /* OCDSpecSharedResults.m in Sources */ = {isa = PBXBuildFile; fileRef = F812EFE8152BC795005E5D13 /* OCDSpecSharedResults.m */; };
		F812EFEE152BC795005E5D13 /* OCDSpecPreCondition.m in Sources */ = {isa = PBXBuildFile; fileRef = F812EFED152BC795005E5D13 /* OCDSpecPreCondition.m */; };
		F812EFF1152BC795005E5D13 /* OCDSpecPostCondition.m in Sources */ = {isa = PBXBuildFile; fileRef = F812EFF0152BC795005E5D13 /* OCDSpecPostCondition.m */; };
		F812EFF3152BC795005E5D13 /* OCDSpecCondition.m in Sources */ = {isa = PBXBuildFile; fileRef = F812EFF2152BC795005E5D13 /* OCDSpecCondition.m */; };
		F812EFF8152BC795005E5D13 /* unitTestMain.m in Sources */ = {isa = PBXBuildFile; fileRef = F812EFF7152BC795005E5D13 /* unitTestMain.m */; };
		F812EFFA152BC795005E5D13 /* RunIPhoneUnitTest.sh in Resources */ = {isa = PBXBuildFile; fileRef = F812EFF9152BC795005E5D13 /* RunIPhoneUnitTest.sh */; };
		F812EFFC152BC795005E5D13 /* iPhone-Prefix.pch in Resources */ = {isa = PBXBuildFile; fileRef = F812EFFB152BC795005E5D13 /* iPhone-Prefix.pch */; };
		F83ABA351528A964006FB6EC /* UIKit.framework in Frameworks */ = {isa = PBXBuildFile; fileRef = F83ABA341528A964006FB6EC /* UIKit.framework */; };
		F83ABA371528A964006FB6EC /* Foundation.framework in Frameworks */ = {isa = PBXBuildFile; fileRef = F83ABA361528A964006FB6EC /* Foundation.framework */; };
		F83ABA391528A964006FB6EC /* CoreGraphics.framework in Frameworks */ = {isa = PBXBuildFile; fileRef = F83ABA381528A964006FB6EC /* CoreGraphics.framework */; };
		F83ABA3F1528A964006FB6EC /* InfoPlist.strings in Resources */ = {isa = PBXBuildFile; fileRef = F83ABA3D1528A964006FB6EC /* InfoPlist.strings */; };
		F83ABA411528A964006FB6EC /* main.m in Sources */ = {isa = PBXBuildFile; fileRef = F83ABA401528A964006FB6EC /* main.m */; };
		F83ABA451528A964006FB6EC /* AppDelegate.m in Sources */ = {isa = PBXBuildFile; fileRef = F83ABA441528A964006FB6EC /* AppDelegate.m */; };
		F83ABA481528A964006FB6EC /* ViewController.m in Sources */ = {isa = PBXBuildFile; fileRef = F83ABA471528A964006FB6EC /* ViewController.m */; };
		F83ABA4B1528A964006FB6EC /* ViewController_iPhone.xib in Resources */ = {isa = PBXBuildFile; fileRef = F83ABA491528A964006FB6EC /* ViewController_iPhone.xib */; };
		F83ABA4E1528A964006FB6EC /* ViewController_iPad.xib in Resources */ = {isa = PBXBuildFile; fileRef = F83ABA4C1528A964006FB6EC /* ViewController_iPad.xib */; };
		F8C3EDFA152BD372005F7183 /* ViewController.m in Sources */ = {isa = PBXBuildFile; fileRef = F83ABA471528A964006FB6EC /* ViewController.m */; };
/* End PBXBuildFile section */

/* Begin PBXFileReference section */
		0722557415C80AB3008EFF3F /* blue_peg.png */ = {isa = PBXFileReference; lastKnownFileType = image.png; path = blue_peg.png; sourceTree = "<group>"; };
		0722557515C80AB3008EFF3F /* blue_peg_active.png */ = {isa = PBXFileReference; lastKnownFileType = image.png; path = blue_peg_active.png; sourceTree = "<group>"; };
		0722557615C80AB3008EFF3F /* orange_peg.png */ = {isa = PBXFileReference; lastKnownFileType = image.png; path = orange_peg.png; sourceTree = "<group>"; };
		0722557715C80AB3008EFF3F /* orange_peg_active.png */ = {isa = PBXFileReference; lastKnownFileType = image.png; path = orange_peg_active.png; sourceTree = "<group>"; };
		0722557815C80AB3008EFF3F /* red_peg.png */ = {isa = PBXFileReference; lastKnownFileType = image.png; path = red_peg.png; sourceTree = "<group>"; };
		0722557915C80AB3008EFF3F /* red_peg_active.png */ = {isa = PBXFileReference; lastKnownFileType = image.png; path = red_peg_active.png; sourceTree = "<group>"; };
		0722557A15C80AB3008EFF3F /* yellow_peg.png */ = {isa = PBXFileReference; lastKnownFileType = image.png; path = yellow_peg.png; sourceTree = "<group>"; };
		0722557B15C80AB3008EFF3F /* yellow_peg_active.png */ = {isa = PBXFileReference; lastKnownFileType = image.png; path = yellow_peg_active.png; sourceTree = "<group>"; };
		0722559515C80D58008EFF3F /* GameRunner.h */ = {isa = PBXFileReference; fileEncoding = 4; lastKnownFileType = sourcecode.c.h; path = GameRunner.h; sourceTree = "<group>"; };
		0722559615C80D58008EFF3F /* GameRunner.m */ = {isa = PBXFileReference; fileEncoding = 4; lastKnownFileType = sourcecode.c.objc; path = GameRunner.m; sourceTree = "<group>"; };
		0722559815C80E6E008EFF3F /* MMGame.h */ = {isa = PBXFileReference; fileEncoding = 4; lastKnownFileType = sourcecode.c.h; path = MMGame.h; sourceTree = "<group>"; };
		0722559915C80E6E008EFF3F /* MMGame.m */ = {isa = PBXFileReference; fileEncoding = 4; lastKnownFileType = sourcecode.c.objc; path = MMGame.m; sourceTree = "<group>"; };
		0722559D15C80F17008EFF3F /* MMGameSpec.m */ = {isa = PBXFileReference; fileEncoding = 4; lastKnownFileType = sourcecode.c.objc; path = MMGameSpec.m; sourceTree = "<group>"; };
		0722559F15C8149A008EFF3F /* MMCodePeg.h */ = {isa = PBXFileReference; fileEncoding = 4; lastKnownFileType = sourcecode.c.h; path = MMCodePeg.h; sourceTree = "<group>"; };
		072255A015C8149A008EFF3F /* MMCodePeg.m */ = {isa = PBXFileReference; fileEncoding = 4; lastKnownFileType = sourcecode.c.objc; path = MMCodePeg.m; sourceTree = "<group>"; };
		072255A315C814CF008EFF3F /* MMCodePegSpec.m */ = {isa = PBXFileReference; fileEncoding = 4; lastKnownFileType = sourcecode.c.objc; path = MMCodePegSpec.m; sourceTree = "<group>"; };
		074A146615C74A14003B1953 /* MMSecretCodeViewController.h */ = {isa = PBXFileReference; fileEncoding = 4; lastKnownFileType = sourcecode.c.h; path = MMSecretCodeViewController.h; sourceTree = "<group>"; };
		074A146715C74A14003B1953 /* MMSecretCodeViewController.m */ = {isa = PBXFileReference; fileEncoding = 4; lastKnownFileType = sourcecode.c.objc; path = MMSecretCodeViewController.m; sourceTree = "<group>"; };
		074A146815C74A14003B1953 /* MMSecretCodeViewController.xib */ = {isa = PBXFileReference; fileEncoding = 4; lastKnownFileType = file.xib; path = MMSecretCodeViewController.xib; sourceTree = "<group>"; };
		074A147615C77D7C003B1953 /* MMSecretCodeViewControllerSpec.m */ = {isa = PBXFileReference; fileEncoding = 4; lastKnownFileType = sourcecode.c.objc; path = MMSecretCodeViewControllerSpec.m; sourceTree = "<group>"; };
		074A147815C7817E003B1953 /* MMAvailablePegsViewController.h */ = {isa = PBXFileReference; fileEncoding = 4; lastKnownFileType = sourcecode.c.h; path = MMAvailablePegsViewController.h; sourceTree = "<group>"; };
		074A147915C7817E003B1953 /* MMAvailablePegsViewController.m */ = {isa = PBXFileReference; fileEncoding = 4; lastKnownFileType = sourcecode.c.objc; path = MMAvailablePegsViewController.m; sourceTree = "<group>"; };
		074A147A15C7817F003B1953 /* MMAvailablePegsViewController.xib */ = {isa = PBXFileReference; fileEncoding = 4; lastKnownFileType = file.xib; path = MMAvailablePegsViewController.xib; sourceTree = "<group>"; };
		074A148115C799DA003B1953 /* MMAvailablePegsViewControllerSpec.m */ = {isa = PBXFileReference; fileEncoding = 4; lastKnownFileType = sourcecode.c.objc; path = MMAvailablePegsViewControllerSpec.m; sourceTree = "<group>"; };
		075BA90B15C60DD5002E0086 /* MMCode.h */ = {isa = PBXFileReference; fileEncoding = 4; lastKnownFileType = sourcecode.c.h; path = MMCode.h; sourceTree = "<group>"; };
		075BA90C15C60DD5002E0086 /* MMCode.m */ = {isa = PBXFileReference; fileEncoding = 4; lastKnownFileType = sourcecode.c.objc; path = MMCode.m; sourceTree = "<group>"; };
		075BA91015C60DE5002E0086 /* MMCodeSpec.m */ = {isa = PBXFileReference; fileEncoding = 4; lastKnownFileType = sourcecode.c.objc; path = MMCodeSpec.m; sourceTree = "<group>"; };
		075BA91115C60DE5002E0086 /* ViewControllerSpec.m */ = {isa = PBXFileReference; fileEncoding = 4; lastKnownFileType = sourcecode.c.objc; path = ViewControllerSpec.m; sourceTree = "<group>"; };
		075BA91415C60DF9002E0086 /* GuessChecker.h */ = {isa = PBXFileReference; fileEncoding = 4; lastKnownFileType = sourcecode.c.h; path = GuessChecker.h; sourceTree = "<group>"; };
		075BA91515C60DF9002E0086 /* GuessChecker.m */ = {isa = PBXFileReference; fileEncoding = 4; lastKnownFileType = sourcecode.c.objc; path = GuessChecker.m; sourceTree = "<group>"; };
		077655A015CB5A0C00666F3F /* empty_peg.png */ = {isa = PBXFileReference; lastKnownFileType = image.png; path = empty_peg.png; sourceTree = "<group>"; };
		0784EEF615C9651600D0A738 /* CKAdditions.h */ = {isa = PBXFileReference; fileEncoding = 4; lastKnownFileType = sourcecode.c.h; name = CKAdditions.h; path = ConciseKit/src/CKAdditions.h; sourceTree = "<group>"; };
		0784EEF715C9651600D0A738 /* CKMacros.h */ = {isa = PBXFileReference; fileEncoding = 4; lastKnownFileType = sourcecode.c.h; name = CKMacros.h; path = ConciseKit/src/CKMacros.h; sourceTree = "<group>"; };
		0784EEF815C9651600D0A738 /* CKSingleton.h */ = {isa = PBXFileReference; fileEncoding = 4; lastKnownFileType = sourcecode.c.h; name = CKSingleton.h; path = ConciseKit/src/CKSingleton.h; sourceTree = "<group>"; };
		0784EEF915C9651600D0A738 /* ConciseKit.h */ = {isa = PBXFileReference; fileEncoding = 4; lastKnownFileType = sourcecode.c.h; name = ConciseKit.h; path = ConciseKit/src/ConciseKit.h; sourceTree = "<group>"; };
		0784EEFA15C9651600D0A738 /* ConciseKit.m */ = {isa = PBXFileReference; fileEncoding = 4; lastKnownFileType = sourcecode.c.objc; name = ConciseKit.m; path = ConciseKit/src/ConciseKit.m; sourceTree = "<group>"; };
		0784EEFB15C9651600D0A738 /* NSArray+ConciseKit.h */ = {isa = PBXFileReference; fileEncoding = 4; lastKnownFileType = sourcecode.c.h; name = "NSArray+ConciseKit.h"; path = "ConciseKit/src/NSArray+ConciseKit.h"; sourceTree = "<group>"; };
		0784EEFC15C9651600D0A738 /* NSArray+ConciseKit.m */ = {isa = PBXFileReference; fileEncoding = 4; lastKnownFileType = sourcecode.c.objc; name = "NSArray+ConciseKit.m"; path = "ConciseKit/src/NSArray+ConciseKit.m"; sourceTree = "<group>"; };
		0784EEFD15C9651600D0A738 /* NSDictionary+ConciseKit.h */ = {isa = PBXFileReference; fileEncoding = 4; lastKnownFileType = sourcecode.c.h; name = "NSDictionary+ConciseKit.h"; path = "ConciseKit/src/NSDictionary+ConciseKit.h"; sourceTree = "<group>"; };
		0784EEFE15C9651600D0A738 /* NSDictionary+ConciseKit.m */ = {isa = PBXFileReference; fileEncoding = 4; lastKnownFileType = sourcecode.c.objc; name = "NSDictionary+ConciseKit.m"; path = "ConciseKit/src/NSDictionary+ConciseKit.m"; sourceTree = "<group>"; };
		0784EEFF15C9651600D0A738 /* NSString+ConciseKit.h */ = {isa = PBXFileReference; fileEncoding = 4; lastKnownFileType = sourcecode.c.h; name = "NSString+ConciseKit.h"; path = "ConciseKit/src/NSString+ConciseKit.h"; sourceTree = "<group>"; };
		0784EF0015C9651600D0A738 /* NSString+ConciseKit.m */ = {isa = PBXFileReference; fileEncoding = 4; lastKnownFileType = sourcecode.c.objc; name = "NSString+ConciseKit.m"; path = "ConciseKit/src/NSString+ConciseKit.m"; sourceTree = "<group>"; };
		F812EF7F152BC6E1005E5D13 /* AcceptanceTests.app */ = {isa = PBXFileReference; explicitFileType = wrapper.application; includeInIndex = 0; path = AcceptanceTests.app; sourceTree = BUILT_PRODUCTS_DIR; };
		F812EF88152BC6E1005E5D13 /* SocketServer.c */ = {isa = PBXFileReference; lastKnownFileType = sourcecode.c.c; name = SocketServer.c; path = cslim/src/Com/SocketServer.c; sourceTree = "<group>"; };
		F812EF8A152BC6E1005E5D13 /* TcpComLink.c */ = {isa = PBXFileReference; lastKnownFileType = sourcecode.c.c; name = TcpComLink.c; path = cslim/src/Com/TcpComLink.c; sourceTree = "<group>"; };
		F812EF8D152BC6E1005E5D13 /* ListExecutor.c */ = {isa = PBXFileReference; lastKnownFileType = sourcecode.c.c; name = ListExecutor.c; path = cslim/src/CSlim/ListExecutor.c; sourceTree = "<group>"; };
		F812EF8F152BC6E1005E5D13 /* Slim.c */ = {isa = PBXFileReference; lastKnownFileType = sourcecode.c.c; name = Slim.c; path = cslim/src/CSlim/Slim.c; sourceTree = "<group>"; };
		F812EF91152BC6E1005E5D13 /* SlimConnectionHandler.c */ = {isa = PBXFileReference; lastKnownFileType = sourcecode.c.c; name = SlimConnectionHandler.c; path = cslim/src/CSlim/SlimConnectionHandler.c; sourceTree = "<group>"; };
		F812EF93152BC6E1005E5D13 /* SlimList.c */ = {isa = PBXFileReference; lastKnownFileType = sourcecode.c.c; name = SlimList.c; path = cslim/src/CSlim/SlimList.c; sourceTree = "<group>"; };
		F812EF95152BC6E1005E5D13 /* SlimListDeserializer.c */ = {isa = PBXFileReference; lastKnownFileType = sourcecode.c.c; name = SlimListDeserializer.c; path = cslim/src/CSlim/SlimListDeserializer.c; sourceTree = "<group>"; };
		F812EF97152BC6E1005E5D13 /* SlimListSerializer.c */ = {isa = PBXFileReference; lastKnownFileType = sourcecode.c.c; name = SlimListSerializer.c; path = cslim/src/CSlim/SlimListSerializer.c; sourceTree = "<group>"; };
		F812EF99152BC6E1005E5D13 /* SlimUtil.c */ = {isa = PBXFileReference; lastKnownFileType = sourcecode.c.c; name = SlimUtil.c; path = cslim/src/CSlim/SlimUtil.c; sourceTree = "<group>"; };
		F812EF9C152BC6E1005E5D13 /* StatementExecutor.m */ = {isa = PBXFileReference; lastKnownFileType = sourcecode.c.objc; name = StatementExecutor.m; path = cslim/src/ExecutorObjectiveC/StatementExecutor.m; sourceTree = "<group>"; };
		F812EFA0152BC6E1005E5D13 /* SocketServer.h */ = {isa = PBXFileReference; lastKnownFileType = sourcecode.c.h; name = SocketServer.h; path = cslim/include/Com/SocketServer.h; sourceTree = "<group>"; };
		F812EFA1152BC6E1005E5D13 /* TcpComLink.h */ = {isa = PBXFileReference; lastKnownFileType = sourcecode.c.h; name = TcpComLink.h; path = cslim/include/Com/TcpComLink.h; sourceTree = "<group>"; };
		F812EFA3152BC6E1005E5D13 /* Fixtures.h */ = {isa = PBXFileReference; lastKnownFileType = sourcecode.c.h; name = Fixtures.h; path = cslim/include/CSlim/Fixtures.h; sourceTree = "<group>"; };
		F812EFA4152BC6E1005E5D13 /* ListExecutor.h */ = {isa = PBXFileReference; lastKnownFileType = sourcecode.c.h; name = ListExecutor.h; path = cslim/include/CSlim/ListExecutor.h; sourceTree = "<group>"; };
		F812EFA5152BC6E1005E5D13 /* Slim.h */ = {isa = PBXFileReference; lastKnownFileType = sourcecode.c.h; name = Slim.h; path = cslim/include/CSlim/Slim.h; sourceTree = "<group>"; };
		F812EFA6152BC6E1005E5D13 /* SlimConnectionHandler.h */ = {isa = PBXFileReference; lastKnownFileType = sourcecode.c.h; name = SlimConnectionHandler.h; path = cslim/include/CSlim/SlimConnectionHandler.h; sourceTree = "<group>"; };
		F812EFA7152BC6E1005E5D13 /* SlimList.h */ = {isa = PBXFileReference; lastKnownFileType = sourcecode.c.h; name = SlimList.h; path = cslim/include/CSlim/SlimList.h; sourceTree = "<group>"; };
		F812EFA8152BC6E1005E5D13 /* SlimListDeserializer.h */ = {isa = PBXFileReference; lastKnownFileType = sourcecode.c.h; name = SlimListDeserializer.h; path = cslim/include/CSlim/SlimListDeserializer.h; sourceTree = "<group>"; };
		F812EFA9152BC6E1005E5D13 /* SlimListSerializer.h */ = {isa = PBXFileReference; lastKnownFileType = sourcecode.c.h; name = SlimListSerializer.h; path = cslim/include/CSlim/SlimListSerializer.h; sourceTree = "<group>"; };
		F812EFAA152BC6E1005E5D13 /* SlimUtil.h */ = {isa = PBXFileReference; lastKnownFileType = sourcecode.c.h; name = SlimUtil.h; path = cslim/include/CSlim/SlimUtil.h; sourceTree = "<group>"; };
		F812EFAB152BC6E1005E5D13 /* StatementExecutor.h */ = {isa = PBXFileReference; lastKnownFileType = sourcecode.c.h; name = StatementExecutor.h; path = cslim/include/CSlim/StatementExecutor.h; sourceTree = "<group>"; };
		F812EFAD152BC6E1005E5D13 /* SymbolTable.h */ = {isa = PBXFileReference; lastKnownFileType = sourcecode.c.h; name = SymbolTable.h; path = cslim/include/ExecutorC/SymbolTable.h; sourceTree = "<group>"; };
		F812EFAF152BC6E1005E5D13 /* fitnesse.jar */ = {isa = PBXFileReference; lastKnownFileType = archive.jar; name = fitnesse.jar; path = ../fitnesse.jar; sourceTree = "<group>"; };
		F812EFB0152BC6E1005E5D13 /* Fixtures.m */ = {isa = PBXFileReference; lastKnownFileType = sourcecode.c.objc; name = Fixtures.m; path = SupportingFiles/Fixtures.m; sourceTree = "<group>"; };
		F812EFB2152BC6E1005E5D13 /* InfoPlist.strings */ = {isa = PBXFileReference; lastKnownFileType = text.plist.strings; name = InfoPlist.strings; path = SupportingFiles/InfoPlist.strings; sourceTree = "<group>"; };
		F812EFB4152BC6E1005E5D13 /* iPhone-Prefix.pch */ = {isa = PBXFileReference; lastKnownFileType = sourcecode.c.h; name = "iPhone-Prefix.pch"; path = "SupportingFiles/iPhone-Prefix.pch"; sourceTree = "<group>"; };
		F812EFB6152BC6E1005E5D13 /* Main.c */ = {isa = PBXFileReference; lastKnownFileType = sourcecode.c.c; name = Main.c; path = cslim/fixtures/Main.c; sourceTree = "<group>"; };
		F812EFBA152BC6E1005E5D13 /* OneTimeSetup */ = {isa = PBXFileReference; lastKnownFileType = text; name = OneTimeSetup; path = ../bin/iPhoneRunner/OneTimeSetup; sourceTree = "<group>"; };
		F812EFBB152BC6E1005E5D13 /* StartFitnesse */ = {isa = PBXFileReference; lastKnownFileType = text; name = StartFitnesse; path = ../bin/StartFitnesse; sourceTree = "<group>"; };
		F812EFBC152BC6E1005E5D13 /* RunSlimTests */ = {isa = PBXFileReference; lastKnownFileType = text; name = RunSlimTests; path = ../bin/iPhoneRunner/RunSlimTests; sourceTree = "<group>"; };
		F812EFBD152BC6E1005E5D13 /* RunSlimTestsHeadless */ = {isa = PBXFileReference; lastKnownFileType = text; name = RunSlimTestsHeadless; path = ../bin/iPhoneRunner/RunSlimTestsHeadless; sourceTree = "<group>"; };
		F812EFBE152BC6E1005E5D13 /* RunSlimTestsOnSimulator */ = {isa = PBXFileReference; lastKnownFileType = text.script.sh; name = RunSlimTestsOnSimulator; path = ../bin/iPhoneRunner/RunSlimTestsOnSimulator; sourceTree = "<group>"; };
		F812EFBF152BC6E1005E5D13 /* RunSlimTestsTargetWithSlimPort */ = {isa = PBXFileReference; lastKnownFileType = text.script.sh; name = RunSlimTestsTargetWithSlimPort; path = ../bin/iPhoneRunner/RunSlimTestsTargetWithSlimPort; sourceTree = "<group>"; };
		F812EFCB152BC795005E5D13 /* Specs.app */ = {isa = PBXFileReference; explicitFileType = wrapper.application; includeInIndex = 0; path = Specs.app; sourceTree = BUILT_PRODUCTS_DIR; };
		F812EFD3152BC795005E5D13 /* DescriptionRunner.h */ = {isa = PBXFileReference; lastKnownFileType = sourcecode.c.h; name = DescriptionRunner.h; path = OCDSpec/OCDSpec/Protocols/DescriptionRunner.h; sourceTree = "<group>"; };
		F812EFD4152BC795005E5D13 /* Example.h */ = {isa = PBXFileReference; lastKnownFileType = sourcecode.c.h; name = Example.h; path = OCDSpec/OCDSpec/Protocols/Example.h; sourceTree = "<group>"; };
		F812EFD5152BC795005E5D13 /* OCDSpecDescription.h */ = {isa = PBXFileReference; lastKnownFileType = sourcecode.c.h; name = OCDSpecDescription.h; path = OCDSpec/OCDSpec/OCDSpecDescription.h; sourceTree = "<group>"; };
		F812EFD6152BC795005E5D13 /* OCDSpecDescription.m */ = {isa = PBXFileReference; lastKnownFileType = sourcecode.c.objc; name = OCDSpecDescription.m; path = OCDSpec/OCDSpec/OCDSpecDescription.m; sourceTree = "<group>"; };
		F812EFD8152BC795005E5D13 /* OCDSpecDescriptionRunner.h */ = {isa = PBXFileReference; lastKnownFileType = sourcecode.c.h; name = OCDSpecDescriptionRunner.h; path = OCDSpec/OCDSpec/OCDSpecDescriptionRunner.h; sourceTree = "<group>"; };
		F812EFD9152BC795005E5D13 /* OCDSpecDescriptionRunner.m */ = {isa = PBXFileReference; lastKnownFileType = sourcecode.c.objc; name = OCDSpecDescriptionRunner.m; path = OCDSpec/OCDSpec/OCDSpecDescriptionRunner.m; sourceTree = "<group>"; };
		F812EFDB152BC795005E5D13 /* OCDSpecExample.h */ = {isa = PBXFileReference; lastKnownFileType = sourcecode.c.h; name = OCDSpecExample.h; path = OCDSpec/OCDSpec/OCDSpecExample.h; sourceTree = "<group>"; };
		F812EFDC152BC795005E5D13 /* OCDSpecExample.m */ = {isa = PBXFileReference; lastKnownFileType = sourcecode.c.objc; name = OCDSpecExample.m; path = OCDSpec/OCDSpec/OCDSpecExample.m; sourceTree = "<group>"; };
		F812EFDE152BC795005E5D13 /* OCDSpecExpectation.h */ = {isa = PBXFileReference; lastKnownFileType = sourcecode.c.h; name = OCDSpecExpectation.h; path = OCDSpec/OCDSpec/OCDSpecExpectation.h; sourceTree = "<group>"; };
		F812EFDF152BC795005E5D13 /* OCDSpecExpectation.m */ = {isa = PBXFileReference; lastKnownFileType = sourcecode.c.objc; name = OCDSpecExpectation.m; path = OCDSpec/OCDSpec/OCDSpecExpectation.m; sourceTree = "<group>"; };
		F812EFE1152BC795005E5D13 /* OCDSpecFail.h */ = {isa = PBXFileReference; lastKnownFileType = sourcecode.c.h; name = OCDSpecFail.h; path = OCDSpec/OCDSpec/OCDSpecFail.h; sourceTree = "<group>"; };
		F812EFE2152BC795005E5D13 /* OCDSpecFail.m */ = {isa = PBXFileReference; lastKnownFileType = sourcecode.c.objc; name = OCDSpecFail.m; path = OCDSpec/OCDSpec/OCDSpecFail.m; sourceTree = "<group>"; };
		F812EFE4152BC795005E5D13 /* OCDSpecOutputter.h */ = {isa = PBXFileReference; lastKnownFileType = sourcecode.c.h; name = OCDSpecOutputter.h; path = OCDSpec/OCDSpec/OCDSpecOutputter.h; sourceTree = "<group>"; };
		F812EFE5152BC795005E5D13 /* OCDSpecOutputter.m */ = {isa = PBXFileReference; lastKnownFileType = sourcecode.c.objc; name = OCDSpecOutputter.m; path = OCDSpec/OCDSpec/OCDSpecOutputter.m; sourceTree = "<group>"; };
		F812EFE7152BC795005E5D13 /* OCDSpecSharedResults.h */ = {isa = PBXFileReference; lastKnownFileType = sourcecode.c.h; name = OCDSpecSharedResults.h; path = OCDSpec/OCDSpec/OCDSpecSharedResults.h; sourceTree = "<group>"; };
		F812EFE8152BC795005E5D13 /* OCDSpecSharedResults.m */ = {isa = PBXFileReference; lastKnownFileType = sourcecode.c.objc; name = OCDSpecSharedResults.m; path = OCDSpec/OCDSpec/OCDSpecSharedResults.m; sourceTree = "<group>"; };
		F812EFEA152BC795005E5D13 /* VoidBlock.h */ = {isa = PBXFileReference; lastKnownFileType = sourcecode.c.h; name = VoidBlock.h; path = OCDSpec/OCDSpec/VoidBlock.h; sourceTree = "<group>"; };
		F812EFEC152BC795005E5D13 /* OCDSpecPreCondition.h */ = {isa = PBXFileReference; lastKnownFileType = sourcecode.c.h; name = OCDSpecPreCondition.h; path = OCDSpec/OCDSpec/Contract/OCDSpecPreCondition.h; sourceTree = "<group>"; };
		F812EFED152BC795005E5D13 /* OCDSpecPreCondition.m */ = {isa = PBXFileReference; lastKnownFileType = sourcecode.c.objc; name = OCDSpecPreCondition.m; path = OCDSpec/OCDSpec/Contract/OCDSpecPreCondition.m; sourceTree = "<group>"; };
		F812EFEF152BC795005E5D13 /* OCDSpecPostCondition.h */ = {isa = PBXFileReference; lastKnownFileType = sourcecode.c.h; name = OCDSpecPostCondition.h; path = OCDSpec/OCDSpec/Contract/OCDSpecPostCondition.h; sourceTree = "<group>"; };
		F812EFF0152BC795005E5D13 /* OCDSpecPostCondition.m */ = {isa = PBXFileReference; lastKnownFileType = sourcecode.c.objc; name = OCDSpecPostCondition.m; path = OCDSpec/OCDSpec/Contract/OCDSpecPostCondition.m; sourceTree = "<group>"; };
		F812EFF2152BC795005E5D13 /* OCDSpecCondition.m */ = {isa = PBXFileReference; lastKnownFileType = sourcecode.c.objc; name = OCDSpecCondition.m; path = OCDSpec/OCDSpec/Contract/OCDSpecCondition.m; sourceTree = "<group>"; };
		F812EFF4152BC795005E5D13 /* OCDSpecCondition.h */ = {isa = PBXFileReference; lastKnownFileType = sourcecode.c.h; name = OCDSpecCondition.h; path = OCDSpec/OCDSpec/Contract/OCDSpecCondition.h; sourceTree = "<group>"; };
		F812EFF5152BC795005E5D13 /* OCDSpec.h */ = {isa = PBXFileReference; lastKnownFileType = sourcecode.c.h; name = OCDSpec.h; path = OCDSpec/OCDSpec/OCDSpec.h; sourceTree = "<group>"; };
		F812EFF7152BC795005E5D13 /* unitTestMain.m */ = {isa = PBXFileReference; lastKnownFileType = sourcecode.c.objc; name = unitTestMain.m; path = OCDSpec/OCDSpec/Programs/unitTestMain.m; sourceTree = "<group>"; };
		F812EFF9152BC795005E5D13 /* RunIPhoneUnitTest.sh */ = {isa = PBXFileReference; lastKnownFileType = text.script.sh; name = RunIPhoneUnitTest.sh; path = OCDSpec/OCDSpec/Programs/RunIPhoneUnitTest.sh; sourceTree = "<group>"; };
		F812EFFB152BC795005E5D13 /* iPhone-Prefix.pch */ = {isa = PBXFileReference; lastKnownFileType = sourcecode.c.h; name = "iPhone-Prefix.pch"; path = "OCDSpec/OCDSpec/iPhone-Prefix.pch"; sourceTree = "<group>"; };
		F83ABA301528A964006FB6EC /* MasterMind.app */ = {isa = PBXFileReference; explicitFileType = wrapper.application; includeInIndex = 0; path = MasterMind.app; sourceTree = BUILT_PRODUCTS_DIR; };
		F83ABA341528A964006FB6EC /* UIKit.framework */ = {isa = PBXFileReference; lastKnownFileType = wrapper.framework; name = UIKit.framework; path = System/Library/Frameworks/UIKit.framework; sourceTree = SDKROOT; };
		F83ABA361528A964006FB6EC /* Foundation.framework */ = {isa = PBXFileReference; lastKnownFileType = wrapper.framework; name = Foundation.framework; path = System/Library/Frameworks/Foundation.framework; sourceTree = SDKROOT; };
		F83ABA381528A964006FB6EC /* CoreGraphics.framework */ = {isa = PBXFileReference; lastKnownFileType = wrapper.framework; name = CoreGraphics.framework; path = System/Library/Frameworks/CoreGraphics.framework; sourceTree = SDKROOT; };
		F83ABA3C1528A964006FB6EC /* MasterMind-Info.plist */ = {isa = PBXFileReference; lastKnownFileType = text.plist.xml; path = "MasterMind-Info.plist"; sourceTree = "<group>"; };
		F83ABA3E1528A964006FB6EC /* en */ = {isa = PBXFileReference; lastKnownFileType = text.plist.strings; name = en; path = en.lproj/InfoPlist.strings; sourceTree = "<group>"; };
		F83ABA401528A964006FB6EC /* main.m */ = {isa = PBXFileReference; lastKnownFileType = sourcecode.c.objc; path = main.m; sourceTree = "<group>"; };
		F83ABA421528A964006FB6EC /* MasterMind-Prefix.pch */ = {isa = PBXFileReference; lastKnownFileType = sourcecode.c.h; path = "MasterMind-Prefix.pch"; sourceTree = "<group>"; };
		F83ABA431528A964006FB6EC /* AppDelegate.h */ = {isa = PBXFileReference; lastKnownFileType = sourcecode.c.h; path = AppDelegate.h; sourceTree = "<group>"; };
		F83ABA441528A964006FB6EC /* AppDelegate.m */ = {isa = PBXFileReference; lastKnownFileType = sourcecode.c.objc; path = AppDelegate.m; sourceTree = "<group>"; };
		F83ABA461528A964006FB6EC /* ViewController.h */ = {isa = PBXFileReference; lastKnownFileType = sourcecode.c.h; path = ViewController.h; sourceTree = "<group>"; };
		F83ABA471528A964006FB6EC /* ViewController.m */ = {isa = PBXFileReference; lastKnownFileType = sourcecode.c.objc; path = ViewController.m; sourceTree = "<group>"; };
		F83ABA4A1528A964006FB6EC /* en */ = {isa = PBXFileReference; lastKnownFileType = file.xib; name = en; path = en.lproj/ViewController_iPhone.xib; sourceTree = "<group>"; };
		F83ABA4D1528A964006FB6EC /* en */ = {isa = PBXFileReference; lastKnownFileType = file.xib; name = en; path = en.lproj/ViewController_iPad.xib; sourceTree = "<group>"; };
/* End PBXFileReference section */

/* Begin PBXFrameworksBuildPhase section */
		F812EF7B152BC6E1005E5D13 /* Frameworks */ = {
			isa = PBXFrameworksBuildPhase;
			buildActionMask = 2147483647;
			files = (
				F812EF81152BC6E1005E5D13 /* UIKit.framework in Frameworks */,
				F812EF82152BC6E1005E5D13 /* Foundation.framework in Frameworks */,
				F812EF83152BC6E1005E5D13 /* CoreGraphics.framework in Frameworks */,
			);
			runOnlyForDeploymentPostprocessing = 0;
		};
		F812EFC7152BC795005E5D13 /* Frameworks */ = {
			isa = PBXFrameworksBuildPhase;
			buildActionMask = 2147483647;
			files = (
				F812EFCD152BC795005E5D13 /* UIKit.framework in Frameworks */,
				F812EFCE152BC795005E5D13 /* Foundation.framework in Frameworks */,
				F812EFCF152BC795005E5D13 /* CoreGraphics.framework in Frameworks */,
			);
			runOnlyForDeploymentPostprocessing = 0;
		};
		F83ABA2D1528A964006FB6EC /* Frameworks */ = {
			isa = PBXFrameworksBuildPhase;
			buildActionMask = 2147483647;
			files = (
				F83ABA351528A964006FB6EC /* UIKit.framework in Frameworks */,
				F83ABA371528A964006FB6EC /* Foundation.framework in Frameworks */,
				F83ABA391528A964006FB6EC /* CoreGraphics.framework in Frameworks */,
			);
			runOnlyForDeploymentPostprocessing = 0;
		};
/* End PBXFrameworksBuildPhase section */

/* Begin PBXGroup section */
		0722557315C80AB3008EFF3F /* pegs */ = {
			isa = PBXGroup;
			children = (
				077655A015CB5A0C00666F3F /* empty_peg.png */,
				0722557415C80AB3008EFF3F /* blue_peg.png */,
				0722557515C80AB3008EFF3F /* blue_peg_active.png */,
				0722557615C80AB3008EFF3F /* orange_peg.png */,
				0722557715C80AB3008EFF3F /* orange_peg_active.png */,
				0722557815C80AB3008EFF3F /* red_peg.png */,
				0722557915C80AB3008EFF3F /* red_peg_active.png */,
				0722557A15C80AB3008EFF3F /* yellow_peg.png */,
				0722557B15C80AB3008EFF3F /* yellow_peg_active.png */,
			);
			path = pegs;
			sourceTree = "<group>";
		};
		075BA91915C6BD8A002E0086 /* View */ = {
			isa = PBXGroup;
			children = (
				074A146615C74A14003B1953 /* MMSecretCodeViewController.h */,
				074A146715C74A14003B1953 /* MMSecretCodeViewController.m */,
				074A146815C74A14003B1953 /* MMSecretCodeViewController.xib */,
				074A147815C7817E003B1953 /* MMAvailablePegsViewController.h */,
				074A147915C7817E003B1953 /* MMAvailablePegsViewController.m */,
				074A147A15C7817F003B1953 /* MMAvailablePegsViewController.xib */,
				0722559F15C8149A008EFF3F /* MMCodePeg.h */,
				072255A015C8149A008EFF3F /* MMCodePeg.m */,
			);
			name = View;
			sourceTree = "<group>";
		};
		0776559E15CB575E00666F3F /* View */ = {
			isa = PBXGroup;
			children = (
				075BA91115C60DE5002E0086 /* ViewControllerSpec.m */,
				074A147615C77D7C003B1953 /* MMSecretCodeViewControllerSpec.m */,
				074A148115C799DA003B1953 /* MMAvailablePegsViewControllerSpec.m */,
				072255A315C814CF008EFF3F /* MMCodePegSpec.m */,
			);
			name = View;
			sourceTree = "<group>";
		};
		0784EEF415C9650500D0A738 /* ConciseKit */ = {
			isa = PBXGroup;
			children = (
				0784EEF615C9651600D0A738 /* CKAdditions.h */,
				0784EEF715C9651600D0A738 /* CKMacros.h */,
				0784EEF815C9651600D0A738 /* CKSingleton.h */,
				0784EEF915C9651600D0A738 /* ConciseKit.h */,
				0784EEFA15C9651600D0A738 /* ConciseKit.m */,
				0784EEFB15C9651600D0A738 /* NSArray+ConciseKit.h */,
				0784EEFC15C9651600D0A738 /* NSArray+ConciseKit.m */,
				0784EEFD15C9651600D0A738 /* NSDictionary+ConciseKit.h */,
				0784EEFE15C9651600D0A738 /* NSDictionary+ConciseKit.m */,
				0784EEFF15C9651600D0A738 /* NSString+ConciseKit.h */,
				0784EF0015C9651600D0A738 /* NSString+ConciseKit.m */,
			);
			name = ConciseKit;
			sourceTree = "<group>";
		};
		F812EF84152BC6E1005E5D13 /* AcceptanceTests */ = {
			isa = PBXGroup;
			children = (
				F812EF85152BC6E1005E5D13 /* cslim */,
				075BA91415C60DF9002E0086 /* GuessChecker.h */,
				075BA91515C60DF9002E0086 /* GuessChecker.m */,
				0722559515C80D58008EFF3F /* GameRunner.h */,
				0722559615C80D58008EFF3F /* GameRunner.m */,
			);
			path = AcceptanceTests;
			sourceTree = "<group>";
		};
		F812EF85152BC6E1005E5D13 /* cslim */ = {
			isa = PBXGroup;
			children = (
				F812EF86152BC6E1005E5D13 /* src */,
				F812EF9E152BC6E1005E5D13 /* include */,
				F812EFAE152BC6E1005E5D13 /* SupportingFiles */,
				F812EFB8152BC6E1005E5D13 /* bin */,
			);
			name = cslim;
			sourceTree = "<group>";
		};
		F812EF86152BC6E1005E5D13 /* src */ = {
			isa = PBXGroup;
			children = (
				F812EF87152BC6E1005E5D13 /* Com */,
				F812EF8C152BC6E1005E5D13 /* CSlim */,
				F812EF9B152BC6E1005E5D13 /* ExecutorObjectiveC */,
			);
			name = src;
			sourceTree = "<group>";
		};
		F812EF87152BC6E1005E5D13 /* Com */ = {
			isa = PBXGroup;
			children = (
				F812EF88152BC6E1005E5D13 /* SocketServer.c */,
				F812EF8A152BC6E1005E5D13 /* TcpComLink.c */,
			);
			name = Com;
			sourceTree = "<group>";
		};
		F812EF8C152BC6E1005E5D13 /* CSlim */ = {
			isa = PBXGroup;
			children = (
				F812EF8D152BC6E1005E5D13 /* ListExecutor.c */,
				F812EF8F152BC6E1005E5D13 /* Slim.c */,
				F812EF91152BC6E1005E5D13 /* SlimConnectionHandler.c */,
				F812EF93152BC6E1005E5D13 /* SlimList.c */,
				F812EF95152BC6E1005E5D13 /* SlimListDeserializer.c */,
				F812EF97152BC6E1005E5D13 /* SlimListSerializer.c */,
				F812EF99152BC6E1005E5D13 /* SlimUtil.c */,
			);
			name = CSlim;
			sourceTree = "<group>";
		};
		F812EF9B152BC6E1005E5D13 /* ExecutorObjectiveC */ = {
			isa = PBXGroup;
			children = (
				F812EF9C152BC6E1005E5D13 /* StatementExecutor.m */,
			);
			name = ExecutorObjectiveC;
			sourceTree = "<group>";
		};
		F812EF9E152BC6E1005E5D13 /* include */ = {
			isa = PBXGroup;
			children = (
				F812EF9F152BC6E1005E5D13 /* Com */,
				F812EFA2152BC6E1005E5D13 /* CSlim */,
				F812EFAC152BC6E1005E5D13 /* ExecutorC */,
			);
			name = include;
			sourceTree = "<group>";
		};
		F812EF9F152BC6E1005E5D13 /* Com */ = {
			isa = PBXGroup;
			children = (
				F812EFA0152BC6E1005E5D13 /* SocketServer.h */,
				F812EFA1152BC6E1005E5D13 /* TcpComLink.h */,
			);
			name = Com;
			sourceTree = "<group>";
		};
		F812EFA2152BC6E1005E5D13 /* CSlim */ = {
			isa = PBXGroup;
			children = (
				F812EFA3152BC6E1005E5D13 /* Fixtures.h */,
				F812EFA4152BC6E1005E5D13 /* ListExecutor.h */,
				F812EFA5152BC6E1005E5D13 /* Slim.h */,
				F812EFA6152BC6E1005E5D13 /* SlimConnectionHandler.h */,
				F812EFA7152BC6E1005E5D13 /* SlimList.h */,
				F812EFA8152BC6E1005E5D13 /* SlimListDeserializer.h */,
				F812EFA9152BC6E1005E5D13 /* SlimListSerializer.h */,
				F812EFAA152BC6E1005E5D13 /* SlimUtil.h */,
				F812EFAB152BC6E1005E5D13 /* StatementExecutor.h */,
			);
			name = CSlim;
			sourceTree = "<group>";
		};
		F812EFAC152BC6E1005E5D13 /* ExecutorC */ = {
			isa = PBXGroup;
			children = (
				F812EFAD152BC6E1005E5D13 /* SymbolTable.h */,
			);
			name = ExecutorC;
			sourceTree = "<group>";
		};
		F812EFAE152BC6E1005E5D13 /* SupportingFiles */ = {
			isa = PBXGroup;
			children = (
				F812EFAF152BC6E1005E5D13 /* fitnesse.jar */,
				F812EFB0152BC6E1005E5D13 /* Fixtures.m */,
				F812EFB2152BC6E1005E5D13 /* InfoPlist.strings */,
				F812EFB4152BC6E1005E5D13 /* iPhone-Prefix.pch */,
				F812EFB6152BC6E1005E5D13 /* Main.c */,
			);
			name = SupportingFiles;
			sourceTree = "<group>";
		};
		F812EFB8152BC6E1005E5D13 /* bin */ = {
			isa = PBXGroup;
			children = (
				F812EFBB152BC6E1005E5D13 /* StartFitnesse */,
				F812EFB9152BC6E1005E5D13 /* iPhoneRunner */,
			);
			name = bin;
			sourceTree = "<group>";
		};
		F812EFB9152BC6E1005E5D13 /* iPhoneRunner */ = {
			isa = PBXGroup;
			children = (
				F812EFBA152BC6E1005E5D13 /* OneTimeSetup */,
				F812EFBC152BC6E1005E5D13 /* RunSlimTests */,
				F812EFBD152BC6E1005E5D13 /* RunSlimTestsHeadless */,
				F812EFBE152BC6E1005E5D13 /* RunSlimTestsOnSimulator */,
				F812EFBF152BC6E1005E5D13 /* RunSlimTestsTargetWithSlimPort */,
			);
			name = iPhoneRunner;
			sourceTree = "<group>";
		};
		F812EFD0152BC795005E5D13 /* Specs */ = {
			isa = PBXGroup;
			children = (
				F812EFD1152BC795005E5D13 /* OCDSpec */,
				0776559E15CB575E00666F3F /* View */,
				075BA91015C60DE5002E0086 /* MMCodeSpec.m */,
				0722559D15C80F17008EFF3F /* MMGameSpec.m */,
			);
			path = Specs;
			sourceTree = "<group>";
		};
		F812EFD1152BC795005E5D13 /* OCDSpec */ = {
			isa = PBXGroup;
			children = (
				F812EFD5152BC795005E5D13 /* OCDSpecDescription.h */,
				F812EFD6152BC795005E5D13 /* OCDSpecDescription.m */,
				F812EFD8152BC795005E5D13 /* OCDSpecDescriptionRunner.h */,
				F812EFD9152BC795005E5D13 /* OCDSpecDescriptionRunner.m */,
				F812EFDB152BC795005E5D13 /* OCDSpecExample.h */,
				F812EFDC152BC795005E5D13 /* OCDSpecExample.m */,
				F812EFDE152BC795005E5D13 /* OCDSpecExpectation.h */,
				F812EFDF152BC795005E5D13 /* OCDSpecExpectation.m */,
				F812EFE1152BC795005E5D13 /* OCDSpecFail.h */,
				F812EFE2152BC795005E5D13 /* OCDSpecFail.m */,
				F812EFE4152BC795005E5D13 /* OCDSpecOutputter.h */,
				F812EFE5152BC795005E5D13 /* OCDSpecOutputter.m */,
				F812EFE7152BC795005E5D13 /* OCDSpecSharedResults.h */,
				F812EFE8152BC795005E5D13 /* OCDSpecSharedResults.m */,
				F812EFEA152BC795005E5D13 /* VoidBlock.h */,
				F812EFF5152BC795005E5D13 /* OCDSpec.h */,
				F812EFFB152BC795005E5D13 /* iPhone-Prefix.pch */,
				F812EFD2152BC795005E5D13 /* Protocols */,
				F812EFEB152BC795005E5D13 /* Contract */,
				F812EFF6152BC795005E5D13 /* Programs */,
			);
			name = OCDSpec;
			sourceTree = "<group>";
		};
		F812EFD2152BC795005E5D13 /* Protocols */ = {
			isa = PBXGroup;
			children = (
				F812EFD3152BC795005E5D13 /* DescriptionRunner.h */,
				F812EFD4152BC795005E5D13 /* Example.h */,
			);
			name = Protocols;
			sourceTree = "<group>";
		};
		F812EFEB152BC795005E5D13 /* Contract */ = {
			isa = PBXGroup;
			children = (
				F812EFEC152BC795005E5D13 /* OCDSpecPreCondition.h */,
				F812EFED152BC795005E5D13 /* OCDSpecPreCondition.m */,
				F812EFEF152BC795005E5D13 /* OCDSpecPostCondition.h */,
				F812EFF0152BC795005E5D13 /* OCDSpecPostCondition.m */,
				F812EFF2152BC795005E5D13 /* OCDSpecCondition.m */,
				F812EFF4152BC795005E5D13 /* OCDSpecCondition.h */,
			);
			name = Contract;
			sourceTree = "<group>";
		};
		F812EFF6152BC795005E5D13 /* Programs */ = {
			isa = PBXGroup;
			children = (
				F812EFF7152BC795005E5D13 /* unitTestMain.m */,
				F812EFF9152BC795005E5D13 /* RunIPhoneUnitTest.sh */,
			);
			name = Programs;
			sourceTree = "<group>";
		};
		F83ABA251528A964006FB6EC = {
			isa = PBXGroup;
			children = (
				0784EEF415C9650500D0A738 /* ConciseKit */,
				F83ABA3A1528A964006FB6EC /* MasterMind */,
				F812EF84152BC6E1005E5D13 /* AcceptanceTests */,
				F812EFD0152BC795005E5D13 /* Specs */,
				F83ABA331528A964006FB6EC /* Frameworks */,
				F83ABA311528A964006FB6EC /* Products */,
			);
			sourceTree = "<group>";
		};
		F83ABA311528A964006FB6EC /* Products */ = {
			isa = PBXGroup;
			children = (
				F83ABA301528A964006FB6EC /* MasterMind.app */,
				F812EF7F152BC6E1005E5D13 /* AcceptanceTests.app */,
				F812EFCB152BC795005E5D13 /* Specs.app */,
			);
			name = Products;
			sourceTree = "<group>";
		};
		F83ABA331528A964006FB6EC /* Frameworks */ = {
			isa = PBXGroup;
			children = (
				F83ABA341528A964006FB6EC /* UIKit.framework */,
				F83ABA361528A964006FB6EC /* Foundation.framework */,
				F83ABA381528A964006FB6EC /* CoreGraphics.framework */,
			);
			name = Frameworks;
			sourceTree = "<group>";
		};
		F83ABA3A1528A964006FB6EC /* MasterMind */ = {
			isa = PBXGroup;
			children = (
				075BA91915C6BD8A002E0086 /* View */,
				F83ABA431528A964006FB6EC /* AppDelegate.h */,
				F83ABA441528A964006FB6EC /* AppDelegate.m */,
				F83ABA461528A964006FB6EC /* ViewController.h */,
				F83ABA471528A964006FB6EC /* ViewController.m */,
				075BA90B15C60DD5002E0086 /* MMCode.h */,
				075BA90C15C60DD5002E0086 /* MMCode.m */,
				F83ABA491528A964006FB6EC /* ViewController_iPhone.xib */,
				F83ABA4C1528A964006FB6EC /* ViewController_iPad.xib */,
				F83ABA3B1528A964006FB6EC /* Supporting Files */,
				0722559815C80E6E008EFF3F /* MMGame.h */,
				0722559915C80E6E008EFF3F /* MMGame.m */,
			);
			path = MasterMind;
			sourceTree = "<group>";
		};
		F83ABA3B1528A964006FB6EC /* Supporting Files */ = {
			isa = PBXGroup;
			children = (
				0722557315C80AB3008EFF3F /* pegs */,
				F83ABA3C1528A964006FB6EC /* MasterMind-Info.plist */,
				F83ABA3D1528A964006FB6EC /* InfoPlist.strings */,
				F83ABA401528A964006FB6EC /* main.m */,
				F83ABA421528A964006FB6EC /* MasterMind-Prefix.pch */,
			);
			name = "Supporting Files";
			sourceTree = "<group>";
		};
/* End PBXGroup section */

/* Begin PBXNativeTarget section */
		F812EF7E152BC6E1005E5D13 /* AcceptanceTests */ = {
			isa = PBXNativeTarget;
			buildConfigurationList = F812EFC4152BC6E1005E5D13 /* Build configuration list for PBXNativeTarget "AcceptanceTests" */;
			buildPhases = (
				F812EF7A152BC6E1005E5D13 /* Sources */,
				F812EF7B152BC6E1005E5D13 /* Frameworks */,
				F812EF7C152BC6E1005E5D13 /* Resources */,
				F812EF7D152BC6E1005E5D13 /* ShellScript */,
			);
			buildRules = (
			);
			dependencies = (
			);
			name = AcceptanceTests;
			productName = AcceptanceTests;
			productReference = F812EF7F152BC6E1005E5D13 /* AcceptanceTests.app */;
			productType = "com.apple.product-type.application";
		};
		F812EFCA152BC795005E5D13 /* Specs */ = {
			isa = PBXNativeTarget;
			buildConfigurationList = F812EFFD152BC795005E5D13 /* Build configuration list for PBXNativeTarget "Specs" */;
			buildPhases = (
				F812EFC6152BC795005E5D13 /* Sources */,
				F812EFC7152BC795005E5D13 /* Frameworks */,
				F812EFC8152BC795005E5D13 /* Resources */,
				F812EFC9152BC795005E5D13 /* ShellScript */,
			);
			buildRules = (
			);
			dependencies = (
			);
			name = Specs;
			productName = Specs;
			productReference = F812EFCB152BC795005E5D13 /* Specs.app */;
			productType = "com.apple.product-type.application";
		};
		F83ABA2F1528A964006FB6EC /* MasterMind */ = {
			isa = PBXNativeTarget;
			buildConfigurationList = F83ABA511528A964006FB6EC /* Build configuration list for PBXNativeTarget "MasterMind" */;
			buildPhases = (
				F83ABA2C1528A964006FB6EC /* Sources */,
				F83ABA2D1528A964006FB6EC /* Frameworks */,
				F83ABA2E1528A964006FB6EC /* Resources */,
			);
			buildRules = (
			);
			dependencies = (
			);
			name = MasterMind;
			productName = MasterMind;
			productReference = F83ABA301528A964006FB6EC /* MasterMind.app */;
			productType = "com.apple.product-type.application";
		};
/* End PBXNativeTarget section */

/* Begin PBXProject section */
		F83ABA271528A964006FB6EC /* Project object */ = {
			isa = PBXProject;
			attributes = {
				LastUpgradeCheck = 0430;
			};
			buildConfigurationList = F83ABA2A1528A964006FB6EC /* Build configuration list for PBXProject "MasterMind" */;
			compatibilityVersion = "Xcode 3.2";
			developmentRegion = English;
			hasScannedForEncodings = 0;
			knownRegions = (
				en,
			);
			mainGroup = F83ABA251528A964006FB6EC;
			productRefGroup = F83ABA311528A964006FB6EC /* Products */;
			projectDirPath = "";
			projectRoot = "";
			targets = (
				F83ABA2F1528A964006FB6EC /* MasterMind */,
				F812EF7E152BC6E1005E5D13 /* AcceptanceTests */,
				F812EFCA152BC795005E5D13 /* Specs */,
			);
		};
/* End PBXProject section */

/* Begin PBXResourcesBuildPhase section */
		F812EF7C152BC6E1005E5D13 /* Resources */ = {
			isa = PBXResourcesBuildPhase;
			buildActionMask = 2147483647;
			files = (
				F812EFB3152BC6E1005E5D13 /* InfoPlist.strings in Resources */,
				F812EFB5152BC6E1005E5D13 /* iPhone-Prefix.pch in Resources */,
				074A146D15C74A14003B1953 /* MMSecretCodeViewController.xib in Resources */,
				074A147F15C7817F003B1953 /* MMAvailablePegsViewController.xib in Resources */,
				0722557D15C80AB3008EFF3F /* blue_peg.png in Resources */,
				0722558015C80AB3008EFF3F /* blue_peg_active.png in Resources */,
				0722558315C80AB3008EFF3F /* orange_peg.png in Resources */,
				0722558615C80AB3008EFF3F /* orange_peg_active.png in Resources */,
				0722558915C80AB3008EFF3F /* red_peg.png in Resources */,
				0722558C15C80AB3008EFF3F /* red_peg_active.png in Resources */,
				0722558F15C80AB3008EFF3F /* yellow_peg.png in Resources */,
				0722559215C80AB3008EFF3F /* yellow_peg_active.png in Resources */,
			);
			runOnlyForDeploymentPostprocessing = 0;
		};
		F812EFC8152BC795005E5D13 /* Resources */ = {
			isa = PBXResourcesBuildPhase;
			buildActionMask = 2147483647;
			files = (
				F812EFFA152BC795005E5D13 /* RunIPhoneUnitTest.sh in Resources */,
				F812EFFC152BC795005E5D13 /* iPhone-Prefix.pch in Resources */,
				074A146E15C74A14003B1953 /* MMSecretCodeViewController.xib in Resources */,
				074A148015C7817F003B1953 /* MMAvailablePegsViewController.xib in Resources */,
				0722557E15C80AB3008EFF3F /* blue_peg.png in Resources */,
				0722558115C80AB3008EFF3F /* blue_peg_active.png in Resources */,
				0722558415C80AB3008EFF3F /* orange_peg.png in Resources */,
				0722558715C80AB3008EFF3F /* orange_peg_active.png in Resources */,
				0722558A15C80AB3008EFF3F /* red_peg.png in Resources */,
				0722558D15C80AB3008EFF3F /* red_peg_active.png in Resources */,
				0722559015C80AB3008EFF3F /* yellow_peg.png in Resources */,
				0722559315C80AB3008EFF3F /* yellow_peg_active.png in Resources */,
				077655A215CB5A0C00666F3F /* empty_peg.png in Resources */,
			);
			runOnlyForDeploymentPostprocessing = 0;
		};
		F83ABA2E1528A964006FB6EC /* Resources */ = {
			isa = PBXResourcesBuildPhase;
			buildActionMask = 2147483647;
			files = (
				F83ABA3F1528A964006FB6EC /* InfoPlist.strings in Resources */,
				F83ABA4B1528A964006FB6EC /* ViewController_iPhone.xib in Resources */,
				F83ABA4E1528A964006FB6EC /* ViewController_iPad.xib in Resources */,
				074A146C15C74A14003B1953 /* MMSecretCodeViewController.xib in Resources */,
				074A147E15C7817F003B1953 /* MMAvailablePegsViewController.xib in Resources */,
				0722557C15C80AB3008EFF3F /* blue_peg.png in Resources */,
				0722557F15C80AB3008EFF3F /* blue_peg_active.png in Resources */,
				0722558215C80AB3008EFF3F /* orange_peg.png in Resources */,
				0722558515C80AB3008EFF3F /* orange_peg_active.png in Resources */,
				0722558815C80AB3008EFF3F /* red_peg.png in Resources */,
				0722558B15C80AB3008EFF3F /* red_peg_active.png in Resources */,
				0722558E15C80AB3008EFF3F /* yellow_peg.png in Resources */,
				0722559115C80AB3008EFF3F /* yellow_peg_active.png in Resources */,
				077655A115CB5A0C00666F3F /* empty_peg.png in Resources */,
			);
			runOnlyForDeploymentPostprocessing = 0;
		};
/* End PBXResourcesBuildPhase section */

/* Begin PBXShellScriptBuildPhase section */
		F812EF7D152BC6E1005E5D13 /* ShellScript */ = {
			isa = PBXShellScriptBuildPhase;
			buildActionMask = 2147483647;
			files = (
			);
			inputPaths = (
			);
			outputPaths = (
			);
			runOnlyForDeploymentPostprocessing = 0;
			shellPath = /bin/sh;
			shellScript = ./bin/iPhoneRunner/RunSlimTests;
		};
		F812EFC9152BC795005E5D13 /* ShellScript */ = {
			isa = PBXShellScriptBuildPhase;
			buildActionMask = 2147483647;
			files = (
			);
			inputPaths = (
			);
			outputPaths = (
			);
			runOnlyForDeploymentPostprocessing = 0;
			shellPath = /bin/sh;
			shellScript = "chmod +x ${SOURCE_ROOT}/${TARGET_NAME}/OCDSpec/OCDSpec/Programs/RunIPhoneUnitTest.sh\n              ${SOURCE_ROOT}/${TARGET_NAME}/OCDSpec/OCDSpec/Programs/RunIPhoneUnitTest.sh";
		};
/* End PBXShellScriptBuildPhase section */

/* Begin PBXSourcesBuildPhase section */
		F812EF7A152BC6E1005E5D13 /* Sources */ = {
			isa = PBXSourcesBuildPhase;
			buildActionMask = 2147483647;
			files = (
				F812EF89152BC6E1005E5D13 /* SocketServer.c in Sources */,
				F812EF8B152BC6E1005E5D13 /* TcpComLink.c in Sources */,
				F812EF8E152BC6E1005E5D13 /* ListExecutor.c in Sources */,
				F812EF90152BC6E1005E5D13 /* Slim.c in Sources */,
				F812EF92152BC6E1005E5D13 /* SlimConnectionHandler.c in Sources */,
				F812EF94152BC6E1005E5D13 /* SlimList.c in Sources */,
				F812EF96152BC6E1005E5D13 /* SlimListDeserializer.c in Sources */,
				F812EF98152BC6E1005E5D13 /* SlimListSerializer.c in Sources */,
				F812EF9A152BC6E1005E5D13 /* SlimUtil.c in Sources */,
				F812EF9D152BC6E1005E5D13 /* StatementExecutor.m in Sources */,
				F812EFB1152BC6E1005E5D13 /* Fixtures.m in Sources */,
				F812EFB7152BC6E1005E5D13 /* Main.c in Sources */,
				075BA90E15C60DD5002E0086 /* MMCode.m in Sources */,
				075BA91615C60DF9002E0086 /* GuessChecker.m in Sources */,
				0722559715C80D58008EFF3F /* GameRunner.m in Sources */,
				0722559B15C80E6E008EFF3F /* MMGame.m in Sources */,
				0784EF0215C9651600D0A738 /* ConciseKit.m in Sources */,
				0784EF0515C9651600D0A738 /* NSArray+ConciseKit.m in Sources */,
				0784EF0815C9651600D0A738 /* NSDictionary+ConciseKit.m in Sources */,
				0784EF0B15C9651600D0A738 /* NSString+ConciseKit.m in Sources */,
			);
			runOnlyForDeploymentPostprocessing = 0;
		};
		F812EFC6152BC795005E5D13 /* Sources */ = {
			isa = PBXSourcesBuildPhase;
			buildActionMask = 2147483647;
			files = (
				F812EFD7152BC795005E5D13 /* OCDSpecDescription.m in Sources */,
				F812EFDA152BC795005E5D13 /* OCDSpecDescriptionRunner.m in Sources */,
				F812EFDD152BC795005E5D13 /* OCDSpecExample.m in Sources */,
				F812EFE0152BC795005E5D13 /* OCDSpecExpectation.m in Sources */,
				F812EFE3152BC795005E5D13 /* OCDSpecFail.m in Sources */,
				F812EFE6152BC795005E5D13 /* OCDSpecOutputter.m in Sources */,
				F812EFE9152BC795005E5D13 /* OCDSpecSharedResults.m in Sources */,
				F812EFEE152BC795005E5D13 /* OCDSpecPreCondition.m in Sources */,
				F812EFF1152BC795005E5D13 /* OCDSpecPostCondition.m in Sources */,
				F812EFF3152BC795005E5D13 /* OCDSpecCondition.m in Sources */,
				F812EFF8152BC795005E5D13 /* unitTestMain.m in Sources */,
				F8C3EDFA152BD372005F7183 /* ViewController.m in Sources */,
				075BA90F15C60DD5002E0086 /* MMCode.m in Sources */,
				075BA91215C60DE5002E0086 /* MMCodeSpec.m in Sources */,
				075BA91315C60DE5002E0086 /* ViewControllerSpec.m in Sources */,
				074A146B15C74A14003B1953 /* MMSecretCodeViewController.m in Sources */,
				074A147715C77D7C003B1953 /* MMSecretCodeViewControllerSpec.m in Sources */,
				074A147D15C7817F003B1953 /* MMAvailablePegsViewController.m in Sources */,
				074A148215C799DA003B1953 /* MMAvailablePegsViewControllerSpec.m in Sources */,
				0722559C15C80E6E008EFF3F /* MMGame.m in Sources */,
				0722559E15C80F17008EFF3F /* MMGameSpec.m in Sources */,
				072255A215C8149A008EFF3F /* MMCodePeg.m in Sources */,
				072255A415C814CF008EFF3F /* MMCodePegSpec.m in Sources */,
				0784EF0315C9651600D0A738 /* ConciseKit.m in Sources */,
				0784EF0615C9651600D0A738 /* NSArray+ConciseKit.m in Sources */,
				0784EF0915C9651600D0A738 /* NSDictionary+ConciseKit.m in Sources */,
				0784EF0C15C9651600D0A738 /* NSString+ConciseKit.m in Sources */,
			);
			runOnlyForDeploymentPostprocessing = 0;
		};
		F83ABA2C1528A964006FB6EC /* Sources */ = {
			isa = PBXSourcesBuildPhase;
			buildActionMask = 2147483647;
			files = (
				F83ABA411528A964006FB6EC /* main.m in Sources */,
				F83ABA451528A964006FB6EC /* AppDelegate.m in Sources */,
				F83ABA481528A964006FB6EC /* ViewController.m in Sources */,
				075BA90D15C60DD5002E0086 /* MMCode.m in Sources */,
				074A146915C74A14003B1953 /* MMSecretCodeViewController.m in Sources */,
				074A147B15C7817F003B1953 /* MMAvailablePegsViewController.m in Sources */,
				0722559A15C80E6E008EFF3F /* MMGame.m in Sources */,
				072255A115C8149A008EFF3F /* MMCodePeg.m in Sources */,
				0784EF0115C9651600D0A738 /* ConciseKit.m in Sources */,
				0784EF0415C9651600D0A738 /* NSArray+ConciseKit.m in Sources */,
				0784EF0715C9651600D0A738 /* NSDictionary+ConciseKit.m in Sources */,
				0784EF0A15C9651600D0A738 /* NSString+ConciseKit.m in Sources */,
			);
			runOnlyForDeploymentPostprocessing = 0;
		};
/* End PBXSourcesBuildPhase section */

/* Begin PBXVariantGroup section */
		F83ABA3D1528A964006FB6EC /* InfoPlist.strings */ = {
			isa = PBXVariantGroup;
			children = (
				F83ABA3E1528A964006FB6EC /* en */,
			);
			name = InfoPlist.strings;
			sourceTree = "<group>";
		};
		F83ABA491528A964006FB6EC /* ViewController_iPhone.xib */ = {
			isa = PBXVariantGroup;
			children = (
				F83ABA4A1528A964006FB6EC /* en */,
			);
			name = ViewController_iPhone.xib;
			sourceTree = "<group>";
		};
		F83ABA4C1528A964006FB6EC /* ViewController_iPad.xib */ = {
			isa = PBXVariantGroup;
			children = (
				F83ABA4D1528A964006FB6EC /* en */,
			);
			name = ViewController_iPad.xib;
			sourceTree = "<group>";
		};
/* End PBXVariantGroup section */

/* Begin XCBuildConfiguration section */
		F812EFC2152BC6E1005E5D13 /* Debug */ = {
			isa = XCBuildConfiguration;
			buildSettings = {
				ALWAYS_SEARCH_USER_PATHS = NO;
				"CODE_SIGN_IDENTITY[sdk=iphoneos*]" = "iPhone Developer";
				COPY_PHASE_STRIP = NO;
				GCC_DYNAMIC_NO_PIC = NO;
				GCC_PRECOMPILE_PREFIX_HEADER = YES;
				GCC_PREFIX_HEADER = "AcceptanceTests/SupportingFiles/iPhone-Prefix.pch";
				GCC_PREPROCESSOR_DEFINITIONS = DEBUG;
				GCC_VERSION = com.apple.compilers.llvm.clang.1_0;
				GCC_WARN_ABOUT_MISSING_PROTOTYPES = NO;
				INFOPLIST_FILE = "";
				PRODUCT_NAME = "$(TARGET_NAME)";
				WRAPPER_EXTENSION = app;
			};
			name = Debug;
		};
		F812EFC3152BC6E1005E5D13 /* Release */ = {
			isa = XCBuildConfiguration;
			buildSettings = {
				ALWAYS_SEARCH_USER_PATHS = NO;
				"CODE_SIGN_IDENTITY[sdk=iphoneos*]" = "iPhone Developer";
				COPY_PHASE_STRIP = YES;
				GCC_PRECOMPILE_PREFIX_HEADER = YES;
				GCC_PREFIX_HEADER = "AcceptanceTests/SupportingFiles/iPhone-Prefix.pch";
				GCC_VERSION = com.apple.compilers.llvm.clang.1_0;
				GCC_WARN_ABOUT_MISSING_PROTOTYPES = NO;
				INFOPLIST_FILE = "";
				PRODUCT_NAME = "$(TARGET_NAME)";
				VALIDATE_PRODUCT = YES;
				WRAPPER_EXTENSION = app;
			};
			name = Release;
		};
		F812EFFE152BC795005E5D13 /* Debug */ = {
			isa = XCBuildConfiguration;
			buildSettings = {
				ALWAYS_SEARCH_USER_PATHS = NO;
				"CODE_SIGN_IDENTITY[sdk=iphoneos*]" = "iPhone Developer";
				COPY_PHASE_STRIP = NO;
				GCC_DYNAMIC_NO_PIC = NO;
				GCC_PRECOMPILE_PREFIX_HEADER = YES;
				GCC_PREFIX_HEADER = "${TARGET_NAME}/OCDSpec/OCDSpec/iPhone-Prefix.pch";
				GCC_PREPROCESSOR_DEFINITIONS = DEBUG;
				GCC_VERSION = com.apple.compilers.llvm.clang.1_0;
				GCC_WARN_ABOUT_MISSING_PROTOTYPES = NO;
				HEADER_SEARCH_PATHS = "${SOURCE_ROOT}/${TARGET_NAME}/OCDSpec";
				INFOPLIST_FILE = "";
				OTHER_LDFLAGS = (
					"-ObjC",
					"-all_load",
				);
				PRODUCT_NAME = "$(TARGET_NAME)";
				WRAPPER_EXTENSION = app;
			};
			name = Debug;
		};
		F812EFFF152BC795005E5D13 /* Release */ = {
			isa = XCBuildConfiguration;
			buildSettings = {
				ALWAYS_SEARCH_USER_PATHS = NO;
				"CODE_SIGN_IDENTITY[sdk=iphoneos*]" = "iPhone Developer";
				COPY_PHASE_STRIP = YES;
				GCC_PRECOMPILE_PREFIX_HEADER = YES;
				GCC_PREFIX_HEADER = "${TARGET_NAME}/OCDSpec/OCDSpec/iPhone-Prefix.pch";
				GCC_VERSION = com.apple.compilers.llvm.clang.1_0;
				GCC_WARN_ABOUT_MISSING_PROTOTYPES = NO;
				HEADER_SEARCH_PATHS = "${SOURCE_ROOT}/${TARGET_NAME}/OCDSpec";
				INFOPLIST_FILE = "";
				OTHER_LDFLAGS = (
					"-ObjC",
					"-all_load",
				);
				PRODUCT_NAME = "$(TARGET_NAME)";
				VALIDATE_PRODUCT = YES;
				WRAPPER_EXTENSION = app;
			};
			name = Release;
		};
		F83ABA4F1528A964006FB6EC /* Debug */ = {
			isa = XCBuildConfiguration;
			buildSettings = {
				ALWAYS_SEARCH_USER_PATHS = NO;
				ARCHS = "$(ARCHS_STANDARD_32_BIT)";
				"CODE_SIGN_IDENTITY[sdk=iphoneos*]" = "iPhone Developer";
				COPY_PHASE_STRIP = NO;
				GCC_C_LANGUAGE_STANDARD = gnu99;
				GCC_DYNAMIC_NO_PIC = NO;
				GCC_OPTIMIZATION_LEVEL = 0;
				GCC_PREPROCESSOR_DEFINITIONS = (
					"DEBUG=1",
					"$(inherited)",
				);
				GCC_SYMBOLS_PRIVATE_EXTERN = NO;
				GCC_VERSION = com.apple.compilers.llvm.clang.1_0;
				GCC_WARN_ABOUT_MISSING_PROTOTYPES = YES;
				GCC_WARN_ABOUT_RETURN_TYPE = YES;
				GCC_WARN_UNUSED_VARIABLE = YES;
				IPHONEOS_DEPLOYMENT_TARGET = 5.0;
				SDKROOT = iphoneos;
				TARGETED_DEVICE_FAMILY = "1,2";
			};
			name = Debug;
		};
		F83ABA501528A964006FB6EC /* Release */ = {
			isa = XCBuildConfiguration;
			buildSettings = {
				ALWAYS_SEARCH_USER_PATHS = NO;
				ARCHS = "$(ARCHS_STANDARD_32_BIT)";
				"CODE_SIGN_IDENTITY[sdk=iphoneos*]" = "iPhone Developer";
				COPY_PHASE_STRIP = YES;
				GCC_C_LANGUAGE_STANDARD = gnu99;
				GCC_VERSION = com.apple.compilers.llvm.clang.1_0;
				GCC_WARN_ABOUT_MISSING_PROTOTYPES = YES;
				GCC_WARN_ABOUT_RETURN_TYPE = YES;
				GCC_WARN_UNUSED_VARIABLE = YES;
				IPHONEOS_DEPLOYMENT_TARGET = 5.0;
				OTHER_CFLAGS = "-DNS_BLOCK_ASSERTIONS=1";
				SDKROOT = iphoneos;
				TARGETED_DEVICE_FAMILY = "1,2";
				VALIDATE_PRODUCT = YES;
			};
			name = Release;
		};
		F83ABA521528A964006FB6EC /* Debug */ = {
			isa = XCBuildConfiguration;
			buildSettings = {
				GCC_PRECOMPILE_PREFIX_HEADER = YES;
				GCC_PREFIX_HEADER = "MasterMind/MasterMind-Prefix.pch";
				INFOPLIST_FILE = "MasterMind/MasterMind-Info.plist";
				PRODUCT_NAME = "$(TARGET_NAME)";
				WRAPPER_EXTENSION = app;
			};
			name = Debug;
		};
		F83ABA531528A964006FB6EC /* Release */ = {
			isa = XCBuildConfiguration;
			buildSettings = {
				GCC_PRECOMPILE_PREFIX_HEADER = YES;
				GCC_PREFIX_HEADER = "MasterMind/MasterMind-Prefix.pch";
				INFOPLIST_FILE = "MasterMind/MasterMind-Info.plist";
				PRODUCT_NAME = "$(TARGET_NAME)";
				WRAPPER_EXTENSION = app;
			};
			name = Release;
		};
/* End XCBuildConfiguration section */

/* Begin XCConfigurationList section */
		F812EFC4152BC6E1005E5D13 /* Build configuration list for PBXNativeTarget "AcceptanceTests" */ = {
			isa = XCConfigurationList;
			buildConfigurations = (
				F812EFC2152BC6E1005E5D13 /* Debug */,
				F812EFC3152BC6E1005E5D13 /* Release */,
			);
			defaultConfigurationIsVisible = 0;
			defaultConfigurationName = Release;
		};
		F812EFFD152BC795005E5D13 /* Build configuration list for PBXNativeTarget "Specs" */ = {
			isa = XCConfigurationList;
			buildConfigurations = (
				F812EFFE152BC795005E5D13 /* Debug */,
				F812EFFF152BC795005E5D13 /* Release */,
			);
			defaultConfigurationIsVisible = 0;
			defaultConfigurationName = Release;
		};
		F83ABA2A1528A964006FB6EC /* Build configuration list for PBXProject "MasterMind" */ = {
			isa = XCConfigurationList;
			buildConfigurations = (
				F83ABA4F1528A964006FB6EC /* Debug */,
				F83ABA501528A964006FB6EC /* Release */,
			);
			defaultConfigurationIsVisible = 0;
			defaultConfigurationName = Release;
		};
		F83ABA511528A964006FB6EC /* Build configuration list for PBXNativeTarget "MasterMind" */ = {
			isa = XCConfigurationList;
			buildConfigurations = (
				F83ABA521528A964006FB6EC /* Debug */,
				F83ABA531528A964006FB6EC /* Release */,
			);
			defaultConfigurationIsVisible = 0;
			defaultConfigurationName = Release;
		};
/* End XCConfigurationList section */
	};
	rootObject = F83ABA271528A964006FB6EC /* Project object */;
}
