// !$*UTF8*$!
{
	archiveVersion = 1;
	classes = {
	};
	objectVersion = 46;
	objects = {

/* Begin PBXAggregateTarget section */
		078E04E315CED4A10086919A /* AllTests */ = {
			isa = PBXAggregateTarget;
			buildConfigurationList = 078E04E415CED4A10086919A /* Build configuration list for PBXAggregateTarget "AllTests" */;
			buildPhases = (
			);
			dependencies = (
				07F5071B15CF074F008619EF /* PBXTargetDependency */,
				078E04E815CED4AE0086919A /* PBXTargetDependency */,
			);
			name = AllTests;
			productName = AllTests;
		};
/* End PBXAggregateTarget section */

/* Begin PBXBuildFile section */
		07007C8D15D089BA00EB3BE3 /* MockMMGame.m in Sources */ = {isa = PBXBuildFile; fileRef = 07007C8C15D089BA00EB3BE3 /* MockMMGame.m */; };
		07007C8F15D08A0000EB3BE3 /* MMGuessResultViewControllerSpec.m in Sources */ = {isa = PBXBuildFile; fileRef = 07007C8E15D08A0000EB3BE3 /* MMGuessResultViewControllerSpec.m */; };
		07007C9E15D08AB900EB3BE3 /* MMGuessResultViewController.m in Sources */ = {isa = PBXBuildFile; fileRef = 07007C9D15D08AB900EB3BE3 /* MMGuessResultViewController.m */; };
		07007C9F15D08AB900EB3BE3 /* MMGuessResultViewController.m in Sources */ = {isa = PBXBuildFile; fileRef = 07007C9D15D08AB900EB3BE3 /* MMGuessResultViewController.m */; };
		07007CA115D0AB2900EB3BE3 /* MMGuessResultSpec.m in Sources */ = {isa = PBXBuildFile; fileRef = 07007CA015D0AB2900EB3BE3 /* MMGuessResultSpec.m */; };
		07007CA815D0AB8900EB3BE3 /* MMGuessResult.m in Sources */ = {isa = PBXBuildFile; fileRef = 07007CA715D0AB8900EB3BE3 /* MMGuessResult.m */; };
		07007CA915D0AB8900EB3BE3 /* MMGuessResult.m in Sources */ = {isa = PBXBuildFile; fileRef = 07007CA715D0AB8900EB3BE3 /* MMGuessResult.m */; };
		07007CAA15D0AB8900EB3BE3 /* MMGuessResult.m in Sources */ = {isa = PBXBuildFile; fileRef = 07007CA715D0AB8900EB3BE3 /* MMGuessResult.m */; };
		07007CAE15D142DE00EB3BE3 /* MockMMPegListViewController.m in Sources */ = {isa = PBXBuildFile; fileRef = 07007CAD15D142DE00EB3BE3 /* MockMMPegListViewController.m */; };
		07007CB215D1481400EB3BE3 /* MockMMViewWithGame.m in Sources */ = {isa = PBXBuildFile; fileRef = 07007CB115D1481400EB3BE3 /* MockMMViewWithGame.m */; };
		07007CB415D14A9C00EB3BE3 /* MMGuessResultViewController.xib in Resources */ = {isa = PBXBuildFile; fileRef = 07007CB315D14A9C00EB3BE3 /* MMGuessResultViewController.xib */; };
		07007CB515D14A9C00EB3BE3 /* MMGuessResultViewController.xib in Resources */ = {isa = PBXBuildFile; fileRef = 07007CB315D14A9C00EB3BE3 /* MMGuessResultViewController.xib */; };
		0722557C15C80AB3008EFF3F /* square_blue_peg.png in Resources */ = {isa = PBXBuildFile; fileRef = 0722557415C80AB3008EFF3F /* square_blue_peg.png */; };
		0722558215C80AB3008EFF3F /* square_orange_peg.png in Resources */ = {isa = PBXBuildFile; fileRef = 0722557615C80AB3008EFF3F /* square_orange_peg.png */; };
		0722558815C80AB3008EFF3F /* square_red_peg.png in Resources */ = {isa = PBXBuildFile; fileRef = 0722557815C80AB3008EFF3F /* square_red_peg.png */; };
		0722558E15C80AB3008EFF3F /* square_yellow_peg.png in Resources */ = {isa = PBXBuildFile; fileRef = 0722557A15C80AB3008EFF3F /* square_yellow_peg.png */; };
		0722559715C80D58008EFF3F /* GameRunner.m in Sources */ = {isa = PBXBuildFile; fileRef = 0722559615C80D58008EFF3F /* GameRunner.m */; };
		0722559A15C80E6E008EFF3F /* MMGameImplementation.m in Sources */ = {isa = PBXBuildFile; fileRef = 0722559915C80E6E008EFF3F /* MMGameImplementation.m */; };
		0722559B15C80E6E008EFF3F /* MMGameImplementation.m in Sources */ = {isa = PBXBuildFile; fileRef = 0722559915C80E6E008EFF3F /* MMGameImplementation.m */; };
		072255A115C8149A008EFF3F /* MMCodePeg.m in Sources */ = {isa = PBXBuildFile; fileRef = 072255A015C8149A008EFF3F /* MMCodePeg.m */; };
		072D5DE215D6D62900F50E07 /* QuartzCore.framework in Frameworks */ = {isa = PBXBuildFile; fileRef = 072D5DE115D6D62900F50E07 /* QuartzCore.framework */; };
		072D5DE315D6D62F00F50E07 /* QuartzCore.framework in Frameworks */ = {isa = PBXBuildFile; fileRef = 072D5DE115D6D62900F50E07 /* QuartzCore.framework */; };
		072D5DE615D6D89600F50E07 /* square_green_peg.png in Resources */ = {isa = PBXBuildFile; fileRef = 072D5DE415D6D89600F50E07 /* square_green_peg.png */; };
		072D5DE715D6D89600F50E07 /* square_green_peg.png in Resources */ = {isa = PBXBuildFile; fileRef = 072D5DE415D6D89600F50E07 /* square_green_peg.png */; };
		072D5DE815D6D89600F50E07 /* square_purple_peg.png in Resources */ = {isa = PBXBuildFile; fileRef = 072D5DE515D6D89600F50E07 /* square_purple_peg.png */; };
		072D5DE915D6D89600F50E07 /* square_purple_peg.png in Resources */ = {isa = PBXBuildFile; fileRef = 072D5DE515D6D89600F50E07 /* square_purple_peg.png */; };
		07409D0E15CFE1BA006EEC84 /* libSpecKit.a in Frameworks */ = {isa = PBXBuildFile; fileRef = 07409D0D15CFE1BA006EEC84 /* libSpecKit.a */; };
		07478F0415D2861B00F2C90D /* MMGuessResultsViewControllerImplementation.m in Sources */ = {isa = PBXBuildFile; fileRef = 07478F0215D2861B00F2C90D /* MMGuessResultsViewControllerImplementation.m */; };
		07478F0515D2861B00F2C90D /* MMGuessResultsViewControllerImplementation.m in Sources */ = {isa = PBXBuildFile; fileRef = 07478F0215D2861B00F2C90D /* MMGuessResultsViewControllerImplementation.m */; };
		07478F0615D2861B00F2C90D /* MMGuessResultsViewControllerImplementation.xib in Resources */ = {isa = PBXBuildFile; fileRef = 07478F0315D2861B00F2C90D /* MMGuessResultsViewControllerImplementation.xib */; };
		07478F0715D2861B00F2C90D /* MMGuessResultsViewControllerImplementation.xib in Resources */ = {isa = PBXBuildFile; fileRef = 07478F0315D2861B00F2C90D /* MMGuessResultsViewControllerImplementation.xib */; };
		0749FD6315CCB40F00E8CB0A /* SocketServer.c in Sources */ = {isa = PBXBuildFile; fileRef = 0749FD6115CCB40F00E8CB0A /* SocketServer.c */; };
		0749FD6415CCB40F00E8CB0A /* TcpComLink.c in Sources */ = {isa = PBXBuildFile; fileRef = 0749FD6215CCB40F00E8CB0A /* TcpComLink.c */; };
		0749FD6D15CCB43100E8CB0A /* ListExecutor.c in Sources */ = {isa = PBXBuildFile; fileRef = 0749FD6615CCB43100E8CB0A /* ListExecutor.c */; };
		0749FD6E15CCB43100E8CB0A /* Slim.c in Sources */ = {isa = PBXBuildFile; fileRef = 0749FD6715CCB43100E8CB0A /* Slim.c */; };
		0749FD6F15CCB43100E8CB0A /* SlimConnectionHandler.c in Sources */ = {isa = PBXBuildFile; fileRef = 0749FD6815CCB43100E8CB0A /* SlimConnectionHandler.c */; };
		0749FD7015CCB43100E8CB0A /* SlimList.c in Sources */ = {isa = PBXBuildFile; fileRef = 0749FD6915CCB43100E8CB0A /* SlimList.c */; };
		0749FD7115CCB43100E8CB0A /* SlimListDeserializer.c in Sources */ = {isa = PBXBuildFile; fileRef = 0749FD6A15CCB43100E8CB0A /* SlimListDeserializer.c */; };
		0749FD7215CCB43100E8CB0A /* SlimListSerializer.c in Sources */ = {isa = PBXBuildFile; fileRef = 0749FD6B15CCB43100E8CB0A /* SlimListSerializer.c */; };
		0749FD7315CCB43100E8CB0A /* SlimUtil.c in Sources */ = {isa = PBXBuildFile; fileRef = 0749FD6C15CCB43100E8CB0A /* SlimUtil.c */; };
		074A146915C74A14003B1953 /* MMPegListViewController.m in Sources */ = {isa = PBXBuildFile; fileRef = 074A146715C74A14003B1953 /* MMPegListViewController.m */; };
		074A146C15C74A14003B1953 /* MMPegListViewController.xib in Resources */ = {isa = PBXBuildFile; fileRef = 074A146815C74A14003B1953 /* MMPegListViewController.xib */; };
		074A147B15C7817F003B1953 /* MMAvailableColorsViewController.m in Sources */ = {isa = PBXBuildFile; fileRef = 074A147915C7817E003B1953 /* MMAvailableColorsViewController.m */; };
		074A147E15C7817F003B1953 /* MMAvailableColorsViewController.xib in Resources */ = {isa = PBXBuildFile; fileRef = 074A147A15C7817F003B1953 /* MMAvailableColorsViewController.xib */; };
		0756C48B15CEDC1000613DE1 /* UIKit.framework in Frameworks */ = {isa = PBXBuildFile; fileRef = F83ABA341528A964006FB6EC /* UIKit.framework */; };
		0756C48C15CEDC1000613DE1 /* Foundation.framework in Frameworks */ = {isa = PBXBuildFile; fileRef = F83ABA361528A964006FB6EC /* Foundation.framework */; };
		0756C48D15CEDC1000613DE1 /* CoreGraphics.framework in Frameworks */ = {isa = PBXBuildFile; fileRef = F83ABA381528A964006FB6EC /* CoreGraphics.framework */; };
		0756C4B115CEDDBA00613DE1 /* MMGameImplementation.m in Sources */ = {isa = PBXBuildFile; fileRef = 0722559915C80E6E008EFF3F /* MMGameImplementation.m */; };
		0756C4B215CEDDCD00613DE1 /* ConciseKit.m in Sources */ = {isa = PBXBuildFile; fileRef = 0784EEFA15C9651600D0A738 /* ConciseKit.m */; settings = {COMPILER_FLAGS = "-fno-objc-arc"; }; };
		0756C4B315CEDDCD00613DE1 /* NSArray+ConciseKit.m in Sources */ = {isa = PBXBuildFile; fileRef = 0784EEFC15C9651600D0A738 /* NSArray+ConciseKit.m */; settings = {COMPILER_FLAGS = "-fno-objc-arc"; }; };
		0756C4B415CEDDCD00613DE1 /* NSDictionary+ConciseKit.m in Sources */ = {isa = PBXBuildFile; fileRef = 0784EEFE15C9651600D0A738 /* NSDictionary+ConciseKit.m */; settings = {COMPILER_FLAGS = "-fno-objc-arc"; }; };
		0756C4B515CEDDCD00613DE1 /* NSString+ConciseKit.m in Sources */ = {isa = PBXBuildFile; fileRef = 0784EF0015C9651600D0A738 /* NSString+ConciseKit.m */; settings = {COMPILER_FLAGS = "-fno-objc-arc"; }; };
		075BA91615C60DF9002E0086 /* GuessChecker.m in Sources */ = {isa = PBXBuildFile; fileRef = 075BA91515C60DF9002E0086 /* GuessChecker.m */; };
		07649C5F15D535190087111D /* Roboto-Thin.ttf in Resources */ = {isa = PBXBuildFile; fileRef = 07649C5E15D535190087111D /* Roboto-Thin.ttf */; };
		07649C6015D535190087111D /* Roboto-Thin.ttf in Resources */ = {isa = PBXBuildFile; fileRef = 07649C5E15D535190087111D /* Roboto-Thin.ttf */; };
		077655A115CB5A0C00666F3F /* empty_peg.png in Resources */ = {isa = PBXBuildFile; fileRef = 077655A015CB5A0C00666F3F /* empty_peg.png */; };
		0784EF0115C9651600D0A738 /* ConciseKit.m in Sources */ = {isa = PBXBuildFile; fileRef = 0784EEFA15C9651600D0A738 /* ConciseKit.m */; };
		0784EF0215C9651600D0A738 /* ConciseKit.m in Sources */ = {isa = PBXBuildFile; fileRef = 0784EEFA15C9651600D0A738 /* ConciseKit.m */; };
		0784EF0415C9651600D0A738 /* NSArray+ConciseKit.m in Sources */ = {isa = PBXBuildFile; fileRef = 0784EEFC15C9651600D0A738 /* NSArray+ConciseKit.m */; settings = {COMPILER_FLAGS = "-fno-objc-arc"; }; };
		0784EF0515C9651600D0A738 /* NSArray+ConciseKit.m in Sources */ = {isa = PBXBuildFile; fileRef = 0784EEFC15C9651600D0A738 /* NSArray+ConciseKit.m */; settings = {COMPILER_FLAGS = "-fno-objc-arc"; }; };
		0784EF0715C9651600D0A738 /* NSDictionary+ConciseKit.m in Sources */ = {isa = PBXBuildFile; fileRef = 0784EEFE15C9651600D0A738 /* NSDictionary+ConciseKit.m */; };
		0784EF0815C9651600D0A738 /* NSDictionary+ConciseKit.m in Sources */ = {isa = PBXBuildFile; fileRef = 0784EEFE15C9651600D0A738 /* NSDictionary+ConciseKit.m */; };
		0784EF0A15C9651600D0A738 /* NSString+ConciseKit.m in Sources */ = {isa = PBXBuildFile; fileRef = 0784EF0015C9651600D0A738 /* NSString+ConciseKit.m */; settings = {COMPILER_FLAGS = "-fno-objc-arc"; }; };
		0784EF0B15C9651600D0A738 /* NSString+ConciseKit.m in Sources */ = {isa = PBXBuildFile; fileRef = 0784EF0015C9651600D0A738 /* NSString+ConciseKit.m */; settings = {COMPILER_FLAGS = "-fno-objc-arc"; }; };
		0791C5E115D2911A004C7BDC /* InfoPlist.strings in Resources */ = {isa = PBXBuildFile; fileRef = 0791C5DC15D2911A004C7BDC /* InfoPlist.strings */; };
		0791C5E215D2911A004C7BDC /* main.m in Sources */ = {isa = PBXBuildFile; fileRef = 0791C5DE15D2911A004C7BDC /* main.m */; };
		0791C5E315D2911A004C7BDC /* SpecKit-Info.plist in Resources */ = {isa = PBXBuildFile; fileRef = 0791C5DF15D2911A004C7BDC /* SpecKit-Info.plist */; };
		07A1BF9A15CCB45C006079BC /* StatementExecutor.m in Sources */ = {isa = PBXBuildFile; fileRef = 07A1BF9915CCB45C006079BC /* StatementExecutor.m */; settings = {COMPILER_FLAGS = "-fno-objc-arc"; }; };
		07A1BFA915CCB4C1006079BC /* OCSReturnValue.m in Sources */ = {isa = PBXBuildFile; fileRef = 07A1BFA815CCB4C1006079BC /* OCSReturnValue.m */; settings = {COMPILER_FLAGS = "-fno-objc-arc"; }; };
		07A1BFAC15CCB4F0006079BC /* Main.c in Sources */ = {isa = PBXBuildFile; fileRef = 07A1BFAB15CCB4F0006079BC /* Main.c */; };
		07A47BB215D729A800354590 /* guess_result_background.png in Resources */ = {isa = PBXBuildFile; fileRef = 07A47BB015D729A800354590 /* guess_result_background.png */; };
		07A47BB315D729A800354590 /* guess_result_background.png in Resources */ = {isa = PBXBuildFile; fileRef = 07A47BB015D729A800354590 /* guess_result_background.png */; };
		07A47BB415D729A800354590 /* peg_list_background.png in Resources */ = {isa = PBXBuildFile; fileRef = 07A47BB115D729A800354590 /* peg_list_background.png */; };
		07A47BB515D729A800354590 /* peg_list_background.png in Resources */ = {isa = PBXBuildFile; fileRef = 07A47BB115D729A800354590 /* peg_list_background.png */; };
		07A47BBC15D72D7100354590 /* round_blue_peg.png in Resources */ = {isa = PBXBuildFile; fileRef = 07A47BB615D72D6E00354590 /* round_blue_peg.png */; };
		07A47BBD15D72D7100354590 /* round_blue_peg.png in Resources */ = {isa = PBXBuildFile; fileRef = 07A47BB615D72D6E00354590 /* round_blue_peg.png */; };
		07A47BBE15D72D7100354590 /* round_green_peg.png in Resources */ = {isa = PBXBuildFile; fileRef = 07A47BB715D72D6E00354590 /* round_green_peg.png */; };
		07A47BBF15D72D7100354590 /* round_green_peg.png in Resources */ = {isa = PBXBuildFile; fileRef = 07A47BB715D72D6E00354590 /* round_green_peg.png */; };
		07A47BC015D72D7100354590 /* round_orange_peg.png in Resources */ = {isa = PBXBuildFile; fileRef = 07A47BB815D72D6E00354590 /* round_orange_peg.png */; };
		07A47BC115D72D7100354590 /* round_orange_peg.png in Resources */ = {isa = PBXBuildFile; fileRef = 07A47BB815D72D6E00354590 /* round_orange_peg.png */; };
		07A47BC215D72D7100354590 /* round_purple_peg.png in Resources */ = {isa = PBXBuildFile; fileRef = 07A47BB915D72D6F00354590 /* round_purple_peg.png */; };
		07A47BC315D72D7100354590 /* round_purple_peg.png in Resources */ = {isa = PBXBuildFile; fileRef = 07A47BB915D72D6F00354590 /* round_purple_peg.png */; };
		07A47BC415D72D7100354590 /* round_red_peg.png in Resources */ = {isa = PBXBuildFile; fileRef = 07A47BBA15D72D6F00354590 /* round_red_peg.png */; };
		07A47BC515D72D7100354590 /* round_red_peg.png in Resources */ = {isa = PBXBuildFile; fileRef = 07A47BBA15D72D6F00354590 /* round_red_peg.png */; };
		07A47BC615D72D7100354590 /* round_yellow_peg.png in Resources */ = {isa = PBXBuildFile; fileRef = 07A47BBB15D72D7000354590 /* round_yellow_peg.png */; };
		07A47BC715D72D7100354590 /* round_yellow_peg.png in Resources */ = {isa = PBXBuildFile; fileRef = 07A47BBB15D72D7000354590 /* round_yellow_peg.png */; };
		07A47BCA15D81CB800354590 /* MMAvailableColor.m in Sources */ = {isa = PBXBuildFile; fileRef = 07A47BC915D81CB800354590 /* MMAvailableColor.m */; };
		07A47BCB15D81CB800354590 /* MMAvailableColor.m in Sources */ = {isa = PBXBuildFile; fileRef = 07A47BC915D81CB800354590 /* MMAvailableColor.m */; };
		07A47BCD15D81F6E00354590 /* MMAvailableColorSpec.m in Sources */ = {isa = PBXBuildFile; fileRef = 07A47BCC15D81F6E00354590 /* MMAvailableColorSpec.m */; };
		07D308AD15D8259B00C162F7 /* MMGuessHistoryViewControllerImplementationSpec.m in Sources */ = {isa = PBXBuildFile; fileRef = 07D308AC15D8259B00C162F7 /* MMGuessHistoryViewControllerImplementationSpec.m */; };
		07D308B415D85FAD00C162F7 /* MockMMGuessResultsViewController.m in Sources */ = {isa = PBXBuildFile; fileRef = 07D308B315D85FAD00C162F7 /* MockMMGuessResultsViewController.m */; };
		07F506FF15CEFA4B008619EF /* MMGameImplementationSpec.m in Sources */ = {isa = PBXBuildFile; fileRef = 07F506FE15CEFA4B008619EF /* MMGameImplementationSpec.m */; };
		07F5070215CEFCD2008619EF /* MMMainGameViewControllerSpec.m in Sources */ = {isa = PBXBuildFile; fileRef = 07F5070115CEFCD2008619EF /* MMMainGameViewControllerSpec.m */; };
		07F5070315CEFD57008619EF /* MMMainGameViewController.m in Sources */ = {isa = PBXBuildFile; fileRef = F83ABA471528A964006FB6EC /* MMMainGameViewController.m */; settings = {COMPILER_FLAGS = "-fno-objc-arc"; }; };
		07F5070415CEFD57008619EF /* MMPegListViewController.m in Sources */ = {isa = PBXBuildFile; fileRef = 074A146715C74A14003B1953 /* MMPegListViewController.m */; };
		07F5070515CEFD57008619EF /* MMAvailableColorsViewController.m in Sources */ = {isa = PBXBuildFile; fileRef = 074A147915C7817E003B1953 /* MMAvailableColorsViewController.m */; };
		07F5070615CEFD57008619EF /* MMCodePeg.m in Sources */ = {isa = PBXBuildFile; fileRef = 072255A015C8149A008EFF3F /* MMCodePeg.m */; settings = {COMPILER_FLAGS = "-fno-objc-arc"; }; };
		07F5070715CEFE79008619EF /* MMAvailableColorsViewController.xib in Resources */ = {isa = PBXBuildFile; fileRef = 074A147A15C7817F003B1953 /* MMAvailableColorsViewController.xib */; };
		07F5070815CEFE7C008619EF /* MMPegListViewController.xib in Resources */ = {isa = PBXBuildFile; fileRef = 074A146815C74A14003B1953 /* MMPegListViewController.xib */; };
		07F5070C15CF00B4008619EF /* MMPegListViewControllerSpec.m in Sources */ = {isa = PBXBuildFile; fileRef = 07F5070B15CF00B4008619EF /* MMPegListViewControllerSpec.m */; };
		07F5070E15CF0308008619EF /* MMAvailablePegsViewControllerSpec.m in Sources */ = {isa = PBXBuildFile; fileRef = 07F5070D15CF0308008619EF /* MMAvailablePegsViewControllerSpec.m */; };
		07F5071015CF0475008619EF /* MMCodePegSpec.m in Sources */ = {isa = PBXBuildFile; fileRef = 07F5070F15CF0475008619EF /* MMCodePegSpec.m */; };
		07F5071115CF0612008619EF /* empty_peg.png in Resources */ = {isa = PBXBuildFile; fileRef = 077655A015CB5A0C00666F3F /* empty_peg.png */; };
		07F5071215CF0612008619EF /* square_blue_peg.png in Resources */ = {isa = PBXBuildFile; fileRef = 0722557415C80AB3008EFF3F /* square_blue_peg.png */; };
		07F5071415CF0612008619EF /* square_orange_peg.png in Resources */ = {isa = PBXBuildFile; fileRef = 0722557615C80AB3008EFF3F /* square_orange_peg.png */; };
		07F5071615CF0612008619EF /* square_red_peg.png in Resources */ = {isa = PBXBuildFile; fileRef = 0722557815C80AB3008EFF3F /* square_red_peg.png */; };
		07F5071815CF0612008619EF /* square_yellow_peg.png in Resources */ = {isa = PBXBuildFile; fileRef = 0722557A15C80AB3008EFF3F /* square_yellow_peg.png */; };
		F812EF81152BC6E1005E5D13 /* UIKit.framework in Frameworks */ = {isa = PBXBuildFile; fileRef = F83ABA341528A964006FB6EC /* UIKit.framework */; };
		F812EF82152BC6E1005E5D13 /* Foundation.framework in Frameworks */ = {isa = PBXBuildFile; fileRef = F83ABA361528A964006FB6EC /* Foundation.framework */; };
		F812EF83152BC6E1005E5D13 /* CoreGraphics.framework in Frameworks */ = {isa = PBXBuildFile; fileRef = F83ABA381528A964006FB6EC /* CoreGraphics.framework */; };
		F812EFB1152BC6E1005E5D13 /* Fixtures.m in Sources */ = {isa = PBXBuildFile; fileRef = F812EFB0152BC6E1005E5D13 /* Fixtures.m */; };
		F812EFB3152BC6E1005E5D13 /* InfoPlist.strings in Resources */ = {isa = PBXBuildFile; fileRef = F812EFB2152BC6E1005E5D13 /* InfoPlist.strings */; };
		F812EFB5152BC6E1005E5D13 /* iPhone-Prefix.pch in Resources */ = {isa = PBXBuildFile; fileRef = F812EFB4152BC6E1005E5D13 /* iPhone-Prefix.pch */; };
		F83ABA351528A964006FB6EC /* UIKit.framework in Frameworks */ = {isa = PBXBuildFile; fileRef = F83ABA341528A964006FB6EC /* UIKit.framework */; };
		F83ABA371528A964006FB6EC /* Foundation.framework in Frameworks */ = {isa = PBXBuildFile; fileRef = F83ABA361528A964006FB6EC /* Foundation.framework */; };
		F83ABA391528A964006FB6EC /* CoreGraphics.framework in Frameworks */ = {isa = PBXBuildFile; fileRef = F83ABA381528A964006FB6EC /* CoreGraphics.framework */; };
		F83ABA3F1528A964006FB6EC /* InfoPlist.strings in Resources */ = {isa = PBXBuildFile; fileRef = F83ABA3D1528A964006FB6EC /* InfoPlist.strings */; };
		F83ABA411528A964006FB6EC /* main.m in Sources */ = {isa = PBXBuildFile; fileRef = F83ABA401528A964006FB6EC /* main.m */; };
		F83ABA451528A964006FB6EC /* AppDelegate.m in Sources */ = {isa = PBXBuildFile; fileRef = F83ABA441528A964006FB6EC /* AppDelegate.m */; };
		F83ABA481528A964006FB6EC /* MMMainGameViewController.m in Sources */ = {isa = PBXBuildFile; fileRef = F83ABA471528A964006FB6EC /* MMMainGameViewController.m */; };
		F83ABA4B1528A964006FB6EC /* MMMainGameViewController_iPhone.xib in Resources */ = {isa = PBXBuildFile; fileRef = F83ABA491528A964006FB6EC /* MMMainGameViewController_iPhone.xib */; };
		F83ABA4E1528A964006FB6EC /* MMMainGameViewController_iPad.xib in Resources */ = {isa = PBXBuildFile; fileRef = F83ABA4C1528A964006FB6EC /* MMMainGameViewController_iPad.xib */; };
/* End PBXBuildFile section */

/* Begin PBXContainerItemProxy section */
		0756C4A515CEDC2400613DE1 /* PBXContainerItemProxy */ = {
			isa = PBXContainerItemProxy;
			containerPortal = 0756C49B15CEDC2400613DE1 /* SpecKit.xcodeproj */;
			proxyType = 2;
			remoteGlobalIDString = 94A6BA5A15BB2DE7003F22B6;
			remoteInfo = SpecKit;
		};
		0756C4A715CEDC2400613DE1 /* PBXContainerItemProxy */ = {
			isa = PBXContainerItemProxy;
			containerPortal = 0756C49B15CEDC2400613DE1 /* SpecKit.xcodeproj */;
			proxyType = 2;
			remoteGlobalIDString = 942AAEEC15BBB3760006C241;
			remoteInfo = SpecKitMac;
		};
		0756C4A915CEDC2400613DE1 /* PBXContainerItemProxy */ = {
			isa = PBXContainerItemProxy;
			containerPortal = 0756C49B15CEDC2400613DE1 /* SpecKit.xcodeproj */;
			proxyType = 2;
			remoteGlobalIDString = 947F6C2515BC39A200C7CF3B;
			remoteInfo = SpecKitTests;
		};
		0756C4AB15CEDC2400613DE1 /* PBXContainerItemProxy */ = {
			isa = PBXContainerItemProxy;
			containerPortal = 0756C49B15CEDC2400613DE1 /* SpecKit.xcodeproj */;
			proxyType = 2;
			remoteGlobalIDString = 944FBF4E15C168C100BF85FC;
			remoteInfo = SpecKitAcceptanceTest;
		};
		078E04E715CED4AE0086919A /* PBXContainerItemProxy */ = {
			isa = PBXContainerItemProxy;
			containerPortal = F83ABA271528A964006FB6EC /* Project object */;
			proxyType = 1;
			remoteGlobalIDString = F812EF7E152BC6E1005E5D13;
			remoteInfo = AcceptanceTests;
		};
		07F5071A15CF074F008619EF /* PBXContainerItemProxy */ = {
			isa = PBXContainerItemProxy;
			containerPortal = F83ABA271528A964006FB6EC /* Project object */;
			proxyType = 1;
			remoteGlobalIDString = 0756C48815CEDC1000613DE1;
			remoteInfo = SpecKit;
		};
/* End PBXContainerItemProxy section */

/* Begin PBXFileReference section */
		07007C8815D0898800EB3BE3 /* MMGame.h */ = {isa = PBXFileReference; fileEncoding = 4; lastKnownFileType = sourcecode.c.h; path = MMGame.h; sourceTree = "<group>"; };
		07007C8B15D089BA00EB3BE3 /* MockMMGame.h */ = {isa = PBXFileReference; fileEncoding = 4; lastKnownFileType = sourcecode.c.h; name = MockMMGame.h; path = Specs/Mocks/MockMMGame.h; sourceTree = SOURCE_ROOT; };
		07007C8C15D089BA00EB3BE3 /* MockMMGame.m */ = {isa = PBXFileReference; fileEncoding = 4; lastKnownFileType = sourcecode.c.objc; name = MockMMGame.m; path = Specs/Mocks/MockMMGame.m; sourceTree = SOURCE_ROOT; };
		07007C8E15D08A0000EB3BE3 /* MMGuessResultViewControllerSpec.m */ = {isa = PBXFileReference; fileEncoding = 4; lastKnownFileType = sourcecode.c.objc; name = MMGuessResultViewControllerSpec.m; path = Specs/MMGuessResultViewControllerSpec.m; sourceTree = SOURCE_ROOT; };
		07007C9C15D08AB900EB3BE3 /* MMGuessResultViewController.h */ = {isa = PBXFileReference; fileEncoding = 4; lastKnownFileType = sourcecode.c.h; path = MMGuessResultViewController.h; sourceTree = "<group>"; };
		07007C9D15D08AB900EB3BE3 /* MMGuessResultViewController.m */ = {isa = PBXFileReference; fileEncoding = 4; lastKnownFileType = sourcecode.c.objc; path = MMGuessResultViewController.m; sourceTree = "<group>"; };
		07007CA015D0AB2900EB3BE3 /* MMGuessResultSpec.m */ = {isa = PBXFileReference; fileEncoding = 4; lastKnownFileType = sourcecode.c.objc; name = MMGuessResultSpec.m; path = Specs/MMGuessResultSpec.m; sourceTree = SOURCE_ROOT; };
		07007CA615D0AB8900EB3BE3 /* MMGuessResult.h */ = {isa = PBXFileReference; fileEncoding = 4; lastKnownFileType = sourcecode.c.h; path = MMGuessResult.h; sourceTree = "<group>"; };
		07007CA715D0AB8900EB3BE3 /* MMGuessResult.m */ = {isa = PBXFileReference; fileEncoding = 4; lastKnownFileType = sourcecode.c.objc; path = MMGuessResult.m; sourceTree = "<group>"; };
		07007CAB15D1426000EB3BE3 /* MMPegList.h */ = {isa = PBXFileReference; fileEncoding = 4; lastKnownFileType = sourcecode.c.h; path = MMPegList.h; sourceTree = "<group>"; };
		07007CAC15D142DE00EB3BE3 /* MockMMPegListViewController.h */ = {isa = PBXFileReference; fileEncoding = 4; lastKnownFileType = sourcecode.c.h; name = MockMMPegListViewController.h; path = Specs/Mocks/MockMMPegListViewController.h; sourceTree = SOURCE_ROOT; };
		07007CAD15D142DE00EB3BE3 /* MockMMPegListViewController.m */ = {isa = PBXFileReference; fileEncoding = 4; lastKnownFileType = sourcecode.c.objc; name = MockMMPegListViewController.m; path = Specs/Mocks/MockMMPegListViewController.m; sourceTree = SOURCE_ROOT; };
		07007CAF15D147EF00EB3BE3 /* MMViewWithGame.h */ = {isa = PBXFileReference; fileEncoding = 4; lastKnownFileType = sourcecode.c.h; path = MMViewWithGame.h; sourceTree = "<group>"; };
		07007CB015D1481400EB3BE3 /* MockMMViewWithGame.h */ = {isa = PBXFileReference; fileEncoding = 4; lastKnownFileType = sourcecode.c.h; name = MockMMViewWithGame.h; path = Specs/Mocks/MockMMViewWithGame.h; sourceTree = SOURCE_ROOT; };
		07007CB115D1481400EB3BE3 /* MockMMViewWithGame.m */ = {isa = PBXFileReference; fileEncoding = 4; lastKnownFileType = sourcecode.c.objc; name = MockMMViewWithGame.m; path = Specs/Mocks/MockMMViewWithGame.m; sourceTree = SOURCE_ROOT; };
		07007CB315D14A9C00EB3BE3 /* MMGuessResultViewController.xib */ = {isa = PBXFileReference; fileEncoding = 4; lastKnownFileType = file.xib; path = MMGuessResultViewController.xib; sourceTree = "<group>"; };
		0722557415C80AB3008EFF3F /* square_blue_peg.png */ = {isa = PBXFileReference; lastKnownFileType = image.png; path = square_blue_peg.png; sourceTree = "<group>"; };
		0722557615C80AB3008EFF3F /* square_orange_peg.png */ = {isa = PBXFileReference; lastKnownFileType = image.png; path = square_orange_peg.png; sourceTree = "<group>"; };
		0722557815C80AB3008EFF3F /* square_red_peg.png */ = {isa = PBXFileReference; lastKnownFileType = image.png; path = square_red_peg.png; sourceTree = "<group>"; };
		0722557A15C80AB3008EFF3F /* square_yellow_peg.png */ = {isa = PBXFileReference; lastKnownFileType = image.png; path = square_yellow_peg.png; sourceTree = "<group>"; };
		0722559515C80D58008EFF3F /* GameRunner.h */ = {isa = PBXFileReference; fileEncoding = 4; lastKnownFileType = sourcecode.c.h; path = GameRunner.h; sourceTree = "<group>"; };
		0722559615C80D58008EFF3F /* GameRunner.m */ = {isa = PBXFileReference; fileEncoding = 4; lastKnownFileType = sourcecode.c.objc; path = GameRunner.m; sourceTree = "<group>"; };
		0722559815C80E6E008EFF3F /* MMGameImplementation.h */ = {isa = PBXFileReference; fileEncoding = 4; lastKnownFileType = sourcecode.c.h; path = MMGameImplementation.h; sourceTree = "<group>"; };
		0722559915C80E6E008EFF3F /* MMGameImplementation.m */ = {isa = PBXFileReference; fileEncoding = 4; lastKnownFileType = sourcecode.c.objc; path = MMGameImplementation.m; sourceTree = "<group>"; };
		0722559F15C8149A008EFF3F /* MMCodePeg.h */ = {isa = PBXFileReference; fileEncoding = 4; lastKnownFileType = sourcecode.c.h; path = MMCodePeg.h; sourceTree = "<group>"; };
		072255A015C8149A008EFF3F /* MMCodePeg.m */ = {isa = PBXFileReference; fileEncoding = 4; lastKnownFileType = sourcecode.c.objc; path = MMCodePeg.m; sourceTree = "<group>"; };
		072D5DE115D6D62900F50E07 /* QuartzCore.framework */ = {isa = PBXFileReference; lastKnownFileType = wrapper.framework; name = QuartzCore.framework; path = System/Library/Frameworks/QuartzCore.framework; sourceTree = SDKROOT; };
		072D5DE415D6D89600F50E07 /* square_green_peg.png */ = {isa = PBXFileReference; lastKnownFileType = image.png; path = square_green_peg.png; sourceTree = "<group>"; };
		072D5DE515D6D89600F50E07 /* square_purple_peg.png */ = {isa = PBXFileReference; lastKnownFileType = image.png; path = square_purple_peg.png; sourceTree = "<group>"; };
		07409D0D15CFE1BA006EEC84 /* libSpecKit.a */ = {isa = PBXFileReference; lastKnownFileType = archive.ar; path = libSpecKit.a; sourceTree = "<group>"; };
		07478F0115D2861B00F2C90D /* MMGuessResultsViewControllerImplementation.h */ = {isa = PBXFileReference; fileEncoding = 4; lastKnownFileType = sourcecode.c.h; path = MMGuessResultsViewControllerImplementation.h; sourceTree = "<group>"; };
		07478F0215D2861B00F2C90D /* MMGuessResultsViewControllerImplementation.m */ = {isa = PBXFileReference; fileEncoding = 4; lastKnownFileType = sourcecode.c.objc; path = MMGuessResultsViewControllerImplementation.m; sourceTree = "<group>"; };
		07478F0315D2861B00F2C90D /* MMGuessResultsViewControllerImplementation.xib */ = {isa = PBXFileReference; fileEncoding = 4; lastKnownFileType = file.xib; path = MMGuessResultsViewControllerImplementation.xib; sourceTree = "<group>"; };
		0749FD6115CCB40F00E8CB0A /* SocketServer.c */ = {isa = PBXFileReference; fileEncoding = 4; lastKnownFileType = sourcecode.c.c; name = SocketServer.c; path = cslim/src/Com/SocketServer.c; sourceTree = SOURCE_ROOT; };
		0749FD6215CCB40F00E8CB0A /* TcpComLink.c */ = {isa = PBXFileReference; fileEncoding = 4; lastKnownFileType = sourcecode.c.c; name = TcpComLink.c; path = cslim/src/Com/TcpComLink.c; sourceTree = SOURCE_ROOT; };
		0749FD6615CCB43100E8CB0A /* ListExecutor.c */ = {isa = PBXFileReference; fileEncoding = 4; lastKnownFileType = sourcecode.c.c; name = ListExecutor.c; path = cslim/src/CSlim/ListExecutor.c; sourceTree = SOURCE_ROOT; };
		0749FD6715CCB43100E8CB0A /* Slim.c */ = {isa = PBXFileReference; fileEncoding = 4; lastKnownFileType = sourcecode.c.c; name = Slim.c; path = cslim/src/CSlim/Slim.c; sourceTree = SOURCE_ROOT; };
		0749FD6815CCB43100E8CB0A /* SlimConnectionHandler.c */ = {isa = PBXFileReference; fileEncoding = 4; lastKnownFileType = sourcecode.c.c; name = SlimConnectionHandler.c; path = cslim/src/CSlim/SlimConnectionHandler.c; sourceTree = SOURCE_ROOT; };
		0749FD6915CCB43100E8CB0A /* SlimList.c */ = {isa = PBXFileReference; fileEncoding = 4; lastKnownFileType = sourcecode.c.c; name = SlimList.c; path = cslim/src/CSlim/SlimList.c; sourceTree = SOURCE_ROOT; };
		0749FD6A15CCB43100E8CB0A /* SlimListDeserializer.c */ = {isa = PBXFileReference; fileEncoding = 4; lastKnownFileType = sourcecode.c.c; name = SlimListDeserializer.c; path = cslim/src/CSlim/SlimListDeserializer.c; sourceTree = SOURCE_ROOT; };
		0749FD6B15CCB43100E8CB0A /* SlimListSerializer.c */ = {isa = PBXFileReference; fileEncoding = 4; lastKnownFileType = sourcecode.c.c; name = SlimListSerializer.c; path = cslim/src/CSlim/SlimListSerializer.c; sourceTree = SOURCE_ROOT; };
		0749FD6C15CCB43100E8CB0A /* SlimUtil.c */ = {isa = PBXFileReference; fileEncoding = 4; lastKnownFileType = sourcecode.c.c; name = SlimUtil.c; path = cslim/src/CSlim/SlimUtil.c; sourceTree = SOURCE_ROOT; };
		074A146615C74A14003B1953 /* MMPegListViewController.h */ = {isa = PBXFileReference; fileEncoding = 4; lastKnownFileType = sourcecode.c.h; path = MMPegListViewController.h; sourceTree = "<group>"; };
		074A146715C74A14003B1953 /* MMPegListViewController.m */ = {isa = PBXFileReference; fileEncoding = 4; lastKnownFileType = sourcecode.c.objc; path = MMPegListViewController.m; sourceTree = "<group>"; };
		074A146815C74A14003B1953 /* MMPegListViewController.xib */ = {isa = PBXFileReference; fileEncoding = 4; lastKnownFileType = file.xib; path = MMPegListViewController.xib; sourceTree = "<group>"; };
		074A147815C7817E003B1953 /* MMAvailableColorsViewController.h */ = {isa = PBXFileReference; fileEncoding = 4; lastKnownFileType = sourcecode.c.h; path = MMAvailableColorsViewController.h; sourceTree = "<group>"; };
		074A147915C7817E003B1953 /* MMAvailableColorsViewController.m */ = {isa = PBXFileReference; fileEncoding = 4; lastKnownFileType = sourcecode.c.objc; path = MMAvailableColorsViewController.m; sourceTree = "<group>"; };
		074A147A15C7817F003B1953 /* MMAvailableColorsViewController.xib */ = {isa = PBXFileReference; fileEncoding = 4; lastKnownFileType = file.xib; path = MMAvailableColorsViewController.xib; sourceTree = "<group>"; };
		0756C48915CEDC1000613DE1 /* Specs.app */ = {isa = PBXFileReference; explicitFileType = wrapper.application; includeInIndex = 0; path = Specs.app; sourceTree = BUILT_PRODUCTS_DIR; };
		0756C49B15CEDC2400613DE1 /* SpecKit.xcodeproj */ = {isa = PBXFileReference; lastKnownFileType = "wrapper.pb-project"; name = SpecKit.xcodeproj; path = SpecKit/SpecKit.xcodeproj; sourceTree = "<group>"; };
		075BA91415C60DF9002E0086 /* GuessChecker.h */ = {isa = PBXFileReference; fileEncoding = 4; lastKnownFileType = sourcecode.c.h; path = GuessChecker.h; sourceTree = "<group>"; };
		075BA91515C60DF9002E0086 /* GuessChecker.m */ = {isa = PBXFileReference; fileEncoding = 4; lastKnownFileType = sourcecode.c.objc; path = GuessChecker.m; sourceTree = "<group>"; };
		07649C5E15D535190087111D /* Roboto-Thin.ttf */ = {isa = PBXFileReference; lastKnownFileType = file; path = "Roboto-Thin.ttf"; sourceTree = "<group>"; };
		077655A015CB5A0C00666F3F /* empty_peg.png */ = {isa = PBXFileReference; lastKnownFileType = image.png; path = empty_peg.png; sourceTree = "<group>"; };
		0784EEF615C9651600D0A738 /* CKAdditions.h */ = {isa = PBXFileReference; fileEncoding = 4; lastKnownFileType = sourcecode.c.h; name = CKAdditions.h; path = ConciseKit/src/CKAdditions.h; sourceTree = "<group>"; };
		0784EEF715C9651600D0A738 /* CKMacros.h */ = {isa = PBXFileReference; fileEncoding = 4; lastKnownFileType = sourcecode.c.h; name = CKMacros.h; path = ConciseKit/src/CKMacros.h; sourceTree = "<group>"; };
		0784EEF815C9651600D0A738 /* CKSingleton.h */ = {isa = PBXFileReference; fileEncoding = 4; lastKnownFileType = sourcecode.c.h; name = CKSingleton.h; path = ConciseKit/src/CKSingleton.h; sourceTree = "<group>"; };
		0784EEF915C9651600D0A738 /* ConciseKit.h */ = {isa = PBXFileReference; fileEncoding = 4; lastKnownFileType = sourcecode.c.h; name = ConciseKit.h; path = ConciseKit/src/ConciseKit.h; sourceTree = "<group>"; };
		0784EEFA15C9651600D0A738 /* ConciseKit.m */ = {isa = PBXFileReference; fileEncoding = 4; lastKnownFileType = sourcecode.c.objc; name = ConciseKit.m; path = ConciseKit/src/ConciseKit.m; sourceTree = "<group>"; };
		0784EEFB15C9651600D0A738 /* NSArray+ConciseKit.h */ = {isa = PBXFileReference; fileEncoding = 4; lastKnownFileType = sourcecode.c.h; name = "NSArray+ConciseKit.h"; path = "ConciseKit/src/NSArray+ConciseKit.h"; sourceTree = "<group>"; };
		0784EEFC15C9651600D0A738 /* NSArray+ConciseKit.m */ = {isa = PBXFileReference; fileEncoding = 4; lastKnownFileType = sourcecode.c.objc; name = "NSArray+ConciseKit.m"; path = "ConciseKit/src/NSArray+ConciseKit.m"; sourceTree = "<group>"; };
		0784EEFD15C9651600D0A738 /* NSDictionary+ConciseKit.h */ = {isa = PBXFileReference; fileEncoding = 4; lastKnownFileType = sourcecode.c.h; name = "NSDictionary+ConciseKit.h"; path = "ConciseKit/src/NSDictionary+ConciseKit.h"; sourceTree = "<group>"; };
		0784EEFE15C9651600D0A738 /* NSDictionary+ConciseKit.m */ = {isa = PBXFileReference; fileEncoding = 4; lastKnownFileType = sourcecode.c.objc; name = "NSDictionary+ConciseKit.m"; path = "ConciseKit/src/NSDictionary+ConciseKit.m"; sourceTree = "<group>"; };
		0784EEFF15C9651600D0A738 /* NSString+ConciseKit.h */ = {isa = PBXFileReference; fileEncoding = 4; lastKnownFileType = sourcecode.c.h; name = "NSString+ConciseKit.h"; path = "ConciseKit/src/NSString+ConciseKit.h"; sourceTree = "<group>"; };
		0784EF0015C9651600D0A738 /* NSString+ConciseKit.m */ = {isa = PBXFileReference; fileEncoding = 4; lastKnownFileType = sourcecode.c.objc; name = "NSString+ConciseKit.m"; path = "ConciseKit/src/NSString+ConciseKit.m"; sourceTree = "<group>"; };
		0791C5DD15D2911A004C7BDC /* en */ = {isa = PBXFileReference; lastKnownFileType = text.plist.strings; name = en; path = InfoPlist.strings; sourceTree = "<group>"; };
		0791C5DE15D2911A004C7BDC /* main.m */ = {isa = PBXFileReference; fileEncoding = 4; lastKnownFileType = sourcecode.c.objc; name = main.m; path = Specs/SupportingFiles/main.m; sourceTree = SOURCE_ROOT; };
		0791C5DF15D2911A004C7BDC /* SpecKit-Info.plist */ = {isa = PBXFileReference; fileEncoding = 4; lastKnownFileType = text.plist.xml; name = "SpecKit-Info.plist"; path = "Specs/SupportingFiles/SpecKit-Info.plist"; sourceTree = SOURCE_ROOT; };
		0791C5E015D2911A004C7BDC /* SpecKit-Prefix.pch */ = {isa = PBXFileReference; fileEncoding = 4; lastKnownFileType = sourcecode.c.h; name = "SpecKit-Prefix.pch"; path = "Specs/SupportingFiles/SpecKit-Prefix.pch"; sourceTree = SOURCE_ROOT; };
		07A1BF9915CCB45C006079BC /* StatementExecutor.m */ = {isa = PBXFileReference; fileEncoding = 4; lastKnownFileType = sourcecode.c.objc; name = StatementExecutor.m; path = cslim/src/ExecutorObjectiveC/StatementExecutor.m; sourceTree = SOURCE_ROOT; };
		07A1BF9C15CCB46F006079BC /* SocketServer.h */ = {isa = PBXFileReference; fileEncoding = 4; lastKnownFileType = sourcecode.c.h; name = SocketServer.h; path = cslim/include/Com/SocketServer.h; sourceTree = SOURCE_ROOT; };
		07A1BF9D15CCB46F006079BC /* TcpComLink.h */ = {isa = PBXFileReference; fileEncoding = 4; lastKnownFileType = sourcecode.c.h; name = TcpComLink.h; path = cslim/include/Com/TcpComLink.h; sourceTree = SOURCE_ROOT; };
		07A1BF9E15CCB487006079BC /* Fixtures.h */ = {isa = PBXFileReference; fileEncoding = 4; lastKnownFileType = sourcecode.c.h; name = Fixtures.h; path = cslim/include/CSlim/Fixtures.h; sourceTree = SOURCE_ROOT; };
		07A1BF9F15CCB487006079BC /* ListExecutor.h */ = {isa = PBXFileReference; fileEncoding = 4; lastKnownFileType = sourcecode.c.h; name = ListExecutor.h; path = cslim/include/CSlim/ListExecutor.h; sourceTree = SOURCE_ROOT; };
		07A1BFA015CCB487006079BC /* Slim.h */ = {isa = PBXFileReference; fileEncoding = 4; lastKnownFileType = sourcecode.c.h; name = Slim.h; path = cslim/include/CSlim/Slim.h; sourceTree = SOURCE_ROOT; };
		07A1BFA115CCB487006079BC /* SlimConnectionHandler.h */ = {isa = PBXFileReference; fileEncoding = 4; lastKnownFileType = sourcecode.c.h; name = SlimConnectionHandler.h; path = cslim/include/CSlim/SlimConnectionHandler.h; sourceTree = SOURCE_ROOT; };
		07A1BFA215CCB487006079BC /* SlimList.h */ = {isa = PBXFileReference; fileEncoding = 4; lastKnownFileType = sourcecode.c.h; name = SlimList.h; path = cslim/include/CSlim/SlimList.h; sourceTree = SOURCE_ROOT; };
		07A1BFA315CCB487006079BC /* SlimListDeserializer.h */ = {isa = PBXFileReference; fileEncoding = 4; lastKnownFileType = sourcecode.c.h; name = SlimListDeserializer.h; path = cslim/include/CSlim/SlimListDeserializer.h; sourceTree = SOURCE_ROOT; };
		07A1BFA415CCB487006079BC /* SlimListSerializer.h */ = {isa = PBXFileReference; fileEncoding = 4; lastKnownFileType = sourcecode.c.h; name = SlimListSerializer.h; path = cslim/include/CSlim/SlimListSerializer.h; sourceTree = SOURCE_ROOT; };
		07A1BFA515CCB487006079BC /* SlimUtil.h */ = {isa = PBXFileReference; fileEncoding = 4; lastKnownFileType = sourcecode.c.h; name = SlimUtil.h; path = cslim/include/CSlim/SlimUtil.h; sourceTree = SOURCE_ROOT; };
		07A1BFA615CCB487006079BC /* StatementExecutor.h */ = {isa = PBXFileReference; fileEncoding = 4; lastKnownFileType = sourcecode.c.h; name = StatementExecutor.h; path = cslim/include/CSlim/StatementExecutor.h; sourceTree = SOURCE_ROOT; };
		07A1BFA715CCB4C1006079BC /* OCSReturnValue.h */ = {isa = PBXFileReference; fileEncoding = 4; lastKnownFileType = sourcecode.c.h; name = OCSReturnValue.h; path = cslim/src/ExecutorObjectiveC/OCSReturnValue.h; sourceTree = SOURCE_ROOT; };
		07A1BFA815CCB4C1006079BC /* OCSReturnValue.m */ = {isa = PBXFileReference; fileEncoding = 4; lastKnownFileType = sourcecode.c.objc; name = OCSReturnValue.m; path = cslim/src/ExecutorObjectiveC/OCSReturnValue.m; sourceTree = SOURCE_ROOT; };
		07A1BFAA15CCB4DD006079BC /* SymbolTable.h */ = {isa = PBXFileReference; fileEncoding = 4; lastKnownFileType = sourcecode.c.h; name = SymbolTable.h; path = cslim/include/ExecutorC/SymbolTable.h; sourceTree = SOURCE_ROOT; };
		07A1BFAB15CCB4F0006079BC /* Main.c */ = {isa = PBXFileReference; fileEncoding = 4; lastKnownFileType = sourcecode.c.c; name = Main.c; path = cslim/fixtures/Main.c; sourceTree = SOURCE_ROOT; };
		07A47BB015D729A800354590 /* guess_result_background.png */ = {isa = PBXFileReference; lastKnownFileType = image.png; path = guess_result_background.png; sourceTree = "<group>"; };
		07A47BB115D729A800354590 /* peg_list_background.png */ = {isa = PBXFileReference; lastKnownFileType = image.png; path = peg_list_background.png; sourceTree = "<group>"; };
		07A47BB615D72D6E00354590 /* round_blue_peg.png */ = {isa = PBXFileReference; lastKnownFileType = image.png; path = round_blue_peg.png; sourceTree = "<group>"; };
		07A47BB715D72D6E00354590 /* round_green_peg.png */ = {isa = PBXFileReference; lastKnownFileType = image.png; path = round_green_peg.png; sourceTree = "<group>"; };
		07A47BB815D72D6E00354590 /* round_orange_peg.png */ = {isa = PBXFileReference; lastKnownFileType = image.png; path = round_orange_peg.png; sourceTree = "<group>"; };
		07A47BB915D72D6F00354590 /* round_purple_peg.png */ = {isa = PBXFileReference; lastKnownFileType = image.png; path = round_purple_peg.png; sourceTree = "<group>"; };
		07A47BBA15D72D6F00354590 /* round_red_peg.png */ = {isa = PBXFileReference; lastKnownFileType = image.png; path = round_red_peg.png; sourceTree = "<group>"; };
		07A47BBB15D72D7000354590 /* round_yellow_peg.png */ = {isa = PBXFileReference; lastKnownFileType = image.png; path = round_yellow_peg.png; sourceTree = "<group>"; };
		07A47BC815D81CB700354590 /* MMAvailableColor.h */ = {isa = PBXFileReference; fileEncoding = 4; lastKnownFileType = sourcecode.c.h; path = MMAvailableColor.h; sourceTree = "<group>"; };
		07A47BC915D81CB800354590 /* MMAvailableColor.m */ = {isa = PBXFileReference; fileEncoding = 4; lastKnownFileType = sourcecode.c.objc; path = MMAvailableColor.m; sourceTree = "<group>"; };
		07A47BCC15D81F6E00354590 /* MMAvailableColorSpec.m */ = {isa = PBXFileReference; fileEncoding = 4; lastKnownFileType = sourcecode.c.objc; name = MMAvailableColorSpec.m; path = Specs/MMAvailableColorSpec.m; sourceTree = SOURCE_ROOT; };
		07D308AC15D8259B00C162F7 /* MMGuessHistoryViewControllerImplementationSpec.m */ = {isa = PBXFileReference; fileEncoding = 4; lastKnownFileType = sourcecode.c.objc; name = MMGuessHistoryViewControllerImplementationSpec.m; path = Specs/MMGuessHistoryViewControllerImplementationSpec.m; sourceTree = SOURCE_ROOT; };
		07D308AE15D85F0F00C162F7 /* MMGuessResultsView.h */ = {isa = PBXFileReference; fileEncoding = 4; lastKnownFileType = sourcecode.c.h; path = MMGuessResultsView.h; sourceTree = "<group>"; };
		07D308B215D85FAD00C162F7 /* MockMMGuessResultsViewController.h */ = {isa = PBXFileReference; fileEncoding = 4; lastKnownFileType = sourcecode.c.h; name = MockMMGuessResultsViewController.h; path = Specs/Mocks/MockMMGuessResultsViewController.h; sourceTree = SOURCE_ROOT; };
		07D308B315D85FAD00C162F7 /* MockMMGuessResultsViewController.m */ = {isa = PBXFileReference; fileEncoding = 4; lastKnownFileType = sourcecode.c.objc; name = MockMMGuessResultsViewController.m; path = Specs/Mocks/MockMMGuessResultsViewController.m; sourceTree = SOURCE_ROOT; };
		07F506FE15CEFA4B008619EF /* MMGameImplementationSpec.m */ = {isa = PBXFileReference; fileEncoding = 4; lastKnownFileType = sourcecode.c.objc; name = MMGameImplementationSpec.m; path = Specs/MMGameImplementationSpec.m; sourceTree = SOURCE_ROOT; };
		07F5070115CEFCD2008619EF /* MMMainGameViewControllerSpec.m */ = {isa = PBXFileReference; fileEncoding = 4; lastKnownFileType = sourcecode.c.objc; name = MMMainGameViewControllerSpec.m; path = Specs/MMMainGameViewControllerSpec.m; sourceTree = SOURCE_ROOT; };
		07F5070B15CF00B4008619EF /* MMPegListViewControllerSpec.m */ = {isa = PBXFileReference; fileEncoding = 4; lastKnownFileType = sourcecode.c.objc; name = MMPegListViewControllerSpec.m; path = Specs/MMPegListViewControllerSpec.m; sourceTree = SOURCE_ROOT; };
		07F5070D15CF0308008619EF /* MMAvailablePegsViewControllerSpec.m */ = {isa = PBXFileReference; fileEncoding = 4; lastKnownFileType = sourcecode.c.objc; name = MMAvailablePegsViewControllerSpec.m; path = Specs/MMAvailablePegsViewControllerSpec.m; sourceTree = SOURCE_ROOT; };
		07F5070F15CF0475008619EF /* MMCodePegSpec.m */ = {isa = PBXFileReference; fileEncoding = 4; lastKnownFileType = sourcecode.c.objc; name = MMCodePegSpec.m; path = Specs/MMCodePegSpec.m; sourceTree = SOURCE_ROOT; };
		F812EF7F152BC6E1005E5D13 /* AcceptanceTests.app */ = {isa = PBXFileReference; explicitFileType = wrapper.application; includeInIndex = 0; path = AcceptanceTests.app; sourceTree = BUILT_PRODUCTS_DIR; };
		F812EFAF152BC6E1005E5D13 /* fitnesse.jar */ = {isa = PBXFileReference; lastKnownFileType = archive.jar; name = fitnesse.jar; path = ../fitnesse.jar; sourceTree = "<group>"; };
		F812EFB0152BC6E1005E5D13 /* Fixtures.m */ = {isa = PBXFileReference; lastKnownFileType = sourcecode.c.objc; name = Fixtures.m; path = SupportingFiles/Fixtures.m; sourceTree = "<group>"; };
		F812EFB2152BC6E1005E5D13 /* InfoPlist.strings */ = {isa = PBXFileReference; lastKnownFileType = text.plist.strings; name = InfoPlist.strings; path = SupportingFiles/InfoPlist.strings; sourceTree = "<group>"; };
		F812EFB4152BC6E1005E5D13 /* iPhone-Prefix.pch */ = {isa = PBXFileReference; lastKnownFileType = sourcecode.c.h; name = "iPhone-Prefix.pch"; path = "SupportingFiles/iPhone-Prefix.pch"; sourceTree = "<group>"; };
		F812EFBA152BC6E1005E5D13 /* OneTimeSetup */ = {isa = PBXFileReference; lastKnownFileType = text; name = OneTimeSetup; path = ../bin/iPhoneRunner/OneTimeSetup; sourceTree = "<group>"; };
		F812EFBB152BC6E1005E5D13 /* StartFitnesse */ = {isa = PBXFileReference; lastKnownFileType = text; name = StartFitnesse; path = ../bin/StartFitnesse; sourceTree = "<group>"; };
		F812EFBC152BC6E1005E5D13 /* RunSlimTests */ = {isa = PBXFileReference; lastKnownFileType = text; name = RunSlimTests; path = ../bin/iPhoneRunner/RunSlimTests; sourceTree = "<group>"; };
		F812EFBD152BC6E1005E5D13 /* RunSlimTestsHeadless */ = {isa = PBXFileReference; lastKnownFileType = text; name = RunSlimTestsHeadless; path = ../bin/iPhoneRunner/RunSlimTestsHeadless; sourceTree = "<group>"; };
		F812EFBE152BC6E1005E5D13 /* RunSlimTestsOnSimulator */ = {isa = PBXFileReference; lastKnownFileType = text.script.sh; name = RunSlimTestsOnSimulator; path = ../bin/iPhoneRunner/RunSlimTestsOnSimulator; sourceTree = "<group>"; };
		F812EFBF152BC6E1005E5D13 /* RunSlimTestsTargetWithSlimPort */ = {isa = PBXFileReference; lastKnownFileType = text.script.sh; name = RunSlimTestsTargetWithSlimPort; path = ../bin/iPhoneRunner/RunSlimTestsTargetWithSlimPort; sourceTree = "<group>"; };
		F83ABA301528A964006FB6EC /* MasterMind.app */ = {isa = PBXFileReference; explicitFileType = wrapper.application; includeInIndex = 0; path = MasterMind.app; sourceTree = BUILT_PRODUCTS_DIR; };
		F83ABA341528A964006FB6EC /* UIKit.framework */ = {isa = PBXFileReference; lastKnownFileType = wrapper.framework; name = UIKit.framework; path = System/Library/Frameworks/UIKit.framework; sourceTree = SDKROOT; };
		F83ABA361528A964006FB6EC /* Foundation.framework */ = {isa = PBXFileReference; lastKnownFileType = wrapper.framework; name = Foundation.framework; path = System/Library/Frameworks/Foundation.framework; sourceTree = SDKROOT; };
		F83ABA381528A964006FB6EC /* CoreGraphics.framework */ = {isa = PBXFileReference; lastKnownFileType = wrapper.framework; name = CoreGraphics.framework; path = System/Library/Frameworks/CoreGraphics.framework; sourceTree = SDKROOT; };
		F83ABA3C1528A964006FB6EC /* MasterMind-Info.plist */ = {isa = PBXFileReference; lastKnownFileType = text.plist.xml; path = "MasterMind-Info.plist"; sourceTree = "<group>"; };
		F83ABA3E1528A964006FB6EC /* en */ = {isa = PBXFileReference; lastKnownFileType = text.plist.strings; name = en; path = en.lproj/InfoPlist.strings; sourceTree = "<group>"; };
		F83ABA401528A964006FB6EC /* main.m */ = {isa = PBXFileReference; lastKnownFileType = sourcecode.c.objc; path = main.m; sourceTree = "<group>"; };
		F83ABA421528A964006FB6EC /* MasterMind-Prefix.pch */ = {isa = PBXFileReference; lastKnownFileType = sourcecode.c.h; path = "MasterMind-Prefix.pch"; sourceTree = "<group>"; };
		F83ABA431528A964006FB6EC /* AppDelegate.h */ = {isa = PBXFileReference; lastKnownFileType = sourcecode.c.h; path = AppDelegate.h; sourceTree = "<group>"; };
		F83ABA441528A964006FB6EC /* AppDelegate.m */ = {isa = PBXFileReference; lastKnownFileType = sourcecode.c.objc; path = AppDelegate.m; sourceTree = "<group>"; };
		F83ABA461528A964006FB6EC /* MMMainGameViewController.h */ = {isa = PBXFileReference; lastKnownFileType = sourcecode.c.h; path = MMMainGameViewController.h; sourceTree = "<group>"; };
		F83ABA471528A964006FB6EC /* MMMainGameViewController.m */ = {isa = PBXFileReference; lastKnownFileType = sourcecode.c.objc; path = MMMainGameViewController.m; sourceTree = "<group>"; };
		F83ABA4A1528A964006FB6EC /* en */ = {isa = PBXFileReference; lastKnownFileType = file.xib; name = en; path = en.lproj/MMMainGameViewController_iPhone.xib; sourceTree = "<group>"; };
		F83ABA4D1528A964006FB6EC /* en */ = {isa = PBXFileReference; lastKnownFileType = file.xib; name = en; path = en.lproj/MMMainGameViewController_iPad.xib; sourceTree = "<group>"; };
/* End PBXFileReference section */

/* Begin PBXFrameworksBuildPhase section */
		0756C48515CEDC1000613DE1 /* Frameworks */ = {
			isa = PBXFrameworksBuildPhase;
			buildActionMask = 2147483647;
			files = (
				072D5DE315D6D62F00F50E07 /* QuartzCore.framework in Frameworks */,
				0756C48B15CEDC1000613DE1 /* UIKit.framework in Frameworks */,
				0756C48C15CEDC1000613DE1 /* Foundation.framework in Frameworks */,
				0756C48D15CEDC1000613DE1 /* CoreGraphics.framework in Frameworks */,
				07409D0E15CFE1BA006EEC84 /* libSpecKit.a in Frameworks */,
			);
			runOnlyForDeploymentPostprocessing = 0;
		};
		F812EF7B152BC6E1005E5D13 /* Frameworks */ = {
			isa = PBXFrameworksBuildPhase;
			buildActionMask = 2147483647;
			files = (
				F812EF81152BC6E1005E5D13 /* UIKit.framework in Frameworks */,
				F812EF82152BC6E1005E5D13 /* Foundation.framework in Frameworks */,
				F812EF83152BC6E1005E5D13 /* CoreGraphics.framework in Frameworks */,
			);
			runOnlyForDeploymentPostprocessing = 0;
		};
		F83ABA2D1528A964006FB6EC /* Frameworks */ = {
			isa = PBXFrameworksBuildPhase;
			buildActionMask = 2147483647;
			files = (
				072D5DE215D6D62900F50E07 /* QuartzCore.framework in Frameworks */,
				F83ABA351528A964006FB6EC /* UIKit.framework in Frameworks */,
				F83ABA371528A964006FB6EC /* Foundation.framework in Frameworks */,
				F83ABA391528A964006FB6EC /* CoreGraphics.framework in Frameworks */,
			);
			runOnlyForDeploymentPostprocessing = 0;
		};
/* End PBXFrameworksBuildPhase section */

/* Begin PBXGroup section */
		07007C8715D0897500EB3BE3 /* Protocols */ = {
			isa = PBXGroup;
			children = (
				07007C8815D0898800EB3BE3 /* MMGame.h */,
			);
			name = Protocols;
			sourceTree = "<group>";
		};
		07007C8915D0899200EB3BE3 /* Models */ = {
			isa = PBXGroup;
			children = (
				07F506FE15CEFA4B008619EF /* MMGameImplementationSpec.m */,
				07007CA015D0AB2900EB3BE3 /* MMGuessResultSpec.m */,
			);
			name = Models;
			sourceTree = "<group>";
		};
		07007C8A15D0899D00EB3BE3 /* Mocks */ = {
			isa = PBXGroup;
			children = (
				07007C8B15D089BA00EB3BE3 /* MockMMGame.h */,
				07007C8C15D089BA00EB3BE3 /* MockMMGame.m */,
				07007CAC15D142DE00EB3BE3 /* MockMMPegListViewController.h */,
				07007CAD15D142DE00EB3BE3 /* MockMMPegListViewController.m */,
				07007CB015D1481400EB3BE3 /* MockMMViewWithGame.h */,
				07007CB115D1481400EB3BE3 /* MockMMViewWithGame.m */,
				07D308B215D85FAD00C162F7 /* MockMMGuessResultsViewController.h */,
				07D308B315D85FAD00C162F7 /* MockMMGuessResultsViewController.m */,
			);
			name = Mocks;
			sourceTree = "<group>";
		};
		07007C9015D08A1C00EB3BE3 /* Protocols */ = {
			isa = PBXGroup;
			children = (
				07007CAF15D147EF00EB3BE3 /* MMViewWithGame.h */,
				07007CAB15D1426000EB3BE3 /* MMPegList.h */,
				07D308AE15D85F0F00C162F7 /* MMGuessResultsView.h */,
			);
			name = Protocols;
			sourceTree = "<group>";
		};
		0722557315C80AB3008EFF3F /* pegs */ = {
			isa = PBXGroup;
			children = (
				077655A015CB5A0C00666F3F /* empty_peg.png */,
				07A47BB615D72D6E00354590 /* round_blue_peg.png */,
				07A47BB715D72D6E00354590 /* round_green_peg.png */,
				07A47BB815D72D6E00354590 /* round_orange_peg.png */,
				07A47BB915D72D6F00354590 /* round_purple_peg.png */,
				07A47BBA15D72D6F00354590 /* round_red_peg.png */,
				07A47BBB15D72D7000354590 /* round_yellow_peg.png */,
				0722557415C80AB3008EFF3F /* square_blue_peg.png */,
				0722557615C80AB3008EFF3F /* square_orange_peg.png */,
				0722557815C80AB3008EFF3F /* square_red_peg.png */,
				0722557A15C80AB3008EFF3F /* square_yellow_peg.png */,
				072D5DE415D6D89600F50E07 /* square_green_peg.png */,
				072D5DE515D6D89600F50E07 /* square_purple_peg.png */,
			);
			path = pegs;
			sourceTree = "<group>";
		};
		0756C48E15CEDC1000613DE1 /* Specs */ = {
			isa = PBXGroup;
			children = (
				07007C8A15D0899D00EB3BE3 /* Mocks */,
				07007C8915D0899200EB3BE3 /* Models */,
				07F5070015CEFCB1008619EF /* View */,
				0756C48F15CEDC1000613DE1 /* Supporting Files */,
			);
			name = Specs;
			path = SpecKit;
			sourceTree = "<group>";
		};
		0756C48F15CEDC1000613DE1 /* Supporting Files */ = {
			isa = PBXGroup;
			children = (
				0791C5DB15D2911A004C7BDC /* en.lproj */,
				0791C5DE15D2911A004C7BDC /* main.m */,
				0791C5DF15D2911A004C7BDC /* SpecKit-Info.plist */,
				0791C5E015D2911A004C7BDC /* SpecKit-Prefix.pch */,
			);
			name = "Supporting Files";
			sourceTree = "<group>";
		};
		0756C49C15CEDC2400613DE1 /* Products */ = {
			isa = PBXGroup;
			children = (
				0756C4A615CEDC2400613DE1 /* libSpecKit.a */,
				0756C4A815CEDC2400613DE1 /* libSpecKitMac.a */,
				0756C4AA15CEDC2400613DE1 /* SpecKitTests.octest */,
				0756C4AC15CEDC2400613DE1 /* SpecKitAcceptanceTest.octest */,
			);
			name = Products;
			sourceTree = "<group>";
		};
		075BA91915C6BD8A002E0086 /* View */ = {
			isa = PBXGroup;
			children = (
				076E910015D1DBC50089CC59 /* XIbs */,
				07007C9015D08A1C00EB3BE3 /* Protocols */,
				F83ABA461528A964006FB6EC /* MMMainGameViewController.h */,
				F83ABA471528A964006FB6EC /* MMMainGameViewController.m */,
				074A146615C74A14003B1953 /* MMPegListViewController.h */,
				074A146715C74A14003B1953 /* MMPegListViewController.m */,
				074A147815C7817E003B1953 /* MMAvailableColorsViewController.h */,
				074A147915C7817E003B1953 /* MMAvailableColorsViewController.m */,
				07A47BC815D81CB700354590 /* MMAvailableColor.h */,
				07A47BC915D81CB800354590 /* MMAvailableColor.m */,
				0722559F15C8149A008EFF3F /* MMCodePeg.h */,
				072255A015C8149A008EFF3F /* MMCodePeg.m */,
				07007C9C15D08AB900EB3BE3 /* MMGuessResultViewController.h */,
				07007C9D15D08AB900EB3BE3 /* MMGuessResultViewController.m */,
				07478F0115D2861B00F2C90D /* MMGuessResultsViewControllerImplementation.h */,
				07478F0215D2861B00F2C90D /* MMGuessResultsViewControllerImplementation.m */,
			);
			name = View;
			sourceTree = "<group>";
		};
		076E910015D1DBC50089CC59 /* XIbs */ = {
			isa = PBXGroup;
			children = (
				07478F0315D2861B00F2C90D /* MMGuessResultsViewControllerImplementation.xib */,
				074A146815C74A14003B1953 /* MMPegListViewController.xib */,
				074A147A15C7817F003B1953 /* MMAvailableColorsViewController.xib */,
				07007CB315D14A9C00EB3BE3 /* MMGuessResultViewController.xib */,
				F83ABA491528A964006FB6EC /* MMMainGameViewController_iPhone.xib */,
				F83ABA4C1528A964006FB6EC /* MMMainGameViewController_iPad.xib */,
			);
			name = XIbs;
			sourceTree = "<group>";
		};
		0784EEF415C9650500D0A738 /* ConciseKit */ = {
			isa = PBXGroup;
			children = (
				0784EEF615C9651600D0A738 /* CKAdditions.h */,
				0784EEF715C9651600D0A738 /* CKMacros.h */,
				0784EEF815C9651600D0A738 /* CKSingleton.h */,
				0784EEF915C9651600D0A738 /* ConciseKit.h */,
				0784EEFA15C9651600D0A738 /* ConciseKit.m */,
				0784EEFB15C9651600D0A738 /* NSArray+ConciseKit.h */,
				0784EEFC15C9651600D0A738 /* NSArray+ConciseKit.m */,
				0784EEFD15C9651600D0A738 /* NSDictionary+ConciseKit.h */,
				0784EEFE15C9651600D0A738 /* NSDictionary+ConciseKit.m */,
				0784EEFF15C9651600D0A738 /* NSString+ConciseKit.h */,
				0784EF0015C9651600D0A738 /* NSString+ConciseKit.m */,
			);
			name = ConciseKit;
			sourceTree = "<group>";
		};
		078E04E115CED2B60086919A /* Models */ = {
			isa = PBXGroup;
			children = (
				07007C8715D0897500EB3BE3 /* Protocols */,
				0722559815C80E6E008EFF3F /* MMGameImplementation.h */,
				0722559915C80E6E008EFF3F /* MMGameImplementation.m */,
				07007CA615D0AB8900EB3BE3 /* MMGuessResult.h */,
				07007CA715D0AB8900EB3BE3 /* MMGuessResult.m */,
			);
			name = Models;
			sourceTree = "<group>";
		};
		078E04E215CED31B0086919A /* Fixtures */ = {
			isa = PBXGroup;
			children = (
				075BA91415C60DF9002E0086 /* GuessChecker.h */,
				075BA91515C60DF9002E0086 /* GuessChecker.m */,
				0722559515C80D58008EFF3F /* GameRunner.h */,
				0722559615C80D58008EFF3F /* GameRunner.m */,
			);
			name = Fixtures;
			sourceTree = "<group>";
		};
		0791C5DB15D2911A004C7BDC /* en.lproj */ = {
			isa = PBXGroup;
			children = (
				0791C5DC15D2911A004C7BDC /* InfoPlist.strings */,
			);
			name = en.lproj;
			path = Specs/SupportingFiles/en.lproj;
			sourceTree = SOURCE_ROOT;
		};
		07A47BAF15D729A800354590 /* images */ = {
			isa = PBXGroup;
			children = (
				07A47BB015D729A800354590 /* guess_result_background.png */,
				07A47BB115D729A800354590 /* peg_list_background.png */,
			);
			path = images;
			sourceTree = "<group>";
		};
		07F5070015CEFCB1008619EF /* View */ = {
			isa = PBXGroup;
			children = (
				07F5070115CEFCD2008619EF /* MMMainGameViewControllerSpec.m */,
				07F5070B15CF00B4008619EF /* MMPegListViewControllerSpec.m */,
				07F5070D15CF0308008619EF /* MMAvailablePegsViewControllerSpec.m */,
				07F5070F15CF0475008619EF /* MMCodePegSpec.m */,
				07007C8E15D08A0000EB3BE3 /* MMGuessResultViewControllerSpec.m */,
				07A47BCC15D81F6E00354590 /* MMAvailableColorSpec.m */,
				07D308AC15D8259B00C162F7 /* MMGuessHistoryViewControllerImplementationSpec.m */,
			);
			name = View;
			sourceTree = "<group>";
		};
		F812EF84152BC6E1005E5D13 /* AcceptanceTests */ = {
			isa = PBXGroup;
			children = (
				078E04E215CED31B0086919A /* Fixtures */,
				F812EF85152BC6E1005E5D13 /* cslim */,
			);
			path = AcceptanceTests;
			sourceTree = "<group>";
		};
		F812EF85152BC6E1005E5D13 /* cslim */ = {
			isa = PBXGroup;
			children = (
				F812EF86152BC6E1005E5D13 /* src */,
				F812EF9E152BC6E1005E5D13 /* include */,
				F812EFAE152BC6E1005E5D13 /* SupportingFiles */,
				F812EFB8152BC6E1005E5D13 /* bin */,
			);
			name = cslim;
			sourceTree = "<group>";
		};
		F812EF86152BC6E1005E5D13 /* src */ = {
			isa = PBXGroup;
			children = (
				F812EF87152BC6E1005E5D13 /* Com */,
				F812EF8C152BC6E1005E5D13 /* CSlim */,
				F812EF9B152BC6E1005E5D13 /* ExecutorObjectiveC */,
			);
			name = src;
			sourceTree = "<group>";
		};
		F812EF87152BC6E1005E5D13 /* Com */ = {
			isa = PBXGroup;
			children = (
				0749FD6115CCB40F00E8CB0A /* SocketServer.c */,
				0749FD6215CCB40F00E8CB0A /* TcpComLink.c */,
			);
			name = Com;
			sourceTree = "<group>";
		};
		F812EF8C152BC6E1005E5D13 /* CSlim */ = {
			isa = PBXGroup;
			children = (
				0749FD6615CCB43100E8CB0A /* ListExecutor.c */,
				0749FD6715CCB43100E8CB0A /* Slim.c */,
				0749FD6815CCB43100E8CB0A /* SlimConnectionHandler.c */,
				0749FD6915CCB43100E8CB0A /* SlimList.c */,
				0749FD6A15CCB43100E8CB0A /* SlimListDeserializer.c */,
				0749FD6B15CCB43100E8CB0A /* SlimListSerializer.c */,
				0749FD6C15CCB43100E8CB0A /* SlimUtil.c */,
			);
			name = CSlim;
			sourceTree = "<group>";
		};
		F812EF9B152BC6E1005E5D13 /* ExecutorObjectiveC */ = {
			isa = PBXGroup;
			children = (
				07A1BFA715CCB4C1006079BC /* OCSReturnValue.h */,
				07A1BFA815CCB4C1006079BC /* OCSReturnValue.m */,
				07A1BF9915CCB45C006079BC /* StatementExecutor.m */,
			);
			name = ExecutorObjectiveC;
			sourceTree = "<group>";
		};
		F812EF9E152BC6E1005E5D13 /* include */ = {
			isa = PBXGroup;
			children = (
				F812EF9F152BC6E1005E5D13 /* Com */,
				F812EFA2152BC6E1005E5D13 /* CSlim */,
				F812EFAC152BC6E1005E5D13 /* ExecutorC */,
			);
			name = include;
			sourceTree = "<group>";
		};
		F812EF9F152BC6E1005E5D13 /* Com */ = {
			isa = PBXGroup;
			children = (
				07A1BF9C15CCB46F006079BC /* SocketServer.h */,
				07A1BF9D15CCB46F006079BC /* TcpComLink.h */,
			);
			name = Com;
			sourceTree = "<group>";
		};
		F812EFA2152BC6E1005E5D13 /* CSlim */ = {
			isa = PBXGroup;
			children = (
				07A1BF9E15CCB487006079BC /* Fixtures.h */,
				07A1BF9F15CCB487006079BC /* ListExecutor.h */,
				07A1BFA015CCB487006079BC /* Slim.h */,
				07A1BFA115CCB487006079BC /* SlimConnectionHandler.h */,
				07A1BFA215CCB487006079BC /* SlimList.h */,
				07A1BFA315CCB487006079BC /* SlimListDeserializer.h */,
				07A1BFA415CCB487006079BC /* SlimListSerializer.h */,
				07A1BFA515CCB487006079BC /* SlimUtil.h */,
				07A1BFA615CCB487006079BC /* StatementExecutor.h */,
			);
			name = CSlim;
			sourceTree = "<group>";
		};
		F812EFAC152BC6E1005E5D13 /* ExecutorC */ = {
			isa = PBXGroup;
			children = (
				07A1BFAA15CCB4DD006079BC /* SymbolTable.h */,
			);
			name = ExecutorC;
			sourceTree = "<group>";
		};
		F812EFAE152BC6E1005E5D13 /* SupportingFiles */ = {
			isa = PBXGroup;
			children = (
				F812EFAF152BC6E1005E5D13 /* fitnesse.jar */,
				F812EFB0152BC6E1005E5D13 /* Fixtures.m */,
				F812EFB2152BC6E1005E5D13 /* InfoPlist.strings */,
				F812EFB4152BC6E1005E5D13 /* iPhone-Prefix.pch */,
				07A1BFAB15CCB4F0006079BC /* Main.c */,
			);
			name = SupportingFiles;
			sourceTree = "<group>";
		};
		F812EFB8152BC6E1005E5D13 /* bin */ = {
			isa = PBXGroup;
			children = (
				F812EFBB152BC6E1005E5D13 /* StartFitnesse */,
				F812EFB9152BC6E1005E5D13 /* iPhoneRunner */,
			);
			name = bin;
			sourceTree = "<group>";
		};
		F812EFB9152BC6E1005E5D13 /* iPhoneRunner */ = {
			isa = PBXGroup;
			children = (
				F812EFBA152BC6E1005E5D13 /* OneTimeSetup */,
				F812EFBC152BC6E1005E5D13 /* RunSlimTests */,
				F812EFBD152BC6E1005E5D13 /* RunSlimTestsHeadless */,
				F812EFBE152BC6E1005E5D13 /* RunSlimTestsOnSimulator */,
				F812EFBF152BC6E1005E5D13 /* RunSlimTestsTargetWithSlimPort */,
			);
			name = iPhoneRunner;
			sourceTree = "<group>";
		};
		F83ABA251528A964006FB6EC = {
			isa = PBXGroup;
			children = (
				0756C49B15CEDC2400613DE1 /* SpecKit.xcodeproj */,
				0784EEF415C9650500D0A738 /* ConciseKit */,
				F83ABA3A1528A964006FB6EC /* MasterMind */,
				F812EF84152BC6E1005E5D13 /* AcceptanceTests */,
				0756C48E15CEDC1000613DE1 /* Specs */,
				F83ABA331528A964006FB6EC /* Frameworks */,
				F83ABA311528A964006FB6EC /* Products */,
				07409D0D15CFE1BA006EEC84 /* libSpecKit.a */,
			);
			sourceTree = "<group>";
		};
		F83ABA311528A964006FB6EC /* Products */ = {
			isa = PBXGroup;
			children = (
				F83ABA301528A964006FB6EC /* MasterMind.app */,
				F812EF7F152BC6E1005E5D13 /* AcceptanceTests.app */,
				0756C48915CEDC1000613DE1 /* Specs.app */,
			);
			name = Products;
			sourceTree = "<group>";
		};
		F83ABA331528A964006FB6EC /* Frameworks */ = {
			isa = PBXGroup;
			children = (
				072D5DE115D6D62900F50E07 /* QuartzCore.framework */,
				F83ABA341528A964006FB6EC /* UIKit.framework */,
				F83ABA361528A964006FB6EC /* Foundation.framework */,
				F83ABA381528A964006FB6EC /* CoreGraphics.framework */,
			);
			name = Frameworks;
			sourceTree = "<group>";
		};
		F83ABA3A1528A964006FB6EC /* MasterMind */ = {
			isa = PBXGroup;
			children = (
				078E04E115CED2B60086919A /* Models */,
				075BA91915C6BD8A002E0086 /* View */,
				F83ABA431528A964006FB6EC /* AppDelegate.h */,
				F83ABA441528A964006FB6EC /* AppDelegate.m */,
				F83ABA3B1528A964006FB6EC /* Supporting Files */,
			);
			path = MasterMind;
			sourceTree = "<group>";
		};
		F83ABA3B1528A964006FB6EC /* Supporting Files */ = {
			isa = PBXGroup;
			children = (
				07A47BAF15D729A800354590 /* images */,
				0722557315C80AB3008EFF3F /* pegs */,
				07649C5E15D535190087111D /* Roboto-Thin.ttf */,
				F83ABA3C1528A964006FB6EC /* MasterMind-Info.plist */,
				F83ABA3D1528A964006FB6EC /* InfoPlist.strings */,
				F83ABA401528A964006FB6EC /* main.m */,
				F83ABA421528A964006FB6EC /* MasterMind-Prefix.pch */,
			);
			name = "Supporting Files";
			sourceTree = "<group>";
		};
/* End PBXGroup section */

/* Begin PBXNativeTarget section */
		0756C48815CEDC1000613DE1 /* Specs */ = {
			isa = PBXNativeTarget;
			buildConfigurationList = 0756C49915CEDC1000613DE1 /* Build configuration list for PBXNativeTarget "Specs" */;
			buildPhases = (
				0756C48415CEDC1000613DE1 /* Sources */,
				0756C48515CEDC1000613DE1 /* Frameworks */,
				0756C48615CEDC1000613DE1 /* Resources */,
				0756C48715CEDC1000613DE1 /* ShellScript */,
			);
			buildRules = (
			);
			dependencies = (
			);
			name = Specs;
			productName = SpecKit;
			productReference = 0756C48915CEDC1000613DE1 /* Specs.app */;
			productType = "com.apple.product-type.application";
		};
		F812EF7E152BC6E1005E5D13 /* AcceptanceTests */ = {
			isa = PBXNativeTarget;
			buildConfigurationList = F812EFC4152BC6E1005E5D13 /* Build configuration list for PBXNativeTarget "AcceptanceTests" */;
			buildPhases = (
				F812EF7A152BC6E1005E5D13 /* Sources */,
				F812EF7B152BC6E1005E5D13 /* Frameworks */,
				F812EF7C152BC6E1005E5D13 /* Resources */,
				F812EF7D152BC6E1005E5D13 /* ShellScript */,
			);
			buildRules = (
			);
			dependencies = (
			);
			name = AcceptanceTests;
			productName = AcceptanceTests;
			productReference = F812EF7F152BC6E1005E5D13 /* AcceptanceTests.app */;
			productType = "com.apple.product-type.application";
		};
		F83ABA2F1528A964006FB6EC /* MasterMind */ = {
			isa = PBXNativeTarget;
			buildConfigurationList = F83ABA511528A964006FB6EC /* Build configuration list for PBXNativeTarget "MasterMind" */;
			buildPhases = (
				F83ABA2C1528A964006FB6EC /* Sources */,
				F83ABA2D1528A964006FB6EC /* Frameworks */,
				F83ABA2E1528A964006FB6EC /* Resources */,
			);
			buildRules = (
			);
			dependencies = (
			);
			name = MasterMind;
			productName = MasterMind;
			productReference = F83ABA301528A964006FB6EC /* MasterMind.app */;
			productType = "com.apple.product-type.application";
		};
/* End PBXNativeTarget section */

/* Begin PBXProject section */
		F83ABA271528A964006FB6EC /* Project object */ = {
			isa = PBXProject;
			attributes = {
				LastUpgradeCheck = 0430;
			};
			buildConfigurationList = F83ABA2A1528A964006FB6EC /* Build configuration list for PBXProject "MasterMind" */;
			compatibilityVersion = "Xcode 3.2";
			developmentRegion = English;
			hasScannedForEncodings = 0;
			knownRegions = (
				en,
			);
			mainGroup = F83ABA251528A964006FB6EC;
			productRefGroup = F83ABA311528A964006FB6EC /* Products */;
			projectDirPath = "";
			projectReferences = (
				{
					ProductGroup = 0756C49C15CEDC2400613DE1 /* Products */;
					ProjectRef = 0756C49B15CEDC2400613DE1 /* SpecKit.xcodeproj */;
				},
			);
			projectRoot = "";
			targets = (
				F83ABA2F1528A964006FB6EC /* MasterMind */,
				078E04E315CED4A10086919A /* AllTests */,
				F812EF7E152BC6E1005E5D13 /* AcceptanceTests */,
				0756C48815CEDC1000613DE1 /* Specs */,
			);
		};
/* End PBXProject section */

/* Begin PBXReferenceProxy section */
		0756C4A615CEDC2400613DE1 /* libSpecKit.a */ = {
			isa = PBXReferenceProxy;
			fileType = archive.ar;
			path = libSpecKit.a;
			remoteRef = 0756C4A515CEDC2400613DE1 /* PBXContainerItemProxy */;
			sourceTree = BUILT_PRODUCTS_DIR;
		};
		0756C4A815CEDC2400613DE1 /* libSpecKitMac.a */ = {
			isa = PBXReferenceProxy;
			fileType = archive.ar;
			path = libSpecKitMac.a;
			remoteRef = 0756C4A715CEDC2400613DE1 /* PBXContainerItemProxy */;
			sourceTree = BUILT_PRODUCTS_DIR;
		};
		0756C4AA15CEDC2400613DE1 /* SpecKitTests.octest */ = {
			isa = PBXReferenceProxy;
			fileType = wrapper.cfbundle;
			path = SpecKitTests.octest;
			remoteRef = 0756C4A915CEDC2400613DE1 /* PBXContainerItemProxy */;
			sourceTree = BUILT_PRODUCTS_DIR;
		};
		0756C4AC15CEDC2400613DE1 /* SpecKitAcceptanceTest.octest */ = {
			isa = PBXReferenceProxy;
			fileType = wrapper.cfbundle;
			path = SpecKitAcceptanceTest.octest;
			remoteRef = 0756C4AB15CEDC2400613DE1 /* PBXContainerItemProxy */;
			sourceTree = BUILT_PRODUCTS_DIR;
		};
/* End PBXReferenceProxy section */

/* Begin PBXResourcesBuildPhase section */
		0756C48615CEDC1000613DE1 /* Resources */ = {
			isa = PBXResourcesBuildPhase;
			buildActionMask = 2147483647;
			files = (
				07F5070715CEFE79008619EF /* MMAvailableColorsViewController.xib in Resources */,
				07F5070815CEFE7C008619EF /* MMPegListViewController.xib in Resources */,
				07F5071115CF0612008619EF /* empty_peg.png in Resources */,
				07F5071215CF0612008619EF /* square_blue_peg.png in Resources */,
				07F5071415CF0612008619EF /* square_orange_peg.png in Resources */,
				07F5071615CF0612008619EF /* square_red_peg.png in Resources */,
				07F5071815CF0612008619EF /* square_yellow_peg.png in Resources */,
				07007CB515D14A9C00EB3BE3 /* MMGuessResultViewController.xib in Resources */,
				07478F0715D2861B00F2C90D /* MMGuessResultsViewControllerImplementation.xib in Resources */,
				0791C5E115D2911A004C7BDC /* InfoPlist.strings in Resources */,
				0791C5E315D2911A004C7BDC /* SpecKit-Info.plist in Resources */,
				07649C6015D535190087111D /* Roboto-Thin.ttf in Resources */,
				072D5DE715D6D89600F50E07 /* square_green_peg.png in Resources */,
				072D5DE915D6D89600F50E07 /* square_purple_peg.png in Resources */,
				07A47BB315D729A800354590 /* guess_result_background.png in Resources */,
				07A47BB515D729A800354590 /* peg_list_background.png in Resources */,
				07A47BBD15D72D7100354590 /* round_blue_peg.png in Resources */,
				07A47BBF15D72D7100354590 /* round_green_peg.png in Resources */,
				07A47BC115D72D7100354590 /* round_orange_peg.png in Resources */,
				07A47BC315D72D7100354590 /* round_purple_peg.png in Resources */,
				07A47BC515D72D7100354590 /* round_red_peg.png in Resources */,
				07A47BC715D72D7100354590 /* round_yellow_peg.png in Resources */,
			);
			runOnlyForDeploymentPostprocessing = 0;
		};
		F812EF7C152BC6E1005E5D13 /* Resources */ = {
			isa = PBXResourcesBuildPhase;
			buildActionMask = 2147483647;
			files = (
				F812EFB3152BC6E1005E5D13 /* InfoPlist.strings in Resources */,
				F812EFB5152BC6E1005E5D13 /* iPhone-Prefix.pch in Resources */,
			);
			runOnlyForDeploymentPostprocessing = 0;
		};
		F83ABA2E1528A964006FB6EC /* Resources */ = {
			isa = PBXResourcesBuildPhase;
			buildActionMask = 2147483647;
			files = (
				F83ABA3F1528A964006FB6EC /* InfoPlist.strings in Resources */,
				F83ABA4B1528A964006FB6EC /* MMMainGameViewController_iPhone.xib in Resources */,
				F83ABA4E1528A964006FB6EC /* MMMainGameViewController_iPad.xib in Resources */,
				074A146C15C74A14003B1953 /* MMPegListViewController.xib in Resources */,
				074A147E15C7817F003B1953 /* MMAvailableColorsViewController.xib in Resources */,
				0722557C15C80AB3008EFF3F /* square_blue_peg.png in Resources */,
				0722558215C80AB3008EFF3F /* square_orange_peg.png in Resources */,
				0722558815C80AB3008EFF3F /* square_red_peg.png in Resources */,
				0722558E15C80AB3008EFF3F /* square_yellow_peg.png in Resources */,
				077655A115CB5A0C00666F3F /* empty_peg.png in Resources */,
				07007CB415D14A9C00EB3BE3 /* MMGuessResultViewController.xib in Resources */,
				07478F0615D2861B00F2C90D /* MMGuessResultsViewControllerImplementation.xib in Resources */,
				07649C5F15D535190087111D /* Roboto-Thin.ttf in Resources */,
				072D5DE615D6D89600F50E07 /* square_green_peg.png in Resources */,
				072D5DE815D6D89600F50E07 /* square_purple_peg.png in Resources */,
				07A47BB215D729A800354590 /* guess_result_background.png in Resources */,
				07A47BB415D729A800354590 /* peg_list_background.png in Resources */,
				07A47BBC15D72D7100354590 /* round_blue_peg.png in Resources */,
				07A47BBE15D72D7100354590 /* round_green_peg.png in Resources */,
				07A47BC015D72D7100354590 /* round_orange_peg.png in Resources */,
				07A47BC215D72D7100354590 /* round_purple_peg.png in Resources */,
				07A47BC415D72D7100354590 /* round_red_peg.png in Resources */,
				07A47BC615D72D7100354590 /* round_yellow_peg.png in Resources */,
			);
			runOnlyForDeploymentPostprocessing = 0;
		};
/* End PBXResourcesBuildPhase section */

/* Begin PBXShellScriptBuildPhase section */
		0756C48715CEDC1000613DE1 /* ShellScript */ = {
			isa = PBXShellScriptBuildPhase;
			buildActionMask = 2147483647;
			files = (
			);
			inputPaths = (
			);
			outputPaths = (
			);
			runOnlyForDeploymentPostprocessing = 0;
			shellPath = /bin/sh;
			shellScript = "#!/bin/bash\n#  RunIPhoneUnitTest.sh\n#  Copyright 2008 Google Inc.\n#\n#  Licensed under the Apache License, Version 2.0 (the \"License\"); you may not\n#  use this file except in compliance with the License.  You may obtain a copy\n#  of the License at\n#\n#  http://www.apache.org/licenses/LICENSE-2.0\n#\n#  Unless required by applicable law or agreed to in writing, software\n#  distributed under the License is distributed on an \"AS IS\" BASIS, WITHOUT\n#  WARRANTIES OR CONDITIONS OF ANY KIND, either express or implied.  See the\n#  License for the specific language governing permissions and limitations under\n#  the License.\n#\n#  Runs all unittests through the iPhone simulator. We don't handle running them\n#  on the device. To run on the device just choose \"run\".\n\nset -o errexit\nset -o nounset\nset -o verbose\n\n#  Controlling environment variables:\n# GTM_DISABLE_ZOMBIES -\n#   Set to a non-zero value to turn on zombie checks. You will probably\n#   want to turn this off if you enable leaks.\nGTM_DISABLE_ZOMBIES=${GTM_DISABLE_ZOMBIES:=1}\n\n# GTM_ENABLE_LEAKS -\n#   Set to a non-zero value to turn on the leaks check. You will probably want\n#   to disable zombies, otherwise you will get a lot of false positives.\n\n# GTM_DISABLE_TERMINATION\n#   Set to a non-zero value so that the app doesn't terminate when it's finished\n#   running tests. This is useful when using it with external tools such\n#   as Instruments.\n\n# GTM_LEAKS_SYMBOLS_TO_IGNORE\n#   List of comma separated symbols that leaks should ignore. Mainly to control\n#   leaks in frameworks you don't have control over.\n#   Search this file for GTM_LEAKS_SYMBOLS_TO_IGNORE to see examples.\n#   Please feel free to add other symbols as you find them but make sure to\n#   reference Radars or other bug systems so we can track them.\n\n# GTM_REMOVE_GCOV_DATA\n#   Before starting the test, remove any *.gcda files for the current run so\n#   you won't get failures when the source file has changed and the data can't\n#   be merged.\n#\nGTM_REMOVE_GCOV_DATA=${GTM_REMOVE_GCOV_DATA:=0}\n\n# GTM_DISABLE_USERDIR_SETUP\n#   Controls whether or not CFFIXED_USER_HOME is erased and set up from scratch\n#   for you each time the script is run. In some cases you may have a wrapper\n#   script calling this one that takes care of that for us so you can set up\n#   a certain user configuration.\nGTM_DISABLE_USERDIR_SETUP=${GTM_DISABLE_USERDIR_SETUP:=0}\n\n# GTM_DISABLE_IPHONE_LAUNCH_DAEMONS\n#   Controls whether or not we launch up the iPhone Launch Daemons before\n#   we start testing. You need Launch Daemons to test anything that interacts\n#   with security.\nGTM_DISABLE_IPHONE_LAUNCH_DAEMONS=1 #${GTM_DISABLE_IPHONE_LAUNCH_DAEMONS:=0}\n\nScriptDir=$(dirname \"$(echo $0 | sed -e \"s,^\\([^/]\\),$(pwd)/\\1,\")\")\nScriptName=$(basename \"$0\")\nThisScript=\"${ScriptDir}/${ScriptName}\"\n\nGTMXcodeNote() {\n    echo ${ThisScript}:${1}: note: GTM ${2}\n}\n\nif [ \"$PLATFORM_NAME\" == \"iphonesimulator\" ]; then\n  # We kill the iPhone simulator because otherwise we run into issues where\n  # the unittests fail becuase the simulator is currently running, and\n  # at this time the iPhone SDK won't allow two simulators running at the same\n  # time.\n  set +e\n  /usr/bin/killall \"iPhone Simulator\"\n  set -e\n\n  if [ $GTM_REMOVE_GCOV_DATA -ne 0 ]; then\n    if [ \"${OBJECT_FILE_DIR}-${CURRENT_VARIANT}\" != \"-\" ]; then\n      if [ -d \"${OBJECT_FILE_DIR}-${CURRENT_VARIANT}\" ]; then\n        GTMXcodeNote ${LINENO} \"Removing any .gcda files\"\n        (cd \"${OBJECT_FILE_DIR}-${CURRENT_VARIANT}\" && \\\n            find . -type f -name \"*.gcda\" -print0 | xargs -0 rm -f )\n      fi\n    fi\n  fi\n\n  export DYLD_ROOT_PATH=\"$SDKROOT\"\n  export DYLD_FRAMEWORK_PATH=\"$CONFIGURATION_BUILD_DIR\"\n  export IPHONE_SIMULATOR_ROOT=\"$SDKROOT\"\n  export CFFIXED_USER_HOME=\"$TEMP_FILES_DIR/iPhone Simulator User Dir\"\n\n  # See http://developer.apple.com/technotes/tn2004/tn2124.html for an\n  # explanation of these environment variables.\n\n  #export MallocScribble=YES\n  export MallocPreScribble=YES\n  #export MallocGuardEdges=YES\n  #export MallocStackLogging=YES\n  export NSAutoreleaseFreedObjectCheckEnabled=YES\n\n  # Turn on the mostly undocumented OBJC_DEBUG stuff.\n  export OBJC_DEBUG_FRAGILE_SUPERCLASSES=YES\n  export OBJC_DEBUG_UNLOAD=YES\n  # Turned off due to the amount of false positives from NS classes.\n  # export OBJC_DEBUG_FINALIZERS=YES\n  export OBJC_DEBUG_NIL_SYNC=YES\n  export OBJC_PRINT_REPLACED_METHODS=NO\n\n  if [ $GTM_DISABLE_ZOMBIES -eq 0 ]; then\n    GTMXcodeNote ${LINENO} \"Enabling zombies\"\n    export CFZombieLevel=3\n    export NSZombieEnabled=YES\n  fi\n\n  if [ $GTM_DISABLE_USERDIR_SETUP -eq 0 ]; then\n    # Cleanup user home directory\n    if [ -d \"$CFFIXED_USER_HOME\" ]; then\n      rm -rf \"$CFFIXED_USER_HOME\"\n    fi\n    mkdir \"$CFFIXED_USER_HOME\"\n    mkdir \"$CFFIXED_USER_HOME/Documents\"\n    mkdir -p \"$CFFIXED_USER_HOME/Library/Caches\"\n  fi\n\n  # 6251475 iPhone simulator leaks @ CFHTTPCookieStore shutdown if\n  #         CFFIXED_USER_HOME empty\n  GTM_LEAKS_SYMBOLS_TO_IGNORE=\"CFHTTPCookieStore\"\n\n  if [ $GTM_DISABLE_IPHONE_LAUNCH_DAEMONS -eq 0 ]; then\n    # If we want to test anything that interacts with the keychain, we need\n    # securityd up and running. See RunIPhoneLaunchDaemons.sh for details.\n    launchctl submit -l RunIPhoneLaunchDaemons -- \"${ScriptDir}/RunIPhoneLaunchDaemons.sh\" $IPHONE_SIMULATOR_ROOT $CFFIXED_USER_HOME\n    # No matter how we exit, we want to shut down our launchctl job.\n    trap \"launchctl remove RunIPhoneLaunchDaemons\" INT TERM EXIT\n  fi\n\n  # Start our app.\n  \"$TARGET_BUILD_DIR/$EXECUTABLE_PATH\" -RegisterForSystemEvents\n\nelse\n  GTMXcodeNote ${LINENO} \"Skipping running of unittests for device build.\"\nfi\nexit 0";
		};
		F812EF7D152BC6E1005E5D13 /* ShellScript */ = {
			isa = PBXShellScriptBuildPhase;
			buildActionMask = 2147483647;
			files = (
			);
			inputPaths = (
			);
			outputPaths = (
			);
			runOnlyForDeploymentPostprocessing = 0;
			shellPath = /bin/sh;
			shellScript = ./bin/iPhoneRunner/RunSlimTests;
		};
/* End PBXShellScriptBuildPhase section */

/* Begin PBXSourcesBuildPhase section */
		0756C48415CEDC1000613DE1 /* Sources */ = {
			isa = PBXSourcesBuildPhase;
			buildActionMask = 2147483647;
			files = (
				0756C4B115CEDDBA00613DE1 /* MMGameImplementation.m in Sources */,
				0756C4B215CEDDCD00613DE1 /* ConciseKit.m in Sources */,
				0756C4B315CEDDCD00613DE1 /* NSArray+ConciseKit.m in Sources */,
				0756C4B415CEDDCD00613DE1 /* NSDictionary+ConciseKit.m in Sources */,
				0756C4B515CEDDCD00613DE1 /* NSString+ConciseKit.m in Sources */,
				07F506FF15CEFA4B008619EF /* MMGameImplementationSpec.m in Sources */,
				07F5070215CEFCD2008619EF /* MMMainGameViewControllerSpec.m in Sources */,
				07F5070315CEFD57008619EF /* MMMainGameViewController.m in Sources */,
				07F5070415CEFD57008619EF /* MMPegListViewController.m in Sources */,
				07F5070515CEFD57008619EF /* MMAvailableColorsViewController.m in Sources */,
				07F5070615CEFD57008619EF /* MMCodePeg.m in Sources */,
				07F5070C15CF00B4008619EF /* MMPegListViewControllerSpec.m in Sources */,
				07F5070E15CF0308008619EF /* MMAvailablePegsViewControllerSpec.m in Sources */,
				07F5071015CF0475008619EF /* MMCodePegSpec.m in Sources */,
				07007C8D15D089BA00EB3BE3 /* MockMMGame.m in Sources */,
				07007C8F15D08A0000EB3BE3 /* MMGuessResultViewControllerSpec.m in Sources */,
				07007C9F15D08AB900EB3BE3 /* MMGuessResultViewController.m in Sources */,
				07007CA115D0AB2900EB3BE3 /* MMGuessResultSpec.m in Sources */,
				07007CAA15D0AB8900EB3BE3 /* MMGuessResult.m in Sources */,
				07007CAE15D142DE00EB3BE3 /* MockMMPegListViewController.m in Sources */,
				07007CB215D1481400EB3BE3 /* MockMMViewWithGame.m in Sources */,
				07478F0515D2861B00F2C90D /* MMGuessResultsViewControllerImplementation.m in Sources */,
				0791C5E215D2911A004C7BDC /* main.m in Sources */,
				07A47BCB15D81CB800354590 /* MMAvailableColor.m in Sources */,
				07A47BCD15D81F6E00354590 /* MMAvailableColorSpec.m in Sources */,
				07D308AD15D8259B00C162F7 /* MMGuessHistoryViewControllerImplementationSpec.m in Sources */,
				07D308B415D85FAD00C162F7 /* MockMMGuessResultsViewController.m in Sources */,
			);
			runOnlyForDeploymentPostprocessing = 0;
		};
		F812EF7A152BC6E1005E5D13 /* Sources */ = {
			isa = PBXSourcesBuildPhase;
			buildActionMask = 2147483647;
			files = (
				F812EFB1152BC6E1005E5D13 /* Fixtures.m in Sources */,
				075BA91615C60DF9002E0086 /* GuessChecker.m in Sources */,
				0722559715C80D58008EFF3F /* GameRunner.m in Sources */,
				0722559B15C80E6E008EFF3F /* MMGameImplementation.m in Sources */,
				0784EF0215C9651600D0A738 /* ConciseKit.m in Sources */,
				0784EF0515C9651600D0A738 /* NSArray+ConciseKit.m in Sources */,
				0784EF0815C9651600D0A738 /* NSDictionary+ConciseKit.m in Sources */,
				0784EF0B15C9651600D0A738 /* NSString+ConciseKit.m in Sources */,
				0749FD6315CCB40F00E8CB0A /* SocketServer.c in Sources */,
				0749FD6415CCB40F00E8CB0A /* TcpComLink.c in Sources */,
				0749FD6D15CCB43100E8CB0A /* ListExecutor.c in Sources */,
				0749FD6E15CCB43100E8CB0A /* Slim.c in Sources */,
				0749FD6F15CCB43100E8CB0A /* SlimConnectionHandler.c in Sources */,
				0749FD7015CCB43100E8CB0A /* SlimList.c in Sources */,
				0749FD7115CCB43100E8CB0A /* SlimListDeserializer.c in Sources */,
				0749FD7215CCB43100E8CB0A /* SlimListSerializer.c in Sources */,
				0749FD7315CCB43100E8CB0A /* SlimUtil.c in Sources */,
				07A1BF9A15CCB45C006079BC /* StatementExecutor.m in Sources */,
				07A1BFA915CCB4C1006079BC /* OCSReturnValue.m in Sources */,
				07A1BFAC15CCB4F0006079BC /* Main.c in Sources */,
				07007CA915D0AB8900EB3BE3 /* MMGuessResult.m in Sources */,
			);
			runOnlyForDeploymentPostprocessing = 0;
		};
		F83ABA2C1528A964006FB6EC /* Sources */ = {
			isa = PBXSourcesBuildPhase;
			buildActionMask = 2147483647;
			files = (
				F83ABA411528A964006FB6EC /* main.m in Sources */,
				F83ABA451528A964006FB6EC /* AppDelegate.m in Sources */,
				F83ABA481528A964006FB6EC /* MMMainGameViewController.m in Sources */,
				074A146915C74A14003B1953 /* MMPegListViewController.m in Sources */,
				074A147B15C7817F003B1953 /* MMAvailableColorsViewController.m in Sources */,
				0722559A15C80E6E008EFF3F /* MMGameImplementation.m in Sources */,
				072255A115C8149A008EFF3F /* MMCodePeg.m in Sources */,
				0784EF0115C9651600D0A738 /* ConciseKit.m in Sources */,
				0784EF0415C9651600D0A738 /* NSArray+ConciseKit.m in Sources */,
				0784EF0715C9651600D0A738 /* NSDictionary+ConciseKit.m in Sources */,
				0784EF0A15C9651600D0A738 /* NSString+ConciseKit.m in Sources */,
				07007C9E15D08AB900EB3BE3 /* MMGuessResultViewController.m in Sources */,
				07007CA815D0AB8900EB3BE3 /* MMGuessResult.m in Sources */,
				07478F0415D2861B00F2C90D /* MMGuessResultsViewControllerImplementation.m in Sources */,
				07A47BCA15D81CB800354590 /* MMAvailableColor.m in Sources */,
			);
			runOnlyForDeploymentPostprocessing = 0;
		};
/* End PBXSourcesBuildPhase section */

/* Begin PBXTargetDependency section */
		078E04E815CED4AE0086919A /* PBXTargetDependency */ = {
			isa = PBXTargetDependency;
			target = F812EF7E152BC6E1005E5D13 /* AcceptanceTests */;
			targetProxy = 078E04E715CED4AE0086919A /* PBXContainerItemProxy */;
		};
		07F5071B15CF074F008619EF /* PBXTargetDependency */ = {
			isa = PBXTargetDependency;
			target = 0756C48815CEDC1000613DE1 /* Specs */;
			targetProxy = 07F5071A15CF074F008619EF /* PBXContainerItemProxy */;
		};
/* End PBXTargetDependency section */

/* Begin PBXVariantGroup section */
		0791C5DC15D2911A004C7BDC /* InfoPlist.strings */ = {
			isa = PBXVariantGroup;
			children = (
				0791C5DD15D2911A004C7BDC /* en */,
			);
			name = InfoPlist.strings;
			sourceTree = "<group>";
		};
		F83ABA3D1528A964006FB6EC /* InfoPlist.strings */ = {
			isa = PBXVariantGroup;
			children = (
				F83ABA3E1528A964006FB6EC /* en */,
			);
			name = InfoPlist.strings;
			sourceTree = "<group>";
		};
		F83ABA491528A964006FB6EC /* MMMainGameViewController_iPhone.xib */ = {
			isa = PBXVariantGroup;
			children = (
				F83ABA4A1528A964006FB6EC /* en */,
			);
			name = MMMainGameViewController_iPhone.xib;
			sourceTree = "<group>";
		};
		F83ABA4C1528A964006FB6EC /* MMMainGameViewController_iPad.xib */ = {
			isa = PBXVariantGroup;
			children = (
				F83ABA4D1528A964006FB6EC /* en */,
			);
			name = MMMainGameViewController_iPad.xib;
			sourceTree = "<group>";
		};
/* End PBXVariantGroup section */

/* Begin XCBuildConfiguration section */
		0756C49715CEDC1000613DE1 /* Debug */ = {
			isa = XCBuildConfiguration;
			buildSettings = {
				CLANG_CXX_LANGUAGE_STANDARD = "gnu++0x";
				CLANG_ENABLE_OBJC_ARC = YES;
				CLANG_WARN__DUPLICATE_METHOD_MATCH = YES;
				"CODE_SIGN_IDENTITY[sdk=iphoneos*]" = "iPhone Developer";
				GCC_PRECOMPILE_PREFIX_HEADER = YES;
				GCC_PREFIX_HEADER = "Specs/SupportingFiles/SpecKit-Prefix.pch";
				GCC_WARN_UNINITIALIZED_AUTOS = YES;
				HEADER_SEARCH_PATHS = SpecKit;
				INFOPLIST_FILE = "";
				IPHONEOS_DEPLOYMENT_TARGET = 5.1;
				LIBRARY_SEARCH_PATHS = (
					"$(inherited)",
					"\"$(SRCROOT)\"",
				);
				PRODUCT_NAME = "$(TARGET_NAME)";
				WRAPPER_EXTENSION = app;
			};
			name = Debug;
		};
		0756C49815CEDC1000613DE1 /* Release */ = {
			isa = XCBuildConfiguration;
			buildSettings = {
				CLANG_CXX_LANGUAGE_STANDARD = "gnu++0x";
				CLANG_ENABLE_OBJC_ARC = YES;
				CLANG_WARN__DUPLICATE_METHOD_MATCH = YES;
				"CODE_SIGN_IDENTITY[sdk=iphoneos*]" = "iPhone Developer";
				GCC_PRECOMPILE_PREFIX_HEADER = YES;
				GCC_PREFIX_HEADER = "Specs/SupportingFiles/SpecKit-Prefix.pch";
				GCC_WARN_UNINITIALIZED_AUTOS = YES;
				HEADER_SEARCH_PATHS = SpecKit;
				INFOPLIST_FILE = "";
				IPHONEOS_DEPLOYMENT_TARGET = 5.1;
				LIBRARY_SEARCH_PATHS = (
					"$(inherited)",
					"\"$(SRCROOT)\"",
				);
				PRODUCT_NAME = "$(TARGET_NAME)";
				WRAPPER_EXTENSION = app;
			};
			name = Release;
		};
		078E04E515CED4A10086919A /* Debug */ = {
			isa = XCBuildConfiguration;
			buildSettings = {
				PRODUCT_NAME = "$(TARGET_NAME)";
			};
			name = Debug;
		};
		078E04E615CED4A10086919A /* Release */ = {
			isa = XCBuildConfiguration;
			buildSettings = {
				PRODUCT_NAME = "$(TARGET_NAME)";
			};
			name = Release;
		};
		F812EFC2152BC6E1005E5D13 /* Debug */ = {
			isa = XCBuildConfiguration;
			buildSettings = {
				ALWAYS_SEARCH_USER_PATHS = NO;
				CLANG_ENABLE_OBJC_ARC = YES;
				"CODE_SIGN_IDENTITY[sdk=iphoneos*]" = "iPhone Developer";
				COPY_PHASE_STRIP = NO;
				GCC_DYNAMIC_NO_PIC = NO;
				GCC_PRECOMPILE_PREFIX_HEADER = YES;
				GCC_PREFIX_HEADER = "AcceptanceTests/SupportingFiles/iPhone-Prefix.pch";
				GCC_PREPROCESSOR_DEFINITIONS = DEBUG;
				GCC_VERSION = com.apple.compilers.llvm.clang.1_0;
				GCC_WARN_ABOUT_MISSING_PROTOTYPES = NO;
				INFOPLIST_FILE = "";
				PRODUCT_NAME = "$(TARGET_NAME)";
				WRAPPER_EXTENSION = app;
			};
			name = Debug;
		};
		F812EFC3152BC6E1005E5D13 /* Release */ = {
			isa = XCBuildConfiguration;
			buildSettings = {
				ALWAYS_SEARCH_USER_PATHS = NO;
				CLANG_ENABLE_OBJC_ARC = YES;
				"CODE_SIGN_IDENTITY[sdk=iphoneos*]" = "iPhone Developer";
				COPY_PHASE_STRIP = YES;
				GCC_PRECOMPILE_PREFIX_HEADER = YES;
				GCC_PREFIX_HEADER = "AcceptanceTests/SupportingFiles/iPhone-Prefix.pch";
				GCC_VERSION = com.apple.compilers.llvm.clang.1_0;
				GCC_WARN_ABOUT_MISSING_PROTOTYPES = NO;
				INFOPLIST_FILE = "";
				PRODUCT_NAME = "$(TARGET_NAME)";
				VALIDATE_PRODUCT = YES;
				WRAPPER_EXTENSION = app;
			};
			name = Release;
		};
		F83ABA4F1528A964006FB6EC /* Debug */ = {
			isa = XCBuildConfiguration;
			buildSettings = {
				ALWAYS_SEARCH_USER_PATHS = NO;
				ARCHS = "$(ARCHS_STANDARD_32_BIT)";
				"CODE_SIGN_IDENTITY[sdk=iphoneos*]" = "iPhone Developer";
				COPY_PHASE_STRIP = NO;
				GCC_C_LANGUAGE_STANDARD = gnu99;
				GCC_DYNAMIC_NO_PIC = NO;
				GCC_OPTIMIZATION_LEVEL = 0;
				GCC_PREPROCESSOR_DEFINITIONS = (
					"DEBUG=1",
					"$(inherited)",
				);
				GCC_SYMBOLS_PRIVATE_EXTERN = NO;
				GCC_VERSION = com.apple.compilers.llvm.clang.1_0;
				GCC_WARN_ABOUT_MISSING_PROTOTYPES = YES;
				GCC_WARN_ABOUT_RETURN_TYPE = YES;
				GCC_WARN_UNUSED_VARIABLE = YES;
				IPHONEOS_DEPLOYMENT_TARGET = 5.0;
				SDKROOT = iphoneos;
				TARGETED_DEVICE_FAMILY = "1,2";
			};
			name = Debug;
		};
		F83ABA501528A964006FB6EC /* Release */ = {
			isa = XCBuildConfiguration;
			buildSettings = {
				ALWAYS_SEARCH_USER_PATHS = NO;
				ARCHS = "$(ARCHS_STANDARD_32_BIT)";
				"CODE_SIGN_IDENTITY[sdk=iphoneos*]" = "iPhone Developer";
				COPY_PHASE_STRIP = YES;
				GCC_C_LANGUAGE_STANDARD = gnu99;
				GCC_VERSION = com.apple.compilers.llvm.clang.1_0;
				GCC_WARN_ABOUT_MISSING_PROTOTYPES = YES;
				GCC_WARN_ABOUT_RETURN_TYPE = YES;
				GCC_WARN_UNUSED_VARIABLE = YES;
				IPHONEOS_DEPLOYMENT_TARGET = 5.0;
				OTHER_CFLAGS = "-DNS_BLOCK_ASSERTIONS=1";
				SDKROOT = iphoneos;
				TARGETED_DEVICE_FAMILY = "1,2";
				VALIDATE_PRODUCT = YES;
			};
			name = Release;
		};
		F83ABA521528A964006FB6EC /* Debug */ = {
			isa = XCBuildConfiguration;
			buildSettings = {
				CLANG_ENABLE_OBJC_ARC = YES;
				CODE_SIGN_IDENTITY = "iPhone Developer";
				GCC_PRECOMPILE_PREFIX_HEADER = YES;
				GCC_PREFIX_HEADER = "MasterMind/MasterMind-Prefix.pch";
				INFOPLIST_FILE = "MasterMind/MasterMind-Info.plist";
				PRODUCT_NAME = "$(TARGET_NAME)";
				PROVISIONING_PROFILE = "";
				WRAPPER_EXTENSION = app;
			};
			name = Debug;
		};
		F83ABA531528A964006FB6EC /* Release */ = {
			isa = XCBuildConfiguration;
			buildSettings = {
				CLANG_ENABLE_OBJC_ARC = YES;
				GCC_PRECOMPILE_PREFIX_HEADER = YES;
				GCC_PREFIX_HEADER = "MasterMind/MasterMind-Prefix.pch";
				INFOPLIST_FILE = "MasterMind/MasterMind-Info.plist";
				PRODUCT_NAME = "$(TARGET_NAME)";
				WRAPPER_EXTENSION = app;
			};
			name = Release;
		};
/* End XCBuildConfiguration section */

/* Begin XCConfigurationList section */
		0756C49915CEDC1000613DE1 /* Build configuration list for PBXNativeTarget "Specs" */ = {
			isa = XCConfigurationList;
			buildConfigurations = (
				0756C49715CEDC1000613DE1 /* Debug */,
				0756C49815CEDC1000613DE1 /* Release */,
			);
			defaultConfigurationIsVisible = 0;
			defaultConfigurationName = Release;
		};
		078E04E415CED4A10086919A /* Build configuration list for PBXAggregateTarget "AllTests" */ = {
			isa = XCConfigurationList;
			buildConfigurations = (
				078E04E515CED4A10086919A /* Debug */,
				078E04E615CED4A10086919A /* Release */,
			);
			defaultConfigurationIsVisible = 0;
			defaultConfigurationName = Release;
		};
		F812EFC4152BC6E1005E5D13 /* Build configuration list for PBXNativeTarget "AcceptanceTests" */ = {
			isa = XCConfigurationList;
			buildConfigurations = (
				F812EFC2152BC6E1005E5D13 /* Debug */,
				F812EFC3152BC6E1005E5D13 /* Release */,
			);
			defaultConfigurationIsVisible = 0;
			defaultConfigurationName = Release;
		};
		F83ABA2A1528A964006FB6EC /* Build configuration list for PBXProject "MasterMind" */ = {
			isa = XCConfigurationList;
			buildConfigurations = (
				F83ABA4F1528A964006FB6EC /* Debug */,
				F83ABA501528A964006FB6EC /* Release */,
			);
			defaultConfigurationIsVisible = 0;
			defaultConfigurationName = Release;
		};
		F83ABA511528A964006FB6EC /* Build configuration list for PBXNativeTarget "MasterMind" */ = {
			isa = XCConfigurationList;
			buildConfigurations = (
				F83ABA521528A964006FB6EC /* Debug */,
				F83ABA531528A964006FB6EC /* Release */,
			);
			defaultConfigurationIsVisible = 0;
			defaultConfigurationName = Release;
		};
/* End XCConfigurationList section */
	};
	rootObject = F83ABA271528A964006FB6EC /* Project object */;
}
